// !$*UTF8*$!
{
	archiveVersion = 1;
	classes = {
	};
	objectVersion = 56;
	objects = {

/* Begin PBXBuildFile section */
		C0DFC96D2AC2ED4D0010DF95 /* AppDelegate.swift in Sources */ = {isa = PBXBuildFile; fileRef = C0DFC96C2AC2ED4D0010DF95 /* AppDelegate.swift */; };
		C0DFC96F2AC2ED4D0010DF95 /* SceneDelegate.swift in Sources */ = {isa = PBXBuildFile; fileRef = C0DFC96E2AC2ED4D0010DF95 /* SceneDelegate.swift */; };
		C0DFC9712AC2ED4D0010DF95 /* ViewController.swift in Sources */ = {isa = PBXBuildFile; fileRef = C0DFC9702AC2ED4D0010DF95 /* ViewController.swift */; };
		C0DFC9762AC2ED4F0010DF95 /* Assets.xcassets in Resources */ = {isa = PBXBuildFile; fileRef = C0DFC9752AC2ED4F0010DF95 /* Assets.xcassets */; };
		C0DFC9792AC2ED4F0010DF95 /* LaunchScreen.storyboard in Resources */ = {isa = PBXBuildFile; fileRef = C0DFC9772AC2ED4F0010DF95 /* LaunchScreen.storyboard */; };
		C0DFC9822AC2EE570010DF95 /* SnapKit in Frameworks */ = {isa = PBXBuildFile; productRef = C0DFC9812AC2EE570010DF95 /* SnapKit */; };
		C0DFC9842AC2F0B50010DF95 /* MovieResponse.swift in Sources */ = {isa = PBXBuildFile; fileRef = C0DFC9832AC2F0B50010DF95 /* MovieResponse.swift */; };
		C0DFC9862AC2F0EA0010DF95 /* MovieAppData.swift in Sources */ = {isa = PBXBuildFile; fileRef = C0DFC9852AC2F0EA0010DF95 /* MovieAppData.swift */; };
		C0DFC9882AC2F1BE0010DF95 /* MovieTableViewCell.swift in Sources */ = {isa = PBXBuildFile; fileRef = C0DFC9872AC2F1BE0010DF95 /* MovieTableViewCell.swift */; };
		C0DFC98A2AC2F3A80010DF95 /* MovieServiceImpl.swift in Sources */ = {isa = PBXBuildFile; fileRef = C0DFC9892AC2F3A80010DF95 /* MovieServiceImpl.swift */; };
/* End PBXBuildFile section */

/* Begin PBXFileReference section */
		C0DFC9692AC2ED4D0010DF95 /* InfinityScroll.app */ = {isa = PBXFileReference; explicitFileType = wrapper.application; includeInIndex = 0; path = InfinityScroll.app; sourceTree = BUILT_PRODUCTS_DIR; };
		C0DFC96C2AC2ED4D0010DF95 /* AppDelegate.swift */ = {isa = PBXFileReference; lastKnownFileType = sourcecode.swift; path = AppDelegate.swift; sourceTree = "<group>"; };
		C0DFC96E2AC2ED4D0010DF95 /* SceneDelegate.swift */ = {isa = PBXFileReference; lastKnownFileType = sourcecode.swift; path = SceneDelegate.swift; sourceTree = "<group>"; };
		C0DFC9702AC2ED4D0010DF95 /* ViewController.swift */ = {isa = PBXFileReference; lastKnownFileType = sourcecode.swift; path = ViewController.swift; sourceTree = "<group>"; };
		C0DFC9752AC2ED4F0010DF95 /* Assets.xcassets */ = {isa = PBXFileReference; lastKnownFileType = folder.assetcatalog; path = Assets.xcassets; sourceTree = "<group>"; };
		C0DFC9782AC2ED4F0010DF95 /* Base */ = {isa = PBXFileReference; lastKnownFileType = file.storyboard; name = Base; path = Base.lproj/LaunchScreen.storyboard; sourceTree = "<group>"; };
		C0DFC97A2AC2ED4F0010DF95 /* Info.plist */ = {isa = PBXFileReference; lastKnownFileType = text.plist.xml; path = Info.plist; sourceTree = "<group>"; };
		C0DFC9832AC2F0B50010DF95 /* MovieResponse.swift */ = {isa = PBXFileReference; lastKnownFileType = sourcecode.swift; path = MovieResponse.swift; sourceTree = "<group>"; };
		C0DFC9852AC2F0EA0010DF95 /* MovieAppData.swift */ = {isa = PBXFileReference; lastKnownFileType = sourcecode.swift; path = MovieAppData.swift; sourceTree = "<group>"; };
		C0DFC9872AC2F1BE0010DF95 /* MovieTableViewCell.swift */ = {isa = PBXFileReference; lastKnownFileType = sourcecode.swift; path = MovieTableViewCell.swift; sourceTree = "<group>"; };
		C0DFC9892AC2F3A80010DF95 /* MovieServiceImpl.swift */ = {isa = PBXFileReference; lastKnownFileType = sourcecode.swift; path = MovieServiceImpl.swift; sourceTree = "<group>"; };
/* End PBXFileReference section */

/* Begin PBXFrameworksBuildPhase section */
		C0DFC9662AC2ED4D0010DF95 /* Frameworks */ = {
			isa = PBXFrameworksBuildPhase;
			buildActionMask = 2147483647;
			files = (
				C0DFC9822AC2EE570010DF95 /* SnapKit in Frameworks */,
			);
			runOnlyForDeploymentPostprocessing = 0;
		};
/* End PBXFrameworksBuildPhase section */

/* Begin PBXGroup section */
		C0DFC9602AC2ED4D0010DF95 = {
			isa = PBXGroup;
			children = (
				C0DFC96B2AC2ED4D0010DF95 /* InfinityScroll */,
				C0DFC96A2AC2ED4D0010DF95 /* Products */,
			);
			sourceTree = "<group>";
		};
		C0DFC96A2AC2ED4D0010DF95 /* Products */ = {
			isa = PBXGroup;
			children = (
				C0DFC9692AC2ED4D0010DF95 /* InfinityScroll.app */,
			);
			name = Products;
			sourceTree = "<group>";
		};
		C0DFC96B2AC2ED4D0010DF95 /* InfinityScroll */ = {
			isa = PBXGroup;
			children = (
				C0DFC96C2AC2ED4D0010DF95 /* AppDelegate.swift */,
				C0DFC96E2AC2ED4D0010DF95 /* SceneDelegate.swift */,
				C0DFC9702AC2ED4D0010DF95 /* ViewController.swift */,
				C0DFC9752AC2ED4F0010DF95 /* Assets.xcassets */,
				C0DFC9772AC2ED4F0010DF95 /* LaunchScreen.storyboard */,
				C0DFC97A2AC2ED4F0010DF95 /* Info.plist */,
				C0DFC9832AC2F0B50010DF95 /* MovieResponse.swift */,
				C0DFC9852AC2F0EA0010DF95 /* MovieAppData.swift */,
				C0DFC9872AC2F1BE0010DF95 /* MovieTableViewCell.swift */,
				C0DFC9892AC2F3A80010DF95 /* MovieServiceImpl.swift */,
			);
			path = InfinityScroll;
			sourceTree = "<group>";
		};
/* End PBXGroup section */

/* Begin PBXNativeTarget section */
		C0DFC9682AC2ED4D0010DF95 /* InfinityScroll */ = {
			isa = PBXNativeTarget;
			buildConfigurationList = C0DFC97D2AC2ED4F0010DF95 /* Build configuration list for PBXNativeTarget "InfinityScroll" */;
			buildPhases = (
				C0DFC9652AC2ED4D0010DF95 /* Sources */,
				C0DFC9662AC2ED4D0010DF95 /* Frameworks */,
				C0DFC9672AC2ED4D0010DF95 /* Resources */,
			);
			buildRules = (
			);
			dependencies = (
			);
			name = InfinityScroll;
			packageProductDependencies = (
				C0DFC9812AC2EE570010DF95 /* SnapKit */,
			);
			productName = InfinityScroll;
			productReference = C0DFC9692AC2ED4D0010DF95 /* InfinityScroll.app */;
			productType = "com.apple.product-type.application";
		};
/* End PBXNativeTarget section */

/* Begin PBXProject section */
		C0DFC9612AC2ED4D0010DF95 /* Project object */ = {
			isa = PBXProject;
			attributes = {
				BuildIndependentTargetsInParallel = 1;
				LastSwiftUpdateCheck = 1430;
				LastUpgradeCheck = 1430;
				TargetAttributes = {
					C0DFC9682AC2ED4D0010DF95 = {
						CreatedOnToolsVersion = 14.3.1;
					};
				};
			};
			buildConfigurationList = C0DFC9642AC2ED4D0010DF95 /* Build configuration list for PBXProject "InfinityScroll" */;
			compatibilityVersion = "Xcode 14.0";
			developmentRegion = en;
			hasScannedForEncodings = 0;
			knownRegions = (
				en,
				Base,
			);
			mainGroup = C0DFC9602AC2ED4D0010DF95;
			packageReferences = (
				C0DFC9802AC2EE570010DF95 /* XCRemoteSwiftPackageReference "SnapKit" */,
			);
			productRefGroup = C0DFC96A2AC2ED4D0010DF95 /* Products */;
			projectDirPath = "";
			projectRoot = "";
			targets = (
				C0DFC9682AC2ED4D0010DF95 /* InfinityScroll */,
			);
		};
/* End PBXProject section */

/* Begin PBXResourcesBuildPhase section */
		C0DFC9672AC2ED4D0010DF95 /* Resources */ = {
			isa = PBXResourcesBuildPhase;
			buildActionMask = 2147483647;
			files = (
				C0DFC9792AC2ED4F0010DF95 /* LaunchScreen.storyboard in Resources */,
				C0DFC9762AC2ED4F0010DF95 /* Assets.xcassets in Resources */,
			);
			runOnlyForDeploymentPostprocessing = 0;
		};
/* End PBXResourcesBuildPhase section */

/* Begin PBXSourcesBuildPhase section */
		C0DFC9652AC2ED4D0010DF95 /* Sources */ = {
			isa = PBXSourcesBuildPhase;
			buildActionMask = 2147483647;
			files = (
				C0DFC9712AC2ED4D0010DF95 /* ViewController.swift in Sources */,
				C0DFC9842AC2F0B50010DF95 /* MovieResponse.swift in Sources */,
				C0DFC98A2AC2F3A80010DF95 /* MovieServiceImpl.swift in Sources */,
				C0DFC9882AC2F1BE0010DF95 /* MovieTableViewCell.swift in Sources */,
				C0DFC96D2AC2ED4D0010DF95 /* AppDelegate.swift in Sources */,
				C0DFC96F2AC2ED4D0010DF95 /* SceneDelegate.swift in Sources */,
				C0DFC9862AC2F0EA0010DF95 /* MovieAppData.swift in Sources */,
			);
			runOnlyForDeploymentPostprocessing = 0;
		};
/* End PBXSourcesBuildPhase section */

/* Begin PBXVariantGroup section */
		C0DFC9772AC2ED4F0010DF95 /* LaunchScreen.storyboard */ = {
			isa = PBXVariantGroup;
			children = (
				C0DFC9782AC2ED4F0010DF95 /* Base */,
			);
			name = LaunchScreen.storyboard;
			sourceTree = "<group>";
		};
/* End PBXVariantGroup section */

/* Begin XCBuildConfiguration section */
		C0DFC97B2AC2ED4F0010DF95 /* Debug */ = {
			isa = XCBuildConfiguration;
			buildSettings = {
				ALWAYS_SEARCH_USER_PATHS = NO;
				CLANG_ANALYZER_NONNULL = YES;
				CLANG_ANALYZER_NUMBER_OBJECT_CONVERSION = YES_AGGRESSIVE;
				CLANG_CXX_LANGUAGE_STANDARD = "gnu++20";
				CLANG_ENABLE_MODULES = YES;
				CLANG_ENABLE_OBJC_ARC = YES;
				CLANG_ENABLE_OBJC_WEAK = YES;
				CLANG_WARN_BLOCK_CAPTURE_AUTORELEASING = YES;
				CLANG_WARN_BOOL_CONVERSION = YES;
				CLANG_WARN_COMMA = YES;
				CLANG_WARN_CONSTANT_CONVERSION = YES;
				CLANG_WARN_DEPRECATED_OBJC_IMPLEMENTATIONS = YES;
				CLANG_WARN_DIRECT_OBJC_ISA_USAGE = YES_ERROR;
				CLANG_WARN_DOCUMENTATION_COMMENTS = YES;
				CLANG_WARN_EMPTY_BODY = YES;
				CLANG_WARN_ENUM_CONVERSION = YES;
				CLANG_WARN_INFINITE_RECURSION = YES;
				CLANG_WARN_INT_CONVERSION = YES;
				CLANG_WARN_NON_LITERAL_NULL_CONVERSION = YES;
				CLANG_WARN_OBJC_IMPLICIT_RETAIN_SELF = YES;
				CLANG_WARN_OBJC_LITERAL_CONVERSION = YES;
				CLANG_WARN_OBJC_ROOT_CLASS = YES_ERROR;
				CLANG_WARN_QUOTED_INCLUDE_IN_FRAMEWORK_HEADER = YES;
				CLANG_WARN_RANGE_LOOP_ANALYSIS = YES;
				CLANG_WARN_STRICT_PROTOTYPES = YES;
				CLANG_WARN_SUSPICIOUS_MOVE = YES;
				CLANG_WARN_UNGUARDED_AVAILABILITY = YES_AGGRESSIVE;
				CLANG_WARN_UNREACHABLE_CODE = YES;
				CLANG_WARN__DUPLICATE_METHOD_MATCH = YES;
				COPY_PHASE_STRIP = NO;
				DEBUG_INFORMATION_FORMAT = dwarf;
				ENABLE_STRICT_OBJC_MSGSEND = YES;
				ENABLE_TESTABILITY = YES;
				GCC_C_LANGUAGE_STANDARD = gnu11;
				GCC_DYNAMIC_NO_PIC = NO;
				GCC_NO_COMMON_BLOCKS = YES;
				GCC_OPTIMIZATION_LEVEL = 0;
				GCC_PREPROCESSOR_DEFINITIONS = (
					"DEBUG=1",
					"$(inherited)",
				);
				GCC_WARN_64_TO_32_BIT_CONVERSION = YES;
				GCC_WARN_ABOUT_RETURN_TYPE = YES_ERROR;
				GCC_WARN_UNDECLARED_SELECTOR = YES;
				GCC_WARN_UNINITIALIZED_AUTOS = YES_AGGRESSIVE;
				GCC_WARN_UNUSED_FUNCTION = YES;
				GCC_WARN_UNUSED_VARIABLE = YES;
				IPHONEOS_DEPLOYMENT_TARGET = 16.4;
				MTL_ENABLE_DEBUG_INFO = INCLUDE_SOURCE;
				MTL_FAST_MATH = YES;
				ONLY_ACTIVE_ARCH = YES;
				SDKROOT = iphoneos;
				SWIFT_ACTIVE_COMPILATION_CONDITIONS = DEBUG;
				SWIFT_OPTIMIZATION_LEVEL = "-Onone";
			};
			name = Debug;
		};
		C0DFC97C2AC2ED4F0010DF95 /* Release */ = {
			isa = XCBuildConfiguration;
			buildSettings = {
				ALWAYS_SEARCH_USER_PATHS = NO;
				CLANG_ANALYZER_NONNULL = YES;
				CLANG_ANALYZER_NUMBER_OBJECT_CONVERSION = YES_AGGRESSIVE;
				CLANG_CXX_LANGUAGE_STANDARD = "gnu++20";
				CLANG_ENABLE_MODULES = YES;
				CLANG_ENABLE_OBJC_ARC = YES;
				CLANG_ENABLE_OBJC_WEAK = YES;
				CLANG_WARN_BLOCK_CAPTURE_AUTORELEASING = YES;
				CLANG_WARN_BOOL_CONVERSION = YES;
				CLANG_WARN_COMMA = YES;
				CLANG_WARN_CONSTANT_CONVERSION = YES;
				CLANG_WARN_DEPRECATED_OBJC_IMPLEMENTATIONS = YES;
				CLANG_WARN_DIRECT_OBJC_ISA_USAGE = YES_ERROR;
				CLANG_WARN_DOCUMENTATION_COMMENTS = YES;
				CLANG_WARN_EMPTY_BODY = YES;
				CLANG_WARN_ENUM_CONVERSION = YES;
				CLANG_WARN_INFINITE_RECURSION = YES;
				CLANG_WARN_INT_CONVERSION = YES;
				CLANG_WARN_NON_LITERAL_NULL_CONVERSION = YES;
				CLANG_WARN_OBJC_IMPLICIT_RETAIN_SELF = YES;
				CLANG_WARN_OBJC_LITERAL_CONVERSION = YES;
				CLANG_WARN_OBJC_ROOT_CLASS = YES_ERROR;
				CLANG_WARN_QUOTED_INCLUDE_IN_FRAMEWORK_HEADER = YES;
				CLANG_WARN_RANGE_LOOP_ANALYSIS = YES;
				CLANG_WARN_STRICT_PROTOTYPES = YES;
				CLANG_WARN_SUSPICIOUS_MOVE = YES;
				CLANG_WARN_UNGUARDED_AVAILABILITY = YES_AGGRESSIVE;
				CLANG_WARN_UNREACHABLE_CODE = YES;
				CLANG_WARN__DUPLICATE_METHOD_MATCH = YES;
				COPY_PHASE_STRIP = NO;
				DEBUG_INFORMATION_FORMAT = "dwarf-with-dsym";
				ENABLE_NS_ASSERTIONS = NO;
				ENABLE_STRICT_OBJC_MSGSEND = YES;
				GCC_C_LANGUAGE_STANDARD = gnu11;
				GCC_NO_COMMON_BLOCKS = YES;
				GCC_WARN_64_TO_32_BIT_CONVERSION = YES;
				GCC_WARN_ABOUT_RETURN_TYPE = YES_ERROR;
				GCC_WARN_UNDECLARED_SELECTOR = YES;
				GCC_WARN_UNINITIALIZED_AUTOS = YES_AGGRESSIVE;
				GCC_WARN_UNUSED_FUNCTION = YES;
				GCC_WARN_UNUSED_VARIABLE = YES;
				IPHONEOS_DEPLOYMENT_TARGET = 16.4;
				MTL_ENABLE_DEBUG_INFO = NO;
				MTL_FAST_MATH = YES;
				SDKROOT = iphoneos;
				SWIFT_COMPILATION_MODE = wholemodule;
				SWIFT_OPTIMIZATION_LEVEL = "-O";
				VALIDATE_PRODUCT = YES;
			};
			name = Release;
		};
		C0DFC97E2AC2ED4F0010DF95 /* Debug */ = {
			isa = XCBuildConfiguration;
			buildSettings = {
				ASSETCATALOG_COMPILER_APPICON_NAME = AppIcon;
				ASSETCATALOG_COMPILER_GLOBAL_ACCENT_COLOR_NAME = AccentColor;
				CODE_SIGN_STYLE = Automatic;
				CURRENT_PROJECT_VERSION = 1;
				DEVELOPMENT_TEAM = Z225784MRD;
				GENERATE_INFOPLIST_FILE = YES;
				INFOPLIST_FILE = InfinityScroll/Info.plist;
				INFOPLIST_KEY_UIApplicationSupportsIndirectInputEvents = YES;
				INFOPLIST_KEY_UILaunchStoryboardName = LaunchScreen;
				INFOPLIST_KEY_UISupportedInterfaceOrientations_iPad = "UIInterfaceOrientationPortrait UIInterfaceOrientationPortraitUpsideDown UIInterfaceOrientationLandscapeLeft UIInterfaceOrientationLandscapeRight";
				INFOPLIST_KEY_UISupportedInterfaceOrientations_iPhone = "UIInterfaceOrientationPortrait UIInterfaceOrientationLandscapeLeft UIInterfaceOrientationLandscapeRight";
				LD_RUNPATH_SEARCH_PATHS = (
					"$(inherited)",
					"@executable_path/Frameworks",
				);
				MARKETING_VERSION = 1.0;
				PRODUCT_BUNDLE_IDENTIFIER = uikit.InfinityScroll;
				PRODUCT_NAME = "$(TARGET_NAME)";
				SWIFT_EMIT_LOC_STRINGS = YES;
				SWIFT_VERSION = 5.0;
				TARGETED_DEVICE_FAMILY = "1,2";
			};
			name = Debug;
		};
		C0DFC97F2AC2ED4F0010DF95 /* Release */ = {
			isa = XCBuildConfiguration;
			buildSettings = {
				ASSETCATALOG_COMPILER_APPICON_NAME = AppIcon;
				ASSETCATALOG_COMPILER_GLOBAL_ACCENT_COLOR_NAME = AccentColor;
				CODE_SIGN_STYLE = Automatic;
				CURRENT_PROJECT_VERSION = 1;
				DEVELOPMENT_TEAM = Z225784MRD;
				GENERATE_INFOPLIST_FILE = YES;
				INFOPLIST_FILE = InfinityScroll/Info.plist;
				INFOPLIST_KEY_UIApplicationSupportsIndirectInputEvents = YES;
				INFOPLIST_KEY_UILaunchStoryboardName = LaunchScreen;
				INFOPLIST_KEY_UISupportedInterfaceOrientations_iPad = "UIInterfaceOrientationPortrait UIInterfaceOrientationPortraitUpsideDown UIInterfaceOrientationLandscapeLeft UIInterfaceOrientationLandscapeRight";
				INFOPLIST_KEY_UISupportedInterfaceOrientations_iPhone = "UIInterfaceOrientationPortrait UIInterfaceOrientationLandscapeLeft UIInterfaceOrientationLandscapeRight";
				LD_RUNPATH_SEARCH_PATHS = (
					"$(inherited)",
					"@executable_path/Frameworks",
				);
				MARKETING_VERSION = 1.0;
				PRODUCT_BUNDLE_IDENTIFIER = uikit.InfinityScroll;
				PRODUCT_NAME = "$(TARGET_NAME)";
				SWIFT_EMIT_LOC_STRINGS = YES;
				SWIFT_VERSION = 5.0;
				TARGETED_DEVICE_FAMILY = "1,2";
			};
			name = Release;
		};
/* End XCBuildConfiguration section */

/* Begin XCConfigurationList section */
		C0DFC9642AC2ED4D0010DF95 /* Build configuration list for PBXProject "InfinityScroll" */ = {
			isa = XCConfigurationList;
			buildConfigurations = (
				C0DFC97B2AC2ED4F0010DF95 /* Debug */,
				C0DFC97C2AC2ED4F0010DF95 /* Release */,
			);
			defaultConfigurationIsVisible = 0;
			defaultConfigurationName = Release;
		};
		C0DFC97D2AC2ED4F0010DF95 /* Build configuration list for PBXNativeTarget "InfinityScroll" */ = {
			isa = XCConfigurationList;
			buildConfigurations = (
				C0DFC97E2AC2ED4F0010DF95 /* Debug */,
				C0DFC97F2AC2ED4F0010DF95 /* Release */,
			);
			defaultConfigurationIsVisible = 0;
			defaultConfigurationName = Release;
		};
/* End XCConfigurationList section */

/* Begin XCRemoteSwiftPackageReference section */
		C0DFC9802AC2EE570010DF95 /* XCRemoteSwiftPackageReference "SnapKit" */ = {
			isa = XCRemoteSwiftPackageReference;
			repositoryURL = "https://github.com/SnapKit/SnapKit";
			requirement = {
				kind = upToNextMajorVersion;
				minimumVersion = 5.0.0;
			};
		};
/* End XCRemoteSwiftPackageReference section */

/* Begin XCSwiftPackageProductDependency section */
		C0DFC9812AC2EE570010DF95 /* SnapKit */ = {
			isa = XCSwiftPackageProductDependency;
			package = C0DFC9802AC2EE570010DF95 /* XCRemoteSwiftPackageReference "SnapKit" */;
			productName = SnapKit;
		};
/* End XCSwiftPackageProductDependency section */
	};
	rootObject = C0DFC9612AC2ED4D0010DF95 /* Project object */;
}
