// !$*UTF8*$!
{
	archiveVersion = 1;
	classes = {
	};
	objectVersion = 56;
	objects = {

/* Begin PBXBuildFile section */
		C06BBC9828EEC8EB0008DC03 /* LoginView.swift in Sources */ = {isa = PBXBuildFile; fileRef = C06BBC9728EEC8EB0008DC03 /* LoginView.swift */; };
		C0CAE5C928E082AB0057D5D7 /* AppDelegate.swift in Sources */ = {isa = PBXBuildFile; fileRef = C0CAE5C828E082AB0057D5D7 /* AppDelegate.swift */; };
		C0CAE5CB28E082AB0057D5D7 /* SceneDelegate.swift in Sources */ = {isa = PBXBuildFile; fileRef = C0CAE5CA28E082AB0057D5D7 /* SceneDelegate.swift */; };
		C0CAE5CD28E082AB0057D5D7 /* ViewController.swift in Sources */ = {isa = PBXBuildFile; fileRef = C0CAE5CC28E082AB0057D5D7 /* ViewController.swift */; };
		C0CAE5D028E082AB0057D5D7 /* Main.storyboard in Resources */ = {isa = PBXBuildFile; fileRef = C0CAE5CE28E082AB0057D5D7 /* Main.storyboard */; };
		C0CAE5D228E082AC0057D5D7 /* Assets.xcassets in Resources */ = {isa = PBXBuildFile; fileRef = C0CAE5D128E082AC0057D5D7 /* Assets.xcassets */; };
		C0CAE5D528E082AC0057D5D7 /* LaunchScreen.storyboard in Resources */ = {isa = PBXBuildFile; fileRef = C0CAE5D328E082AC0057D5D7 /* LaunchScreen.storyboard */; };
		C0CAE5DD28E092170057D5D7 /* SampleViewController.swift in Sources */ = {isa = PBXBuildFile; fileRef = C0CAE5DC28E092170057D5D7 /* SampleViewController.swift */; };
/* End PBXBuildFile section */

/* Begin PBXFileReference section */
		C06BBC9728EEC8EB0008DC03 /* LoginView.swift */ = {isa = PBXFileReference; lastKnownFileType = sourcecode.swift; path = LoginView.swift; sourceTree = "<group>"; };
		C0CAE5C528E082AB0057D5D7 /* Netflix_Login.app */ = {isa = PBXFileReference; explicitFileType = wrapper.application; includeInIndex = 0; path = Netflix_Login.app; sourceTree = BUILT_PRODUCTS_DIR; };
		C0CAE5C828E082AB0057D5D7 /* AppDelegate.swift */ = {isa = PBXFileReference; lastKnownFileType = sourcecode.swift; path = AppDelegate.swift; sourceTree = "<group>"; };
		C0CAE5CA28E082AB0057D5D7 /* SceneDelegate.swift */ = {isa = PBXFileReference; lastKnownFileType = sourcecode.swift; path = SceneDelegate.swift; sourceTree = "<group>"; };
		C0CAE5CC28E082AB0057D5D7 /* ViewController.swift */ = {isa = PBXFileReference; lastKnownFileType = sourcecode.swift; path = ViewController.swift; sourceTree = "<group>"; };
		C0CAE5CF28E082AB0057D5D7 /* Base */ = {isa = PBXFileReference; lastKnownFileType = file.storyboard; name = Base; path = Base.lproj/Main.storyboard; sourceTree = "<group>"; };
		C0CAE5D128E082AC0057D5D7 /* Assets.xcassets */ = {isa = PBXFileReference; lastKnownFileType = folder.assetcatalog; path = Assets.xcassets; sourceTree = "<group>"; };
		C0CAE5D428E082AC0057D5D7 /* Base */ = {isa = PBXFileReference; lastKnownFileType = file.storyboard; name = Base; path = Base.lproj/LaunchScreen.storyboard; sourceTree = "<group>"; };
		C0CAE5D628E082AC0057D5D7 /* Info.plist */ = {isa = PBXFileReference; lastKnownFileType = text.plist.xml; path = Info.plist; sourceTree = "<group>"; };
		C0CAE5DC28E092170057D5D7 /* SampleViewController.swift */ = {isa = PBXFileReference; lastKnownFileType = sourcecode.swift; path = SampleViewController.swift; sourceTree = "<group>"; };
/* End PBXFileReference section */

/* Begin PBXFrameworksBuildPhase section */
		C0CAE5C228E082AB0057D5D7 /* Frameworks */ = {
			isa = PBXFrameworksBuildPhase;
			buildActionMask = 2147483647;
			files = (
			);
			runOnlyForDeploymentPostprocessing = 0;
		};
/* End PBXFrameworksBuildPhase section */

/* Begin PBXGroup section */
		C06BBC9528EEC83E0008DC03 /* Views */ = {
			isa = PBXGroup;
			children = (
				C06BBC9728EEC8EB0008DC03 /* LoginView.swift */,
			);
			path = Views;
			sourceTree = "<group>";
		};
		C06BBC9628EEC8440008DC03 /* Controllers */ = {
			isa = PBXGroup;
			children = (
				C0CAE5CC28E082AB0057D5D7 /* ViewController.swift */,
			);
			path = Controllers;
			sourceTree = "<group>";
		};
		C0CAE5BC28E082AB0057D5D7 = {
			isa = PBXGroup;
			children = (
				C0CAE5C728E082AB0057D5D7 /* Netflix_Login */,
				C0CAE5C628E082AB0057D5D7 /* Products */,
			);
			sourceTree = "<group>";
		};
		C0CAE5C628E082AB0057D5D7 /* Products */ = {
			isa = PBXGroup;
			children = (
				C0CAE5C528E082AB0057D5D7 /* Netflix_Login.app */,
			);
			name = Products;
			sourceTree = "<group>";
		};
		C0CAE5C728E082AB0057D5D7 /* Netflix_Login */ = {
			isa = PBXGroup;
			children = (
				C0CAE5C828E082AB0057D5D7 /* AppDelegate.swift */,
				C0CAE5CA28E082AB0057D5D7 /* SceneDelegate.swift */,
				C06BBC9528EEC83E0008DC03 /* Views */,
				C06BBC9628EEC8440008DC03 /* Controllers */,
				C0CAE5CE28E082AB0057D5D7 /* Main.storyboard */,
				C0CAE5D128E082AC0057D5D7 /* Assets.xcassets */,
				C0CAE5D328E082AC0057D5D7 /* LaunchScreen.storyboard */,
				C0CAE5D628E082AC0057D5D7 /* Info.plist */,
				C0CAE5DC28E092170057D5D7 /* SampleViewController.swift */,
			);
			path = Netflix_Login;
			sourceTree = "<group>";
		};
/* End PBXGroup section */

/* Begin PBXNativeTarget section */
		C0CAE5C428E082AB0057D5D7 /* Netflix_Login */ = {
			isa = PBXNativeTarget;
			buildConfigurationList = C0CAE5D928E082AC0057D5D7 /* Build configuration list for PBXNativeTarget "Netflix_Login" */;
			buildPhases = (
				C0CAE5C128E082AB0057D5D7 /* Sources */,
				C0CAE5C228E082AB0057D5D7 /* Frameworks */,
				C0CAE5C328E082AB0057D5D7 /* Resources */,
			);
			buildRules = (
			);
			dependencies = (
			);
			name = Netflix_Login;
			productName = Netflix_Login;
			productReference = C0CAE5C528E082AB0057D5D7 /* Netflix_Login.app */;
			productType = "com.apple.product-type.application";
		};
/* End PBXNativeTarget section */

/* Begin PBXProject section */
		C0CAE5BD28E082AB0057D5D7 /* Project object */ = {
			isa = PBXProject;
			attributes = {
				BuildIndependentTargetsInParallel = 1;
				LastSwiftUpdateCheck = 1400;
				LastUpgradeCheck = 1400;
				TargetAttributes = {
					C0CAE5C428E082AB0057D5D7 = {
						CreatedOnToolsVersion = 14.0;
					};
				};
			};
			buildConfigurationList = C0CAE5C028E082AB0057D5D7 /* Build configuration list for PBXProject "Netflix_Login" */;
			compatibilityVersion = "Xcode 14.0";
			developmentRegion = en;
			hasScannedForEncodings = 0;
			knownRegions = (
				en,
				Base,
			);
			mainGroup = C0CAE5BC28E082AB0057D5D7;
			productRefGroup = C0CAE5C628E082AB0057D5D7 /* Products */;
			projectDirPath = "";
			projectRoot = "";
			targets = (
				C0CAE5C428E082AB0057D5D7 /* Netflix_Login */,
			);
		};
/* End PBXProject section */

/* Begin PBXResourcesBuildPhase section */
		C0CAE5C328E082AB0057D5D7 /* Resources */ = {
			isa = PBXResourcesBuildPhase;
			buildActionMask = 2147483647;
			files = (
				C0CAE5D528E082AC0057D5D7 /* LaunchScreen.storyboard in Resources */,
				C0CAE5D228E082AC0057D5D7 /* Assets.xcassets in Resources */,
				C0CAE5D028E082AB0057D5D7 /* Main.storyboard in Resources */,
			);
			runOnlyForDeploymentPostprocessing = 0;
		};
/* End PBXResourcesBuildPhase section */

/* Begin PBXSourcesBuildPhase section */
		C0CAE5C128E082AB0057D5D7 /* Sources */ = {
			isa = PBXSourcesBuildPhase;
			buildActionMask = 2147483647;
			files = (
				C0CAE5CD28E082AB0057D5D7 /* ViewController.swift in Sources */,
				C0CAE5C928E082AB0057D5D7 /* AppDelegate.swift in Sources */,
				C0CAE5DD28E092170057D5D7 /* SampleViewController.swift in Sources */,
				C06BBC9828EEC8EB0008DC03 /* LoginView.swift in Sources */,
				C0CAE5CB28E082AB0057D5D7 /* SceneDelegate.swift in Sources */,
			);
			runOnlyForDeploymentPostprocessing = 0;
		};
/* End PBXSourcesBuildPhase section */

/* Begin PBXVariantGroup section */
		C0CAE5CE28E082AB0057D5D7 /* Main.storyboard */ = {
			isa = PBXVariantGroup;
			children = (
				C0CAE5CF28E082AB0057D5D7 /* Base */,
			);
			name = Main.storyboard;
			sourceTree = "<group>";
		};
		C0CAE5D328E082AC0057D5D7 /* LaunchScreen.storyboard */ = {
			isa = PBXVariantGroup;
			children = (
				C0CAE5D428E082AC0057D5D7 /* Base */,
			);
			name = LaunchScreen.storyboard;
			sourceTree = "<group>";
		};
/* End PBXVariantGroup section */

/* Begin XCBuildConfiguration section */
		C0CAE5D728E082AC0057D5D7 /* Debug */ = {
			isa = XCBuildConfiguration;
			buildSettings = {
				ALWAYS_SEARCH_USER_PATHS = NO;
				CLANG_ANALYZER_NONNULL = YES;
				CLANG_ANALYZER_NUMBER_OBJECT_CONVERSION = YES_AGGRESSIVE;
				CLANG_CXX_LANGUAGE_STANDARD = "gnu++20";
				CLANG_ENABLE_MODULES = YES;
				CLANG_ENABLE_OBJC_ARC = YES;
				CLANG_ENABLE_OBJC_WEAK = YES;
				CLANG_WARN_BLOCK_CAPTURE_AUTORELEASING = YES;
				CLANG_WARN_BOOL_CONVERSION = YES;
				CLANG_WARN_COMMA = YES;
				CLANG_WARN_CONSTANT_CONVERSION = YES;
				CLANG_WARN_DEPRECATED_OBJC_IMPLEMENTATIONS = YES;
				CLANG_WARN_DIRECT_OBJC_ISA_USAGE = YES_ERROR;
				CLANG_WARN_DOCUMENTATION_COMMENTS = YES;
				CLANG_WARN_EMPTY_BODY = YES;
				CLANG_WARN_ENUM_CONVERSION = YES;
				CLANG_WARN_INFINITE_RECURSION = YES;
				CLANG_WARN_INT_CONVERSION = YES;
				CLANG_WARN_NON_LITERAL_NULL_CONVERSION = YES;
				CLANG_WARN_OBJC_IMPLICIT_RETAIN_SELF = YES;
				CLANG_WARN_OBJC_LITERAL_CONVERSION = YES;
				CLANG_WARN_OBJC_ROOT_CLASS = YES_ERROR;
				CLANG_WARN_QUOTED_INCLUDE_IN_FRAMEWORK_HEADER = YES;
				CLANG_WARN_RANGE_LOOP_ANALYSIS = YES;
				CLANG_WARN_STRICT_PROTOTYPES = YES;
				CLANG_WARN_SUSPICIOUS_MOVE = YES;
				CLANG_WARN_UNGUARDED_AVAILABILITY = YES_AGGRESSIVE;
				CLANG_WARN_UNREACHABLE_CODE = YES;
				CLANG_WARN__DUPLICATE_METHOD_MATCH = YES;
				COPY_PHASE_STRIP = NO;
				DEBUG_INFORMATION_FORMAT = dwarf;
				ENABLE_STRICT_OBJC_MSGSEND = YES;
				ENABLE_TESTABILITY = YES;
				GCC_C_LANGUAGE_STANDARD = gnu11;
				GCC_DYNAMIC_NO_PIC = NO;
				GCC_NO_COMMON_BLOCKS = YES;
				GCC_OPTIMIZATION_LEVEL = 0;
				GCC_PREPROCESSOR_DEFINITIONS = (
					"DEBUG=1",
					"$(inherited)",
				);
				GCC_WARN_64_TO_32_BIT_CONVERSION = YES;
				GCC_WARN_ABOUT_RETURN_TYPE = YES_ERROR;
				GCC_WARN_UNDECLARED_SELECTOR = YES;
				GCC_WARN_UNINITIALIZED_AUTOS = YES_AGGRESSIVE;
				GCC_WARN_UNUSED_FUNCTION = YES;
				GCC_WARN_UNUSED_VARIABLE = YES;
				IPHONEOS_DEPLOYMENT_TARGET = 16.0;
				MTL_ENABLE_DEBUG_INFO = INCLUDE_SOURCE;
				MTL_FAST_MATH = YES;
				ONLY_ACTIVE_ARCH = YES;
				SDKROOT = iphoneos;
				SWIFT_ACTIVE_COMPILATION_CONDITIONS = DEBUG;
				SWIFT_OPTIMIZATION_LEVEL = "-Onone";
			};
			name = Debug;
		};
		C0CAE5D828E082AC0057D5D7 /* Release */ = {
			isa = XCBuildConfiguration;
			buildSettings = {
				ALWAYS_SEARCH_USER_PATHS = NO;
				CLANG_ANALYZER_NONNULL = YES;
				CLANG_ANALYZER_NUMBER_OBJECT_CONVERSION = YES_AGGRESSIVE;
				CLANG_CXX_LANGUAGE_STANDARD = "gnu++20";
				CLANG_ENABLE_MODULES = YES;
				CLANG_ENABLE_OBJC_ARC = YES;
				CLANG_ENABLE_OBJC_WEAK = YES;
				CLANG_WARN_BLOCK_CAPTURE_AUTORELEASING = YES;
				CLANG_WARN_BOOL_CONVERSION = YES;
				CLANG_WARN_COMMA = YES;
				CLANG_WARN_CONSTANT_CONVERSION = YES;
				CLANG_WARN_DEPRECATED_OBJC_IMPLEMENTATIONS = YES;
				CLANG_WARN_DIRECT_OBJC_ISA_USAGE = YES_ERROR;
				CLANG_WARN_DOCUMENTATION_COMMENTS = YES;
				CLANG_WARN_EMPTY_BODY = YES;
				CLANG_WARN_ENUM_CONVERSION = YES;
				CLANG_WARN_INFINITE_RECURSION = YES;
				CLANG_WARN_INT_CONVERSION = YES;
				CLANG_WARN_NON_LITERAL_NULL_CONVERSION = YES;
				CLANG_WARN_OBJC_IMPLICIT_RETAIN_SELF = YES;
				CLANG_WARN_OBJC_LITERAL_CONVERSION = YES;
				CLANG_WARN_OBJC_ROOT_CLASS = YES_ERROR;
				CLANG_WARN_QUOTED_INCLUDE_IN_FRAMEWORK_HEADER = YES;
				CLANG_WARN_RANGE_LOOP_ANALYSIS = YES;
				CLANG_WARN_STRICT_PROTOTYPES = YES;
				CLANG_WARN_SUSPICIOUS_MOVE = YES;
				CLANG_WARN_UNGUARDED_AVAILABILITY = YES_AGGRESSIVE;
				CLANG_WARN_UNREACHABLE_CODE = YES;
				CLANG_WARN__DUPLICATE_METHOD_MATCH = YES;
				COPY_PHASE_STRIP = NO;
				DEBUG_INFORMATION_FORMAT = "dwarf-with-dsym";
				ENABLE_NS_ASSERTIONS = NO;
				ENABLE_STRICT_OBJC_MSGSEND = YES;
				GCC_C_LANGUAGE_STANDARD = gnu11;
				GCC_NO_COMMON_BLOCKS = YES;
				GCC_WARN_64_TO_32_BIT_CONVERSION = YES;
				GCC_WARN_ABOUT_RETURN_TYPE = YES_ERROR;
				GCC_WARN_UNDECLARED_SELECTOR = YES;
				GCC_WARN_UNINITIALIZED_AUTOS = YES_AGGRESSIVE;
				GCC_WARN_UNUSED_FUNCTION = YES;
				GCC_WARN_UNUSED_VARIABLE = YES;
				IPHONEOS_DEPLOYMENT_TARGET = 16.0;
				MTL_ENABLE_DEBUG_INFO = NO;
				MTL_FAST_MATH = YES;
				SDKROOT = iphoneos;
				SWIFT_COMPILATION_MODE = wholemodule;
				SWIFT_OPTIMIZATION_LEVEL = "-O";
				VALIDATE_PRODUCT = YES;
			};
			name = Release;
		};
		C0CAE5DA28E082AC0057D5D7 /* Debug */ = {
			isa = XCBuildConfiguration;
			buildSettings = {
				ASSETCATALOG_COMPILER_APPICON_NAME = AppIcon;
				ASSETCATALOG_COMPILER_GLOBAL_ACCENT_COLOR_NAME = AccentColor;
				CODE_SIGN_STYLE = Automatic;
				CURRENT_PROJECT_VERSION = 1;
				DEVELOPMENT_TEAM = Z225784MRD;
				GENERATE_INFOPLIST_FILE = YES;
				INFOPLIST_FILE = Netflix_Login/Info.plist;
				INFOPLIST_KEY_UIApplicationSupportsIndirectInputEvents = YES;
				INFOPLIST_KEY_UILaunchStoryboardName = LaunchScreen;
				INFOPLIST_KEY_UIMainStoryboardFile = Main;
				INFOPLIST_KEY_UISupportedInterfaceOrientations = UIInterfaceOrientationPortrait;
				INFOPLIST_KEY_UISupportedInterfaceOrientations_iPad = "UIInterfaceOrientationLandscapeLeft UIInterfaceOrientationLandscapeRight UIInterfaceOrientationPortrait UIInterfaceOrientationPortraitUpsideDown";
				IPHONEOS_DEPLOYMENT_TARGET = 15.0;
				LD_RUNPATH_SEARCH_PATHS = (
					"$(inherited)",
					"@executable_path/Frameworks",
				);
				MARKETING_VERSION = 1.0;
				PRODUCT_BUNDLE_IDENTIFIER = "uikit.Netflix-Login";
				PRODUCT_NAME = "$(TARGET_NAME)";
				SUPPORTED_PLATFORMS = "iphoneos iphonesimulator";
				SUPPORTS_MACCATALYST = NO;
				SUPPORTS_MAC_DESIGNED_FOR_IPHONE_IPAD = NO;
				SWIFT_EMIT_LOC_STRINGS = YES;
				SWIFT_VERSION = 5.0;
				TARGETED_DEVICE_FAMILY = 1;
			};
			name = Debug;
		};
		C0CAE5DB28E082AC0057D5D7 /* Release */ = {
			isa = XCBuildConfiguration;
			buildSettings = {
				ASSETCATALOG_COMPILER_APPICON_NAME = AppIcon;
				ASSETCATALOG_COMPILER_GLOBAL_ACCENT_COLOR_NAME = AccentColor;
				CODE_SIGN_STYLE = Automatic;
				CURRENT_PROJECT_VERSION = 1;
				DEVELOPMENT_TEAM = Z225784MRD;
				GENERATE_INFOPLIST_FILE = YES;
				INFOPLIST_FILE = Netflix_Login/Info.plist;
				INFOPLIST_KEY_UIApplicationSupportsIndirectInputEvents = YES;
				INFOPLIST_KEY_UILaunchStoryboardName = LaunchScreen;
				INFOPLIST_KEY_UIMainStoryboardFile = Main;
				INFOPLIST_KEY_UISupportedInterfaceOrientations = UIInterfaceOrientationPortrait;
				INFOPLIST_KEY_UISupportedInterfaceOrientations_iPad = "UIInterfaceOrientationLandscapeLeft UIInterfaceOrientationLandscapeRight UIInterfaceOrientationPortrait UIInterfaceOrientationPortraitUpsideDown";
				IPHONEOS_DEPLOYMENT_TARGET = 15.0;
				LD_RUNPATH_SEARCH_PATHS = (
					"$(inherited)",
					"@executable_path/Frameworks",
				);
				MARKETING_VERSION = 1.0;
				PRODUCT_BUNDLE_IDENTIFIER = "uikit.Netflix-Login";
				PRODUCT_NAME = "$(TARGET_NAME)";
				SUPPORTED_PLATFORMS = "iphoneos iphonesimulator";
				SUPPORTS_MACCATALYST = NO;
				SUPPORTS_MAC_DESIGNED_FOR_IPHONE_IPAD = NO;
				SWIFT_EMIT_LOC_STRINGS = YES;
				SWIFT_VERSION = 5.0;
				TARGETED_DEVICE_FAMILY = 1;
			};
			name = Release;
		};
/* End XCBuildConfiguration section */

/* Begin XCConfigurationList section */
		C0CAE5C028E082AB0057D5D7 /* Build configuration list for PBXProject "Netflix_Login" */ = {
			isa = XCConfigurationList;
			buildConfigurations = (
				C0CAE5D728E082AC0057D5D7 /* Debug */,
				C0CAE5D828E082AC0057D5D7 /* Release */,
			);
			defaultConfigurationIsVisible = 0;
			defaultConfigurationName = Release;
		};
		C0CAE5D928E082AC0057D5D7 /* Build configuration list for PBXNativeTarget "Netflix_Login" */ = {
			isa = XCConfigurationList;
			buildConfigurations = (
				C0CAE5DA28E082AC0057D5D7 /* Debug */,
				C0CAE5DB28E082AC0057D5D7 /* Release */,
			);
			defaultConfigurationIsVisible = 0;
			defaultConfigurationName = Release;
		};
/* End XCConfigurationList section */
	};
	rootObject = C0CAE5BD28E082AB0057D5D7 /* Project object */;
}
