// !$*UTF8*$!
{
	archiveVersion = 1;
	classes = {
	};
	objectVersion = 54;
	objects = {

/* Begin PBXBuildFile section */
		56D73172CDD1BF393BF73308 /* Pods_Navigation_Tabbar.framework in Frameworks */ = {isa = PBXBuildFile; fileRef = 4301C592C6063AF3E49C95C3 /* Pods_Navigation_Tabbar.framework */; };
		C06BBC9A28EED3350008DC03 /* FirstViewController.swift in Sources */ = {isa = PBXBuildFile; fileRef = C06BBC9928EED3350008DC03 /* FirstViewController.swift */; };
		C06BBC9C28EED33C0008DC03 /* SecondViewController.swift in Sources */ = {isa = PBXBuildFile; fileRef = C06BBC9B28EED33C0008DC03 /* SecondViewController.swift */; };
		C06BBC9E28EED3470008DC03 /* ThirdViewController.swift in Sources */ = {isa = PBXBuildFile; fileRef = C06BBC9D28EED3470008DC03 /* ThirdViewController.swift */; };
		C06BBCA228EED5580008DC03 /* ErrorViewController.swift in Sources */ = {isa = PBXBuildFile; fileRef = C06BBCA128EED5580008DC03 /* ErrorViewController.swift */; };
		C06BBCA428EEEE820008DC03 /* TestViewController.swift in Sources */ = {isa = PBXBuildFile; fileRef = C06BBCA328EEEE820008DC03 /* TestViewController.swift */; };
		C098642128ED4DB5005E7BE5 /* AppDelegate.swift in Sources */ = {isa = PBXBuildFile; fileRef = C098642028ED4DB5005E7BE5 /* AppDelegate.swift */; };
		C098642328ED4DB5005E7BE5 /* SceneDelegate.swift in Sources */ = {isa = PBXBuildFile; fileRef = C098642228ED4DB5005E7BE5 /* SceneDelegate.swift */; };
		C098642528ED4DB5005E7BE5 /* ViewController.swift in Sources */ = {isa = PBXBuildFile; fileRef = C098642428ED4DB5005E7BE5 /* ViewController.swift */; };
		C098642828ED4DB5005E7BE5 /* Main.storyboard in Resources */ = {isa = PBXBuildFile; fileRef = C098642628ED4DB5005E7BE5 /* Main.storyboard */; };
		C098642A28ED4DB6005E7BE5 /* Assets.xcassets in Resources */ = {isa = PBXBuildFile; fileRef = C098642928ED4DB6005E7BE5 /* Assets.xcassets */; };
		C098642D28ED4DB6005E7BE5 /* LaunchScreen.storyboard in Resources */ = {isa = PBXBuildFile; fileRef = C098642B28ED4DB6005E7BE5 /* LaunchScreen.storyboard */; };
		C098643528ED51C0005E7BE5 /* LoginViewController.swift in Sources */ = {isa = PBXBuildFile; fileRef = C098643428ED51C0005E7BE5 /* LoginViewController.swift */; };
/* End PBXBuildFile section */

/* Begin PBXFileReference section */
		20517E2DA101505BD91917C3 /* Pods-Navigation&Tabbar.debug.xcconfig */ = {isa = PBXFileReference; includeInIndex = 1; lastKnownFileType = text.xcconfig; name = "Pods-Navigation&Tabbar.debug.xcconfig"; path = "Target Support Files/Pods-Navigation&Tabbar/Pods-Navigation&Tabbar.debug.xcconfig"; sourceTree = "<group>"; };
		4301C592C6063AF3E49C95C3 /* Pods_Navigation_Tabbar.framework */ = {isa = PBXFileReference; explicitFileType = wrapper.framework; includeInIndex = 0; path = Pods_Navigation_Tabbar.framework; sourceTree = BUILT_PRODUCTS_DIR; };
		C06BBC9928EED3350008DC03 /* FirstViewController.swift */ = {isa = PBXFileReference; lastKnownFileType = sourcecode.swift; path = FirstViewController.swift; sourceTree = "<group>"; };
		C06BBC9B28EED33C0008DC03 /* SecondViewController.swift */ = {isa = PBXFileReference; lastKnownFileType = sourcecode.swift; path = SecondViewController.swift; sourceTree = "<group>"; };
		C06BBC9D28EED3470008DC03 /* ThirdViewController.swift */ = {isa = PBXFileReference; lastKnownFileType = sourcecode.swift; path = ThirdViewController.swift; sourceTree = "<group>"; };
		C06BBCA128EED5580008DC03 /* ErrorViewController.swift */ = {isa = PBXFileReference; lastKnownFileType = sourcecode.swift; path = ErrorViewController.swift; sourceTree = "<group>"; };
		C06BBCA328EEEE820008DC03 /* TestViewController.swift */ = {isa = PBXFileReference; lastKnownFileType = sourcecode.swift; path = TestViewController.swift; sourceTree = "<group>"; };
		C098641D28ED4DB5005E7BE5 /* Navigation&Tabbar.app */ = {isa = PBXFileReference; explicitFileType = wrapper.application; includeInIndex = 0; path = "Navigation&Tabbar.app"; sourceTree = BUILT_PRODUCTS_DIR; };
		C098642028ED4DB5005E7BE5 /* AppDelegate.swift */ = {isa = PBXFileReference; lastKnownFileType = sourcecode.swift; path = AppDelegate.swift; sourceTree = "<group>"; };
		C098642228ED4DB5005E7BE5 /* SceneDelegate.swift */ = {isa = PBXFileReference; lastKnownFileType = sourcecode.swift; path = SceneDelegate.swift; sourceTree = "<group>"; };
		C098642428ED4DB5005E7BE5 /* ViewController.swift */ = {isa = PBXFileReference; lastKnownFileType = sourcecode.swift; path = ViewController.swift; sourceTree = "<group>"; };
		C098642728ED4DB5005E7BE5 /* Base */ = {isa = PBXFileReference; lastKnownFileType = file.storyboard; name = Base; path = Base.lproj/Main.storyboard; sourceTree = "<group>"; };
		C098642928ED4DB6005E7BE5 /* Assets.xcassets */ = {isa = PBXFileReference; lastKnownFileType = folder.assetcatalog; path = Assets.xcassets; sourceTree = "<group>"; };
		C098642C28ED4DB6005E7BE5 /* Base */ = {isa = PBXFileReference; lastKnownFileType = file.storyboard; name = Base; path = Base.lproj/LaunchScreen.storyboard; sourceTree = "<group>"; };
		C098642E28ED4DB6005E7BE5 /* Info.plist */ = {isa = PBXFileReference; lastKnownFileType = text.plist.xml; path = Info.plist; sourceTree = "<group>"; };
		C098643428ED51C0005E7BE5 /* LoginViewController.swift */ = {isa = PBXFileReference; lastKnownFileType = sourcecode.swift; path = LoginViewController.swift; sourceTree = "<group>"; };
		E67033AF7B55D8F151A3031C /* Pods-Navigation&Tabbar.release.xcconfig */ = {isa = PBXFileReference; includeInIndex = 1; lastKnownFileType = text.xcconfig; name = "Pods-Navigation&Tabbar.release.xcconfig"; path = "Target Support Files/Pods-Navigation&Tabbar/Pods-Navigation&Tabbar.release.xcconfig"; sourceTree = "<group>"; };
/* End PBXFileReference section */

/* Begin PBXFrameworksBuildPhase section */
		C098641A28ED4DB5005E7BE5 /* Frameworks */ = {
			isa = PBXFrameworksBuildPhase;
			buildActionMask = 2147483647;
			files = (
				56D73172CDD1BF393BF73308 /* Pods_Navigation_Tabbar.framework in Frameworks */,
			);
			runOnlyForDeploymentPostprocessing = 0;
		};
/* End PBXFrameworksBuildPhase section */

/* Begin PBXGroup section */
		2E3AE23A9F5C2032E4B0BF88 /* Frameworks */ = {
			isa = PBXGroup;
			children = (
				4301C592C6063AF3E49C95C3 /* Pods_Navigation_Tabbar.framework */,
			);
			name = Frameworks;
			sourceTree = "<group>";
		};
		8C8933CC36FD5DAA7ACC153F /* Pods */ = {
			isa = PBXGroup;
			children = (
				20517E2DA101505BD91917C3 /* Pods-Navigation&Tabbar.debug.xcconfig */,
				E67033AF7B55D8F151A3031C /* Pods-Navigation&Tabbar.release.xcconfig */,
			);
			path = Pods;
			sourceTree = "<group>";
		};
		C06BBC9F28EED34B0008DC03 /* CodeBase */ = {
			isa = PBXGroup;
			children = (
				C098643428ED51C0005E7BE5 /* LoginViewController.swift */,
				C06BBC9928EED3350008DC03 /* FirstViewController.swift */,
				C06BBC9B28EED33C0008DC03 /* SecondViewController.swift */,
				C06BBC9D28EED3470008DC03 /* ThirdViewController.swift */,
				C06BBCA128EED5580008DC03 /* ErrorViewController.swift */,
				C06BBCA328EEEE820008DC03 /* TestViewController.swift */,
			);
			path = CodeBase;
			sourceTree = "<group>";
		};
		C06BBCA028EED3550008DC03 /* StroyBoard */ = {
			isa = PBXGroup;
			children = (
				C098642428ED4DB5005E7BE5 /* ViewController.swift */,
				C098642628ED4DB5005E7BE5 /* Main.storyboard */,
			);
			path = StroyBoard;
			sourceTree = "<group>";
		};
		C098641428ED4DB5005E7BE5 = {
			isa = PBXGroup;
			children = (
				C098641F28ED4DB5005E7BE5 /* Navigation&Tabbar */,
				C098641E28ED4DB5005E7BE5 /* Products */,
				8C8933CC36FD5DAA7ACC153F /* Pods */,
				2E3AE23A9F5C2032E4B0BF88 /* Frameworks */,
			);
			sourceTree = "<group>";
		};
		C098641E28ED4DB5005E7BE5 /* Products */ = {
			isa = PBXGroup;
			children = (
				C098641D28ED4DB5005E7BE5 /* Navigation&Tabbar.app */,
			);
			name = Products;
			sourceTree = "<group>";
		};
		C098641F28ED4DB5005E7BE5 /* Navigation&Tabbar */ = {
			isa = PBXGroup;
			children = (
				C098642028ED4DB5005E7BE5 /* AppDelegate.swift */,
				C098642228ED4DB5005E7BE5 /* SceneDelegate.swift */,
				C098642928ED4DB6005E7BE5 /* Assets.xcassets */,
				C098642B28ED4DB6005E7BE5 /* LaunchScreen.storyboard */,
				C098642E28ED4DB6005E7BE5 /* Info.plist */,
				C06BBCA028EED3550008DC03 /* StroyBoard */,
				C06BBC9F28EED34B0008DC03 /* CodeBase */,
			);
			path = "Navigation&Tabbar";
			sourceTree = "<group>";
		};
/* End PBXGroup section */

/* Begin PBXNativeTarget section */
		C098641C28ED4DB5005E7BE5 /* Navigation&Tabbar */ = {
			isa = PBXNativeTarget;
			buildConfigurationList = C098643128ED4DB6005E7BE5 /* Build configuration list for PBXNativeTarget "Navigation&Tabbar" */;
			buildPhases = (
				73215A1861B7044F0D5C74CA /* [CP] Check Pods Manifest.lock */,
				C098641928ED4DB5005E7BE5 /* Sources */,
				C098641A28ED4DB5005E7BE5 /* Frameworks */,
				C098641B28ED4DB5005E7BE5 /* Resources */,
				BB590EF9093F6CB0EF150D1D /* [CP] Embed Pods Frameworks */,
			);
			buildRules = (
			);
			dependencies = (
			);
			name = "Navigation&Tabbar";
			productName = "Navigation&Tabbar";
			productReference = C098641D28ED4DB5005E7BE5 /* Navigation&Tabbar.app */;
			productType = "com.apple.product-type.application";
		};
/* End PBXNativeTarget section */

/* Begin PBXProject section */
		C098641528ED4DB5005E7BE5 /* Project object */ = {
			isa = PBXProject;
			attributes = {
				BuildIndependentTargetsInParallel = 1;
				LastSwiftUpdateCheck = 1400;
				LastUpgradeCheck = 1400;
				TargetAttributes = {
					C098641C28ED4DB5005E7BE5 = {
						CreatedOnToolsVersion = 14.0.1;
					};
				};
			};
			buildConfigurationList = C098641828ED4DB5005E7BE5 /* Build configuration list for PBXProject "Navigation&Tabbar" */;
			compatibilityVersion = "Xcode 12.0";
			developmentRegion = en;
			hasScannedForEncodings = 0;
			knownRegions = (
				en,
				Base,
			);
			mainGroup = C098641428ED4DB5005E7BE5;
			productRefGroup = C098641E28ED4DB5005E7BE5 /* Products */;
			projectDirPath = "";
			projectRoot = "";
			targets = (
				C098641C28ED4DB5005E7BE5 /* Navigation&Tabbar */,
			);
		};
/* End PBXProject section */

/* Begin PBXResourcesBuildPhase section */
		C098641B28ED4DB5005E7BE5 /* Resources */ = {
			isa = PBXResourcesBuildPhase;
			buildActionMask = 2147483647;
			files = (
				C098642D28ED4DB6005E7BE5 /* LaunchScreen.storyboard in Resources */,
				C098642A28ED4DB6005E7BE5 /* Assets.xcassets in Resources */,
				C098642828ED4DB5005E7BE5 /* Main.storyboard in Resources */,
			);
			runOnlyForDeploymentPostprocessing = 0;
		};
/* End PBXResourcesBuildPhase section */

/* Begin PBXShellScriptBuildPhase section */
		73215A1861B7044F0D5C74CA /* [CP] Check Pods Manifest.lock */ = {
			isa = PBXShellScriptBuildPhase;
			buildActionMask = 2147483647;
			files = (
			);
			inputFileListPaths = (
			);
			inputPaths = (
				"${PODS_PODFILE_DIR_PATH}/Podfile.lock",
				"${PODS_ROOT}/Manifest.lock",
			);
			name = "[CP] Check Pods Manifest.lock";
			outputFileListPaths = (
			);
			outputPaths = (
				"$(DERIVED_FILE_DIR)/Pods-Navigation&Tabbar-checkManifestLockResult.txt",
			);
			runOnlyForDeploymentPostprocessing = 0;
			shellPath = /bin/sh;
			shellScript = "diff \"${PODS_PODFILE_DIR_PATH}/Podfile.lock\" \"${PODS_ROOT}/Manifest.lock\" > /dev/null\nif [ $? != 0 ] ; then\n    # print error to STDERR\n    echo \"error: The sandbox is not in sync with the Podfile.lock. Run 'pod install' or update your CocoaPods installation.\" >&2\n    exit 1\nfi\n# This output is used by Xcode 'outputs' to avoid re-running this script phase.\necho \"SUCCESS\" > \"${SCRIPT_OUTPUT_FILE_0}\"\n";
			showEnvVarsInLog = 0;
		};
		BB590EF9093F6CB0EF150D1D /* [CP] Embed Pods Frameworks */ = {
			isa = PBXShellScriptBuildPhase;
			buildActionMask = 2147483647;
			files = (
			);
			inputFileListPaths = (
				"${PODS_ROOT}/Target Support Files/Pods-Navigation&Tabbar/Pods-Navigation&Tabbar-frameworks-${CONFIGURATION}-input-files.xcfilelist",
			);
			name = "[CP] Embed Pods Frameworks";
			outputFileListPaths = (
				"${PODS_ROOT}/Target Support Files/Pods-Navigation&Tabbar/Pods-Navigation&Tabbar-frameworks-${CONFIGURATION}-output-files.xcfilelist",
			);
			runOnlyForDeploymentPostprocessing = 0;
			shellPath = /bin/sh;
			shellScript = "\"${PODS_ROOT}/Target Support Files/Pods-Navigation&Tabbar/Pods-Navigation&Tabbar-frameworks.sh\"\n";
			showEnvVarsInLog = 0;
		};
/* End PBXShellScriptBuildPhase section */

/* Begin PBXSourcesBuildPhase section */
		C098641928ED4DB5005E7BE5 /* Sources */ = {
			isa = PBXSourcesBuildPhase;
			buildActionMask = 2147483647;
			files = (
				C06BBC9C28EED33C0008DC03 /* SecondViewController.swift in Sources */,
				C06BBC9A28EED3350008DC03 /* FirstViewController.swift in Sources */,
				C098642528ED4DB5005E7BE5 /* ViewController.swift in Sources */,
				C06BBC9E28EED3470008DC03 /* ThirdViewController.swift in Sources */,
				C098642128ED4DB5005E7BE5 /* AppDelegate.swift in Sources */,
				C06BBCA228EED5580008DC03 /* ErrorViewController.swift in Sources */,
				C098643528ED51C0005E7BE5 /* LoginViewController.swift in Sources */,
				C06BBCA428EEEE820008DC03 /* TestViewController.swift in Sources */,
				C098642328ED4DB5005E7BE5 /* SceneDelegate.swift in Sources */,
			);
			runOnlyForDeploymentPostprocessing = 0;
		};
/* End PBXSourcesBuildPhase section */

/* Begin PBXVariantGroup section */
		C098642628ED4DB5005E7BE5 /* Main.storyboard */ = {
			isa = PBXVariantGroup;
			children = (
				C098642728ED4DB5005E7BE5 /* Base */,
			);
			name = Main.storyboard;
			sourceTree = "<group>";
		};
		C098642B28ED4DB6005E7BE5 /* LaunchScreen.storyboard */ = {
			isa = PBXVariantGroup;
			children = (
				C098642C28ED4DB6005E7BE5 /* Base */,
			);
			name = LaunchScreen.storyboard;
			sourceTree = "<group>";
		};
/* End PBXVariantGroup section */

/* Begin XCBuildConfiguration section */
		C098642F28ED4DB6005E7BE5 /* Debug */ = {
			isa = XCBuildConfiguration;
			buildSettings = {
				ALWAYS_SEARCH_USER_PATHS = NO;
				CLANG_ANALYZER_NONNULL = YES;
				CLANG_ANALYZER_NUMBER_OBJECT_CONVERSION = YES_AGGRESSIVE;
				CLANG_CXX_LANGUAGE_STANDARD = "gnu++20";
				CLANG_ENABLE_MODULES = YES;
				CLANG_ENABLE_OBJC_ARC = YES;
				CLANG_ENABLE_OBJC_WEAK = YES;
				CLANG_WARN_BLOCK_CAPTURE_AUTORELEASING = YES;
				CLANG_WARN_BOOL_CONVERSION = YES;
				CLANG_WARN_COMMA = YES;
				CLANG_WARN_CONSTANT_CONVERSION = YES;
				CLANG_WARN_DEPRECATED_OBJC_IMPLEMENTATIONS = YES;
				CLANG_WARN_DIRECT_OBJC_ISA_USAGE = YES_ERROR;
				CLANG_WARN_DOCUMENTATION_COMMENTS = YES;
				CLANG_WARN_EMPTY_BODY = YES;
				CLANG_WARN_ENUM_CONVERSION = YES;
				CLANG_WARN_INFINITE_RECURSION = YES;
				CLANG_WARN_INT_CONVERSION = YES;
				CLANG_WARN_NON_LITERAL_NULL_CONVERSION = YES;
				CLANG_WARN_OBJC_IMPLICIT_RETAIN_SELF = YES;
				CLANG_WARN_OBJC_LITERAL_CONVERSION = YES;
				CLANG_WARN_OBJC_ROOT_CLASS = YES_ERROR;
				CLANG_WARN_QUOTED_INCLUDE_IN_FRAMEWORK_HEADER = YES;
				CLANG_WARN_RANGE_LOOP_ANALYSIS = YES;
				CLANG_WARN_STRICT_PROTOTYPES = YES;
				CLANG_WARN_SUSPICIOUS_MOVE = YES;
				CLANG_WARN_UNGUARDED_AVAILABILITY = YES_AGGRESSIVE;
				CLANG_WARN_UNREACHABLE_CODE = YES;
				CLANG_WARN__DUPLICATE_METHOD_MATCH = YES;
				COPY_PHASE_STRIP = NO;
				DEBUG_INFORMATION_FORMAT = dwarf;
				ENABLE_STRICT_OBJC_MSGSEND = YES;
				ENABLE_TESTABILITY = YES;
				GCC_C_LANGUAGE_STANDARD = gnu11;
				GCC_DYNAMIC_NO_PIC = NO;
				GCC_NO_COMMON_BLOCKS = YES;
				GCC_OPTIMIZATION_LEVEL = 0;
				GCC_PREPROCESSOR_DEFINITIONS = (
					"DEBUG=1",
					"$(inherited)",
				);
				GCC_WARN_64_TO_32_BIT_CONVERSION = YES;
				GCC_WARN_ABOUT_RETURN_TYPE = YES_ERROR;
				GCC_WARN_UNDECLARED_SELECTOR = YES;
				GCC_WARN_UNINITIALIZED_AUTOS = YES_AGGRESSIVE;
				GCC_WARN_UNUSED_FUNCTION = YES;
				GCC_WARN_UNUSED_VARIABLE = YES;
				IPHONEOS_DEPLOYMENT_TARGET = 16.0;
				MTL_ENABLE_DEBUG_INFO = INCLUDE_SOURCE;
				MTL_FAST_MATH = YES;
				ONLY_ACTIVE_ARCH = YES;
				SDKROOT = iphoneos;
				SWIFT_ACTIVE_COMPILATION_CONDITIONS = DEBUG;
				SWIFT_OPTIMIZATION_LEVEL = "-Onone";
			};
			name = Debug;
		};
		C098643028ED4DB6005E7BE5 /* Release */ = {
			isa = XCBuildConfiguration;
			buildSettings = {
				ALWAYS_SEARCH_USER_PATHS = NO;
				CLANG_ANALYZER_NONNULL = YES;
				CLANG_ANALYZER_NUMBER_OBJECT_CONVERSION = YES_AGGRESSIVE;
				CLANG_CXX_LANGUAGE_STANDARD = "gnu++20";
				CLANG_ENABLE_MODULES = YES;
				CLANG_ENABLE_OBJC_ARC = YES;
				CLANG_ENABLE_OBJC_WEAK = YES;
				CLANG_WARN_BLOCK_CAPTURE_AUTORELEASING = YES;
				CLANG_WARN_BOOL_CONVERSION = YES;
				CLANG_WARN_COMMA = YES;
				CLANG_WARN_CONSTANT_CONVERSION = YES;
				CLANG_WARN_DEPRECATED_OBJC_IMPLEMENTATIONS = YES;
				CLANG_WARN_DIRECT_OBJC_ISA_USAGE = YES_ERROR;
				CLANG_WARN_DOCUMENTATION_COMMENTS = YES;
				CLANG_WARN_EMPTY_BODY = YES;
				CLANG_WARN_ENUM_CONVERSION = YES;
				CLANG_WARN_INFINITE_RECURSION = YES;
				CLANG_WARN_INT_CONVERSION = YES;
				CLANG_WARN_NON_LITERAL_NULL_CONVERSION = YES;
				CLANG_WARN_OBJC_IMPLICIT_RETAIN_SELF = YES;
				CLANG_WARN_OBJC_LITERAL_CONVERSION = YES;
				CLANG_WARN_OBJC_ROOT_CLASS = YES_ERROR;
				CLANG_WARN_QUOTED_INCLUDE_IN_FRAMEWORK_HEADER = YES;
				CLANG_WARN_RANGE_LOOP_ANALYSIS = YES;
				CLANG_WARN_STRICT_PROTOTYPES = YES;
				CLANG_WARN_SUSPICIOUS_MOVE = YES;
				CLANG_WARN_UNGUARDED_AVAILABILITY = YES_AGGRESSIVE;
				CLANG_WARN_UNREACHABLE_CODE = YES;
				CLANG_WARN__DUPLICATE_METHOD_MATCH = YES;
				COPY_PHASE_STRIP = NO;
				DEBUG_INFORMATION_FORMAT = "dwarf-with-dsym";
				ENABLE_NS_ASSERTIONS = NO;
				ENABLE_STRICT_OBJC_MSGSEND = YES;
				GCC_C_LANGUAGE_STANDARD = gnu11;
				GCC_NO_COMMON_BLOCKS = YES;
				GCC_WARN_64_TO_32_BIT_CONVERSION = YES;
				GCC_WARN_ABOUT_RETURN_TYPE = YES_ERROR;
				GCC_WARN_UNDECLARED_SELECTOR = YES;
				GCC_WARN_UNINITIALIZED_AUTOS = YES_AGGRESSIVE;
				GCC_WARN_UNUSED_FUNCTION = YES;
				GCC_WARN_UNUSED_VARIABLE = YES;
				IPHONEOS_DEPLOYMENT_TARGET = 16.0;
				MTL_ENABLE_DEBUG_INFO = NO;
				MTL_FAST_MATH = YES;
				SDKROOT = iphoneos;
				SWIFT_COMPILATION_MODE = wholemodule;
				SWIFT_OPTIMIZATION_LEVEL = "-O";
				VALIDATE_PRODUCT = YES;
			};
			name = Release;
		};
		C098643228ED4DB6005E7BE5 /* Debug */ = {
			isa = XCBuildConfiguration;
			baseConfigurationReference = 20517E2DA101505BD91917C3 /* Pods-Navigation&Tabbar.debug.xcconfig */;
			buildSettings = {
				ASSETCATALOG_COMPILER_APPICON_NAME = AppIcon;
				ASSETCATALOG_COMPILER_GLOBAL_ACCENT_COLOR_NAME = AccentColor;
				CODE_SIGN_STYLE = Automatic;
				CURRENT_PROJECT_VERSION = 1;
				DEVELOPMENT_TEAM = Z225784MRD;
				GENERATE_INFOPLIST_FILE = YES;
				INFOPLIST_FILE = "Navigation&Tabbar/Info.plist";
				INFOPLIST_KEY_UIApplicationSupportsIndirectInputEvents = YES;
				INFOPLIST_KEY_UILaunchStoryboardName = LaunchScreen;
				INFOPLIST_KEY_UIMainStoryboardFile = Main;
				INFOPLIST_KEY_UISupportedInterfaceOrientations_iPad = "UIInterfaceOrientationPortrait UIInterfaceOrientationPortraitUpsideDown UIInterfaceOrientationLandscapeLeft UIInterfaceOrientationLandscapeRight";
				INFOPLIST_KEY_UISupportedInterfaceOrientations_iPhone = "UIInterfaceOrientationPortrait UIInterfaceOrientationLandscapeLeft UIInterfaceOrientationLandscapeRight";
				IPHONEOS_DEPLOYMENT_TARGET = 14.5;
				LD_RUNPATH_SEARCH_PATHS = (
					"$(inherited)",
					"@executable_path/Frameworks",
				);
				MARKETING_VERSION = 1.0;
				PRODUCT_BUNDLE_IDENTIFIER = "uikit.Navigation-Tabbar";
				PRODUCT_NAME = "$(TARGET_NAME)";
				SUPPORTED_PLATFORMS = "iphoneos iphonesimulator";
				SUPPORTS_MACCATALYST = NO;
				SUPPORTS_MAC_DESIGNED_FOR_IPHONE_IPAD = NO;
				SWIFT_EMIT_LOC_STRINGS = YES;
				SWIFT_VERSION = 5.0;
				TARGETED_DEVICE_FAMILY = 1;
			};
			name = Debug;
		};
		C098643328ED4DB6005E7BE5 /* Release */ = {
			isa = XCBuildConfiguration;
			baseConfigurationReference = E67033AF7B55D8F151A3031C /* Pods-Navigation&Tabbar.release.xcconfig */;
			buildSettings = {
				ASSETCATALOG_COMPILER_APPICON_NAME = AppIcon;
				ASSETCATALOG_COMPILER_GLOBAL_ACCENT_COLOR_NAME = AccentColor;
				CODE_SIGN_STYLE = Automatic;
				CURRENT_PROJECT_VERSION = 1;
				DEVELOPMENT_TEAM = Z225784MRD;
				GENERATE_INFOPLIST_FILE = YES;
				INFOPLIST_FILE = "Navigation&Tabbar/Info.plist";
				INFOPLIST_KEY_UIApplicationSupportsIndirectInputEvents = YES;
				INFOPLIST_KEY_UILaunchStoryboardName = LaunchScreen;
				INFOPLIST_KEY_UIMainStoryboardFile = Main;
				INFOPLIST_KEY_UISupportedInterfaceOrientations_iPad = "UIInterfaceOrientationPortrait UIInterfaceOrientationPortraitUpsideDown UIInterfaceOrientationLandscapeLeft UIInterfaceOrientationLandscapeRight";
				INFOPLIST_KEY_UISupportedInterfaceOrientations_iPhone = "UIInterfaceOrientationPortrait UIInterfaceOrientationLandscapeLeft UIInterfaceOrientationLandscapeRight";
				IPHONEOS_DEPLOYMENT_TARGET = 14.5;
				LD_RUNPATH_SEARCH_PATHS = (
					"$(inherited)",
					"@executable_path/Frameworks",
				);
				MARKETING_VERSION = 1.0;
				PRODUCT_BUNDLE_IDENTIFIER = "uikit.Navigation-Tabbar";
				PRODUCT_NAME = "$(TARGET_NAME)";
				SUPPORTED_PLATFORMS = "iphoneos iphonesimulator";
				SUPPORTS_MACCATALYST = NO;
				SUPPORTS_MAC_DESIGNED_FOR_IPHONE_IPAD = NO;
				SWIFT_EMIT_LOC_STRINGS = YES;
				SWIFT_VERSION = 5.0;
				TARGETED_DEVICE_FAMILY = 1;
			};
			name = Release;
		};
/* End XCBuildConfiguration section */

/* Begin XCConfigurationList section */
		C098641828ED4DB5005E7BE5 /* Build configuration list for PBXProject "Navigation&Tabbar" */ = {
			isa = XCConfigurationList;
			buildConfigurations = (
				C098642F28ED4DB6005E7BE5 /* Debug */,
				C098643028ED4DB6005E7BE5 /* Release */,
			);
			defaultConfigurationIsVisible = 0;
			defaultConfigurationName = Release;
		};
		C098643128ED4DB6005E7BE5 /* Build configuration list for PBXNativeTarget "Navigation&Tabbar" */ = {
			isa = XCConfigurationList;
			buildConfigurations = (
				C098643228ED4DB6005E7BE5 /* Debug */,
				C098643328ED4DB6005E7BE5 /* Release */,
			);
			defaultConfigurationIsVisible = 0;
			defaultConfigurationName = Release;
		};
/* End XCConfigurationList section */
	};
	rootObject = C098641528ED4DB5005E7BE5 /* Project object */;
}
