// !$*UTF8*$!
{
	archiveVersion = 1;
	classes = {
	};
	objectVersion = 56;
	objects = {

/* Begin PBXBuildFile section */
		C09E96932A0034A800475DDC /* AppDelegate.swift in Sources */ = {isa = PBXBuildFile; fileRef = C09E96922A0034A800475DDC /* AppDelegate.swift */; };
		C09E96952A0034A800475DDC /* SceneDelegate.swift in Sources */ = {isa = PBXBuildFile; fileRef = C09E96942A0034A800475DDC /* SceneDelegate.swift */; };
		C09E96972A0034A800475DDC /* ViewController.swift in Sources */ = {isa = PBXBuildFile; fileRef = C09E96962A0034A800475DDC /* ViewController.swift */; };
		C09E969C2A0034A900475DDC /* Assets.xcassets in Resources */ = {isa = PBXBuildFile; fileRef = C09E969B2A0034A900475DDC /* Assets.xcassets */; };
		C09E96A82A0034EF00475DDC /* SnapKit in Frameworks */ = {isa = PBXBuildFile; productRef = C09E96A72A0034EF00475DDC /* SnapKit */; };
		C09E96AB2A00353400475DDC /* Model.swift in Sources */ = {isa = PBXBuildFile; fileRef = C09E96AA2A00353400475DDC /* Model.swift */; };
		C09E96AE2A00355100475DDC /* Extensions.swift in Sources */ = {isa = PBXBuildFile; fileRef = C09E96AD2A00355100475DDC /* Extensions.swift */; };
		C09E96B02A00356600475DDC /* ListSection.swift in Sources */ = {isa = PBXBuildFile; fileRef = C09E96AF2A00356600475DDC /* ListSection.swift */; };
		C09E96B42A0035C100475DDC /* CaruselView.swift in Sources */ = {isa = PBXBuildFile; fileRef = C09E96B32A0035C100475DDC /* CaruselView.swift */; };
		C09E96B62A0035DF00475DDC /* CollectionViewCell.swift in Sources */ = {isa = PBXBuildFile; fileRef = C09E96B52A0035DF00475DDC /* CollectionViewCell.swift */; };
		C09E96B92A00361B00475DDC /* HeaderSupplementaryView.swift in Sources */ = {isa = PBXBuildFile; fileRef = C09E96B82A00361B00475DDC /* HeaderSupplementaryView.swift */; };
		C09E96BC2A00363500475DDC /* FamousLiveChannelCollectionViewCell.swift in Sources */ = {isa = PBXBuildFile; fileRef = C09E96BB2A00363500475DDC /* FamousLiveChannelCollectionViewCell.swift */; };
		C09E96BE2A00364800475DDC /* MustWatchCollectionViewCell.swift in Sources */ = {isa = PBXBuildFile; fileRef = C09E96BD2A00364800475DDC /* MustWatchCollectionViewCell.swift */; };
		C09E96C02A00366100475DDC /* QuickVODCollectionViewCell.swift in Sources */ = {isa = PBXBuildFile; fileRef = C09E96BF2A00366100475DDC /* QuickVODCollectionViewCell.swift */; };
		C09E96C22A00367300475DDC /* RankingCollectionViewCell.swift in Sources */ = {isa = PBXBuildFile; fileRef = C09E96C12A00367300475DDC /* RankingCollectionViewCell.swift */; };
		C09E96C42A00368400475DDC /* WatchingCollectionViewCell.swift in Sources */ = {isa = PBXBuildFile; fileRef = C09E96C32A00368400475DDC /* WatchingCollectionViewCell.swift */; };
		C09E96C72A0036A600475DDC /* CustomMenuBar.swift in Sources */ = {isa = PBXBuildFile; fileRef = C09E96C62A0036A600475DDC /* CustomMenuBar.swift */; };
		C09E96C92A0036B700475DDC /* MenuCollectionViewCell.swift in Sources */ = {isa = PBXBuildFile; fileRef = C09E96C82A0036B700475DDC /* MenuCollectionViewCell.swift */; };
		C09E96CB2A0036D000475DDC /* TotalViewController.swift in Sources */ = {isa = PBXBuildFile; fileRef = C09E96CA2A0036D000475DDC /* TotalViewController.swift */; };
		C09E96CE2A0036F700475DDC /* RealTimeViewController.swift in Sources */ = {isa = PBXBuildFile; fileRef = C09E96CD2A0036F700475DDC /* RealTimeViewController.swift */; };
		C09E96D02A00370F00475DDC /* TvProgramViewController.swift in Sources */ = {isa = PBXBuildFile; fileRef = C09E96CF2A00370F00475DDC /* TvProgramViewController.swift */; };
		C09E96D22A00372C00475DDC /* MovieViewController.swift in Sources */ = {isa = PBXBuildFile; fileRef = C09E96D12A00372C00475DDC /* MovieViewController.swift */; };
		C09E96D42A00375000475DDC /* ParamountViewController.swift in Sources */ = {isa = PBXBuildFile; fileRef = C09E96D32A00375000475DDC /* ParamountViewController.swift */; };
		C09E96D62A00376800475DDC /* KidViewController.swift in Sources */ = {isa = PBXBuildFile; fileRef = C09E96D52A00376800475DDC /* KidViewController.swift */; };
/* End PBXBuildFile section */

/* Begin PBXFileReference section */
		C09E968F2A0034A800475DDC /* CompositionLayout_Tving.app */ = {isa = PBXFileReference; explicitFileType = wrapper.application; includeInIndex = 0; path = CompositionLayout_Tving.app; sourceTree = BUILT_PRODUCTS_DIR; };
		C09E96922A0034A800475DDC /* AppDelegate.swift */ = {isa = PBXFileReference; lastKnownFileType = sourcecode.swift; path = AppDelegate.swift; sourceTree = "<group>"; };
		C09E96942A0034A800475DDC /* SceneDelegate.swift */ = {isa = PBXFileReference; lastKnownFileType = sourcecode.swift; path = SceneDelegate.swift; sourceTree = "<group>"; };
		C09E96962A0034A800475DDC /* ViewController.swift */ = {isa = PBXFileReference; lastKnownFileType = sourcecode.swift; path = ViewController.swift; sourceTree = "<group>"; };
		C09E969B2A0034A900475DDC /* Assets.xcassets */ = {isa = PBXFileReference; lastKnownFileType = folder.assetcatalog; path = Assets.xcassets; sourceTree = "<group>"; };
		C09E96A02A0034A900475DDC /* Info.plist */ = {isa = PBXFileReference; lastKnownFileType = text.plist.xml; path = Info.plist; sourceTree = "<group>"; };
		C09E96AA2A00353400475DDC /* Model.swift */ = {isa = PBXFileReference; lastKnownFileType = sourcecode.swift; path = Model.swift; sourceTree = "<group>"; };
		C09E96AD2A00355100475DDC /* Extensions.swift */ = {isa = PBXFileReference; lastKnownFileType = sourcecode.swift; path = Extensions.swift; sourceTree = "<group>"; };
		C09E96AF2A00356600475DDC /* ListSection.swift */ = {isa = PBXFileReference; lastKnownFileType = sourcecode.swift; path = ListSection.swift; sourceTree = "<group>"; };
		C09E96B32A0035C100475DDC /* CaruselView.swift */ = {isa = PBXFileReference; lastKnownFileType = sourcecode.swift; path = CaruselView.swift; sourceTree = "<group>"; };
		C09E96B52A0035DF00475DDC /* CollectionViewCell.swift */ = {isa = PBXFileReference; lastKnownFileType = sourcecode.swift; path = CollectionViewCell.swift; sourceTree = "<group>"; };
		C09E96B82A00361B00475DDC /* HeaderSupplementaryView.swift */ = {isa = PBXFileReference; lastKnownFileType = sourcecode.swift; path = HeaderSupplementaryView.swift; sourceTree = "<group>"; };
		C09E96BB2A00363500475DDC /* FamousLiveChannelCollectionViewCell.swift */ = {isa = PBXFileReference; lastKnownFileType = sourcecode.swift; path = FamousLiveChannelCollectionViewCell.swift; sourceTree = "<group>"; };
		C09E96BD2A00364800475DDC /* MustWatchCollectionViewCell.swift */ = {isa = PBXFileReference; lastKnownFileType = sourcecode.swift; path = MustWatchCollectionViewCell.swift; sourceTree = "<group>"; };
		C09E96BF2A00366100475DDC /* QuickVODCollectionViewCell.swift */ = {isa = PBXFileReference; lastKnownFileType = sourcecode.swift; path = QuickVODCollectionViewCell.swift; sourceTree = "<group>"; };
		C09E96C12A00367300475DDC /* RankingCollectionViewCell.swift */ = {isa = PBXFileReference; lastKnownFileType = sourcecode.swift; path = RankingCollectionViewCell.swift; sourceTree = "<group>"; };
		C09E96C32A00368400475DDC /* WatchingCollectionViewCell.swift */ = {isa = PBXFileReference; lastKnownFileType = sourcecode.swift; path = WatchingCollectionViewCell.swift; sourceTree = "<group>"; };
		C09E96C62A0036A600475DDC /* CustomMenuBar.swift */ = {isa = PBXFileReference; lastKnownFileType = sourcecode.swift; path = CustomMenuBar.swift; sourceTree = "<group>"; };
		C09E96C82A0036B700475DDC /* MenuCollectionViewCell.swift */ = {isa = PBXFileReference; lastKnownFileType = sourcecode.swift; path = MenuCollectionViewCell.swift; sourceTree = "<group>"; };
		C09E96CA2A0036D000475DDC /* TotalViewController.swift */ = {isa = PBXFileReference; lastKnownFileType = sourcecode.swift; path = TotalViewController.swift; sourceTree = "<group>"; };
		C09E96CD2A0036F700475DDC /* RealTimeViewController.swift */ = {isa = PBXFileReference; lastKnownFileType = sourcecode.swift; path = RealTimeViewController.swift; sourceTree = "<group>"; };
		C09E96CF2A00370F00475DDC /* TvProgramViewController.swift */ = {isa = PBXFileReference; lastKnownFileType = sourcecode.swift; path = TvProgramViewController.swift; sourceTree = "<group>"; };
		C09E96D12A00372C00475DDC /* MovieViewController.swift */ = {isa = PBXFileReference; lastKnownFileType = sourcecode.swift; path = MovieViewController.swift; sourceTree = "<group>"; };
		C09E96D32A00375000475DDC /* ParamountViewController.swift */ = {isa = PBXFileReference; lastKnownFileType = sourcecode.swift; path = ParamountViewController.swift; sourceTree = "<group>"; };
		C09E96D52A00376800475DDC /* KidViewController.swift */ = {isa = PBXFileReference; lastKnownFileType = sourcecode.swift; path = KidViewController.swift; sourceTree = "<group>"; };
/* End PBXFileReference section */

/* Begin PBXFrameworksBuildPhase section */
		C09E968C2A0034A800475DDC /* Frameworks */ = {
			isa = PBXFrameworksBuildPhase;
			buildActionMask = 2147483647;
			files = (
				C09E96A82A0034EF00475DDC /* SnapKit in Frameworks */,
			);
			runOnlyForDeploymentPostprocessing = 0;
		};
/* End PBXFrameworksBuildPhase section */

/* Begin PBXGroup section */
		C09E96862A0034A800475DDC = {
			isa = PBXGroup;
			children = (
				C09E96912A0034A800475DDC /* CompositionLayout_Tving */,
				C09E96902A0034A800475DDC /* Products */,
			);
			sourceTree = "<group>";
		};
		C09E96902A0034A800475DDC /* Products */ = {
			isa = PBXGroup;
			children = (
				C09E968F2A0034A800475DDC /* CompositionLayout_Tving.app */,
			);
			name = Products;
			sourceTree = "<group>";
		};
		C09E96912A0034A800475DDC /* CompositionLayout_Tving */ = {
			isa = PBXGroup;
			children = (
				C09E96C52A00369400475DDC /* Menu */,
				C09E96B72A0035FD00475DDC /* Compositional */,
				C09E96B22A0035B000475DDC /* CaruselView */,
				C09E96AC2A00354700475DDC /* Utility */,
				C09E96A92A00352800475DDC /* Data */,
				C09E96922A0034A800475DDC /* AppDelegate.swift */,
				C09E96942A0034A800475DDC /* SceneDelegate.swift */,
				C09E96962A0034A800475DDC /* ViewController.swift */,
				C09E969B2A0034A900475DDC /* Assets.xcassets */,
				C09E96A02A0034A900475DDC /* Info.plist */,
			);
			path = CompositionLayout_Tving;
			sourceTree = "<group>";
		};
		C09E96A92A00352800475DDC /* Data */ = {
			isa = PBXGroup;
			children = (
				C09E96AA2A00353400475DDC /* Model.swift */,
				C09E96AF2A00356600475DDC /* ListSection.swift */,
			);
			path = Data;
			sourceTree = "<group>";
		};
		C09E96AC2A00354700475DDC /* Utility */ = {
			isa = PBXGroup;
			children = (
				C09E96AD2A00355100475DDC /* Extensions.swift */,
			);
			path = Utility;
			sourceTree = "<group>";
		};
		C09E96B22A0035B000475DDC /* CaruselView */ = {
			isa = PBXGroup;
			children = (
				C09E96B32A0035C100475DDC /* CaruselView.swift */,
				C09E96B52A0035DF00475DDC /* CollectionViewCell.swift */,
			);
			path = CaruselView;
			sourceTree = "<group>";
		};
		C09E96B72A0035FD00475DDC /* Compositional */ = {
			isa = PBXGroup;
			children = (
				C09E96BA2A00362A00475DDC /* Cell */,
				C09E96B82A00361B00475DDC /* HeaderSupplementaryView.swift */,
				C09E96CA2A0036D000475DDC /* TotalViewController.swift */,
			);
			path = Compositional;
			sourceTree = "<group>";
		};
		C09E96BA2A00362A00475DDC /* Cell */ = {
			isa = PBXGroup;
			children = (
				C09E96BB2A00363500475DDC /* FamousLiveChannelCollectionViewCell.swift */,
				C09E96BD2A00364800475DDC /* MustWatchCollectionViewCell.swift */,
				C09E96BF2A00366100475DDC /* QuickVODCollectionViewCell.swift */,
				C09E96C12A00367300475DDC /* RankingCollectionViewCell.swift */,
				C09E96C32A00368400475DDC /* WatchingCollectionViewCell.swift */,
			);
			path = Cell;
			sourceTree = "<group>";
		};
		C09E96C52A00369400475DDC /* Menu */ = {
			isa = PBXGroup;
			children = (
				C09E96CC2A0036E500475DDC /* DummyVC */,
				C09E96C62A0036A600475DDC /* CustomMenuBar.swift */,
				C09E96C82A0036B700475DDC /* MenuCollectionViewCell.swift */,
			);
			path = Menu;
			sourceTree = "<group>";
		};
		C09E96CC2A0036E500475DDC /* DummyVC */ = {
			isa = PBXGroup;
			children = (
				C09E96CD2A0036F700475DDC /* RealTimeViewController.swift */,
				C09E96CF2A00370F00475DDC /* TvProgramViewController.swift */,
				C09E96D12A00372C00475DDC /* MovieViewController.swift */,
				C09E96D32A00375000475DDC /* ParamountViewController.swift */,
				C09E96D52A00376800475DDC /* KidViewController.swift */,
			);
			path = DummyVC;
			sourceTree = "<group>";
		};
/* End PBXGroup section */

/* Begin PBXNativeTarget section */
		C09E968E2A0034A800475DDC /* CompositionLayout_Tving */ = {
			isa = PBXNativeTarget;
			buildConfigurationList = C09E96A32A0034A900475DDC /* Build configuration list for PBXNativeTarget "CompositionLayout_Tving" */;
			buildPhases = (
				C09E968B2A0034A800475DDC /* Sources */,
				C09E968C2A0034A800475DDC /* Frameworks */,
				C09E968D2A0034A800475DDC /* Resources */,
			);
			buildRules = (
			);
			dependencies = (
			);
			name = CompositionLayout_Tving;
			packageProductDependencies = (
				C09E96A72A0034EF00475DDC /* SnapKit */,
			);
			productName = CompositionLayout_Tving;
			productReference = C09E968F2A0034A800475DDC /* CompositionLayout_Tving.app */;
			productType = "com.apple.product-type.application";
		};
/* End PBXNativeTarget section */

/* Begin PBXProject section */
		C09E96872A0034A800475DDC /* Project object */ = {
			isa = PBXProject;
			attributes = {
				BuildIndependentTargetsInParallel = 1;
				LastSwiftUpdateCheck = 1430;
				LastUpgradeCheck = 1430;
				TargetAttributes = {
					C09E968E2A0034A800475DDC = {
						CreatedOnToolsVersion = 14.3;
					};
				};
			};
			buildConfigurationList = C09E968A2A0034A800475DDC /* Build configuration list for PBXProject "CompositionLayout_Tving" */;
			compatibilityVersion = "Xcode 14.0";
			developmentRegion = en;
			hasScannedForEncodings = 0;
			knownRegions = (
				en,
				Base,
			);
			mainGroup = C09E96862A0034A800475DDC;
			packageReferences = (
				C09E96A62A0034EF00475DDC /* XCRemoteSwiftPackageReference "SnapKit" */,
			);
			productRefGroup = C09E96902A0034A800475DDC /* Products */;
			projectDirPath = "";
			projectRoot = "";
			targets = (
				C09E968E2A0034A800475DDC /* CompositionLayout_Tving */,
			);
		};
/* End PBXProject section */

/* Begin PBXResourcesBuildPhase section */
		C09E968D2A0034A800475DDC /* Resources */ = {
			isa = PBXResourcesBuildPhase;
			buildActionMask = 2147483647;
			files = (
				C09E969C2A0034A900475DDC /* Assets.xcassets in Resources */,
			);
			runOnlyForDeploymentPostprocessing = 0;
		};
/* End PBXResourcesBuildPhase section */

/* Begin PBXSourcesBuildPhase section */
		C09E968B2A0034A800475DDC /* Sources */ = {
			isa = PBXSourcesBuildPhase;
			buildActionMask = 2147483647;
			files = (
				C09E96AE2A00355100475DDC /* Extensions.swift in Sources */,
				C09E96972A0034A800475DDC /* ViewController.swift in Sources */,
				C09E96B62A0035DF00475DDC /* CollectionViewCell.swift in Sources */,
				C09E96C92A0036B700475DDC /* MenuCollectionViewCell.swift in Sources */,
				C09E96CB2A0036D000475DDC /* TotalViewController.swift in Sources */,
				C09E96C22A00367300475DDC /* RankingCollectionViewCell.swift in Sources */,
				C09E96BE2A00364800475DDC /* MustWatchCollectionViewCell.swift in Sources */,
				C09E96C72A0036A600475DDC /* CustomMenuBar.swift in Sources */,
				C09E96932A0034A800475DDC /* AppDelegate.swift in Sources */,
				C09E96B42A0035C100475DDC /* CaruselView.swift in Sources */,
				C09E96D42A00375000475DDC /* ParamountViewController.swift in Sources */,
				C09E96B92A00361B00475DDC /* HeaderSupplementaryView.swift in Sources */,
				C09E96D22A00372C00475DDC /* MovieViewController.swift in Sources */,
				C09E96952A0034A800475DDC /* SceneDelegate.swift in Sources */,
				C09E96C02A00366100475DDC /* QuickVODCollectionViewCell.swift in Sources */,
				C09E96D62A00376800475DDC /* KidViewController.swift in Sources */,
				C09E96D02A00370F00475DDC /* TvProgramViewController.swift in Sources */,
				C09E96C42A00368400475DDC /* WatchingCollectionViewCell.swift in Sources */,
				C09E96BC2A00363500475DDC /* FamousLiveChannelCollectionViewCell.swift in Sources */,
				C09E96AB2A00353400475DDC /* Model.swift in Sources */,
				C09E96B02A00356600475DDC /* ListSection.swift in Sources */,
				C09E96CE2A0036F700475DDC /* RealTimeViewController.swift in Sources */,
			);
			runOnlyForDeploymentPostprocessing = 0;
		};
/* End PBXSourcesBuildPhase section */

/* Begin XCBuildConfiguration section */
		C09E96A12A0034A900475DDC /* Debug */ = {
			isa = XCBuildConfiguration;
			buildSettings = {
				ALWAYS_SEARCH_USER_PATHS = NO;
				CLANG_ANALYZER_NONNULL = YES;
				CLANG_ANALYZER_NUMBER_OBJECT_CONVERSION = YES_AGGRESSIVE;
				CLANG_CXX_LANGUAGE_STANDARD = "gnu++20";
				CLANG_ENABLE_MODULES = YES;
				CLANG_ENABLE_OBJC_ARC = YES;
				CLANG_ENABLE_OBJC_WEAK = YES;
				CLANG_WARN_BLOCK_CAPTURE_AUTORELEASING = YES;
				CLANG_WARN_BOOL_CONVERSION = YES;
				CLANG_WARN_COMMA = YES;
				CLANG_WARN_CONSTANT_CONVERSION = YES;
				CLANG_WARN_DEPRECATED_OBJC_IMPLEMENTATIONS = YES;
				CLANG_WARN_DIRECT_OBJC_ISA_USAGE = YES_ERROR;
				CLANG_WARN_DOCUMENTATION_COMMENTS = YES;
				CLANG_WARN_EMPTY_BODY = YES;
				CLANG_WARN_ENUM_CONVERSION = YES;
				CLANG_WARN_INFINITE_RECURSION = YES;
				CLANG_WARN_INT_CONVERSION = YES;
				CLANG_WARN_NON_LITERAL_NULL_CONVERSION = YES;
				CLANG_WARN_OBJC_IMPLICIT_RETAIN_SELF = YES;
				CLANG_WARN_OBJC_LITERAL_CONVERSION = YES;
				CLANG_WARN_OBJC_ROOT_CLASS = YES_ERROR;
				CLANG_WARN_QUOTED_INCLUDE_IN_FRAMEWORK_HEADER = YES;
				CLANG_WARN_RANGE_LOOP_ANALYSIS = YES;
				CLANG_WARN_STRICT_PROTOTYPES = YES;
				CLANG_WARN_SUSPICIOUS_MOVE = YES;
				CLANG_WARN_UNGUARDED_AVAILABILITY = YES_AGGRESSIVE;
				CLANG_WARN_UNREACHABLE_CODE = YES;
				CLANG_WARN__DUPLICATE_METHOD_MATCH = YES;
				COPY_PHASE_STRIP = NO;
				DEBUG_INFORMATION_FORMAT = dwarf;
				ENABLE_STRICT_OBJC_MSGSEND = YES;
				ENABLE_TESTABILITY = YES;
				GCC_C_LANGUAGE_STANDARD = gnu11;
				GCC_DYNAMIC_NO_PIC = NO;
				GCC_NO_COMMON_BLOCKS = YES;
				GCC_OPTIMIZATION_LEVEL = 0;
				GCC_PREPROCESSOR_DEFINITIONS = (
					"DEBUG=1",
					"$(inherited)",
				);
				GCC_WARN_64_TO_32_BIT_CONVERSION = YES;
				GCC_WARN_ABOUT_RETURN_TYPE = YES_ERROR;
				GCC_WARN_UNDECLARED_SELECTOR = YES;
				GCC_WARN_UNINITIALIZED_AUTOS = YES_AGGRESSIVE;
				GCC_WARN_UNUSED_FUNCTION = YES;
				GCC_WARN_UNUSED_VARIABLE = YES;
				IPHONEOS_DEPLOYMENT_TARGET = 16.4;
				MTL_ENABLE_DEBUG_INFO = INCLUDE_SOURCE;
				MTL_FAST_MATH = YES;
				ONLY_ACTIVE_ARCH = YES;
				SDKROOT = iphoneos;
				SWIFT_ACTIVE_COMPILATION_CONDITIONS = DEBUG;
				SWIFT_OPTIMIZATION_LEVEL = "-Onone";
			};
			name = Debug;
		};
		C09E96A22A0034A900475DDC /* Release */ = {
			isa = XCBuildConfiguration;
			buildSettings = {
				ALWAYS_SEARCH_USER_PATHS = NO;
				CLANG_ANALYZER_NONNULL = YES;
				CLANG_ANALYZER_NUMBER_OBJECT_CONVERSION = YES_AGGRESSIVE;
				CLANG_CXX_LANGUAGE_STANDARD = "gnu++20";
				CLANG_ENABLE_MODULES = YES;
				CLANG_ENABLE_OBJC_ARC = YES;
				CLANG_ENABLE_OBJC_WEAK = YES;
				CLANG_WARN_BLOCK_CAPTURE_AUTORELEASING = YES;
				CLANG_WARN_BOOL_CONVERSION = YES;
				CLANG_WARN_COMMA = YES;
				CLANG_WARN_CONSTANT_CONVERSION = YES;
				CLANG_WARN_DEPRECATED_OBJC_IMPLEMENTATIONS = YES;
				CLANG_WARN_DIRECT_OBJC_ISA_USAGE = YES_ERROR;
				CLANG_WARN_DOCUMENTATION_COMMENTS = YES;
				CLANG_WARN_EMPTY_BODY = YES;
				CLANG_WARN_ENUM_CONVERSION = YES;
				CLANG_WARN_INFINITE_RECURSION = YES;
				CLANG_WARN_INT_CONVERSION = YES;
				CLANG_WARN_NON_LITERAL_NULL_CONVERSION = YES;
				CLANG_WARN_OBJC_IMPLICIT_RETAIN_SELF = YES;
				CLANG_WARN_OBJC_LITERAL_CONVERSION = YES;
				CLANG_WARN_OBJC_ROOT_CLASS = YES_ERROR;
				CLANG_WARN_QUOTED_INCLUDE_IN_FRAMEWORK_HEADER = YES;
				CLANG_WARN_RANGE_LOOP_ANALYSIS = YES;
				CLANG_WARN_STRICT_PROTOTYPES = YES;
				CLANG_WARN_SUSPICIOUS_MOVE = YES;
				CLANG_WARN_UNGUARDED_AVAILABILITY = YES_AGGRESSIVE;
				CLANG_WARN_UNREACHABLE_CODE = YES;
				CLANG_WARN__DUPLICATE_METHOD_MATCH = YES;
				COPY_PHASE_STRIP = NO;
				DEBUG_INFORMATION_FORMAT = "dwarf-with-dsym";
				ENABLE_NS_ASSERTIONS = NO;
				ENABLE_STRICT_OBJC_MSGSEND = YES;
				GCC_C_LANGUAGE_STANDARD = gnu11;
				GCC_NO_COMMON_BLOCKS = YES;
				GCC_WARN_64_TO_32_BIT_CONVERSION = YES;
				GCC_WARN_ABOUT_RETURN_TYPE = YES_ERROR;
				GCC_WARN_UNDECLARED_SELECTOR = YES;
				GCC_WARN_UNINITIALIZED_AUTOS = YES_AGGRESSIVE;
				GCC_WARN_UNUSED_FUNCTION = YES;
				GCC_WARN_UNUSED_VARIABLE = YES;
				IPHONEOS_DEPLOYMENT_TARGET = 16.4;
				MTL_ENABLE_DEBUG_INFO = NO;
				MTL_FAST_MATH = YES;
				SDKROOT = iphoneos;
				SWIFT_COMPILATION_MODE = wholemodule;
				SWIFT_OPTIMIZATION_LEVEL = "-O";
				VALIDATE_PRODUCT = YES;
			};
			name = Release;
		};
		C09E96A42A0034A900475DDC /* Debug */ = {
			isa = XCBuildConfiguration;
			buildSettings = {
				ASSETCATALOG_COMPILER_APPICON_NAME = AppIcon;
				ASSETCATALOG_COMPILER_GLOBAL_ACCENT_COLOR_NAME = AccentColor;
				CODE_SIGN_STYLE = Automatic;
				CURRENT_PROJECT_VERSION = 1;
				DEVELOPMENT_TEAM = Z225784MRD;
				GENERATE_INFOPLIST_FILE = YES;
				INFOPLIST_FILE = CompositionLayout_Tving/Info.plist;
				INFOPLIST_KEY_UIApplicationSupportsIndirectInputEvents = YES;
				INFOPLIST_KEY_UILaunchStoryboardName = LaunchScreen;
				INFOPLIST_KEY_UISupportedInterfaceOrientations_iPad = "UIInterfaceOrientationPortrait UIInterfaceOrientationPortraitUpsideDown UIInterfaceOrientationLandscapeLeft UIInterfaceOrientationLandscapeRight";
				INFOPLIST_KEY_UISupportedInterfaceOrientations_iPhone = "UIInterfaceOrientationPortrait UIInterfaceOrientationLandscapeLeft UIInterfaceOrientationLandscapeRight";
				LD_RUNPATH_SEARCH_PATHS = (
					"$(inherited)",
					"@executable_path/Frameworks",
				);
				MARKETING_VERSION = 1.0;
				PRODUCT_BUNDLE_IDENTIFIER = "uikit.CompositionLayout-Tving";
				PRODUCT_NAME = "$(TARGET_NAME)";
				SWIFT_EMIT_LOC_STRINGS = YES;
				SWIFT_VERSION = 5.0;
				TARGETED_DEVICE_FAMILY = "1,2";
			};
			name = Debug;
		};
		C09E96A52A0034A900475DDC /* Release */ = {
			isa = XCBuildConfiguration;
			buildSettings = {
				ASSETCATALOG_COMPILER_APPICON_NAME = AppIcon;
				ASSETCATALOG_COMPILER_GLOBAL_ACCENT_COLOR_NAME = AccentColor;
				CODE_SIGN_STYLE = Automatic;
				CURRENT_PROJECT_VERSION = 1;
				DEVELOPMENT_TEAM = Z225784MRD;
				GENERATE_INFOPLIST_FILE = YES;
				INFOPLIST_FILE = CompositionLayout_Tving/Info.plist;
				INFOPLIST_KEY_UIApplicationSupportsIndirectInputEvents = YES;
				INFOPLIST_KEY_UILaunchStoryboardName = LaunchScreen;
				INFOPLIST_KEY_UISupportedInterfaceOrientations_iPad = "UIInterfaceOrientationPortrait UIInterfaceOrientationPortraitUpsideDown UIInterfaceOrientationLandscapeLeft UIInterfaceOrientationLandscapeRight";
				INFOPLIST_KEY_UISupportedInterfaceOrientations_iPhone = "UIInterfaceOrientationPortrait UIInterfaceOrientationLandscapeLeft UIInterfaceOrientationLandscapeRight";
				LD_RUNPATH_SEARCH_PATHS = (
					"$(inherited)",
					"@executable_path/Frameworks",
				);
				MARKETING_VERSION = 1.0;
				PRODUCT_BUNDLE_IDENTIFIER = "uikit.CompositionLayout-Tving";
				PRODUCT_NAME = "$(TARGET_NAME)";
				SWIFT_EMIT_LOC_STRINGS = YES;
				SWIFT_VERSION = 5.0;
				TARGETED_DEVICE_FAMILY = "1,2";
			};
			name = Release;
		};
/* End XCBuildConfiguration section */

/* Begin XCConfigurationList section */
		C09E968A2A0034A800475DDC /* Build configuration list for PBXProject "CompositionLayout_Tving" */ = {
			isa = XCConfigurationList;
			buildConfigurations = (
				C09E96A12A0034A900475DDC /* Debug */,
				C09E96A22A0034A900475DDC /* Release */,
			);
			defaultConfigurationIsVisible = 0;
			defaultConfigurationName = Release;
		};
		C09E96A32A0034A900475DDC /* Build configuration list for PBXNativeTarget "CompositionLayout_Tving" */ = {
			isa = XCConfigurationList;
			buildConfigurations = (
				C09E96A42A0034A900475DDC /* Debug */,
				C09E96A52A0034A900475DDC /* Release */,
			);
			defaultConfigurationIsVisible = 0;
			defaultConfigurationName = Release;
		};
/* End XCConfigurationList section */

/* Begin XCRemoteSwiftPackageReference section */
		C09E96A62A0034EF00475DDC /* XCRemoteSwiftPackageReference "SnapKit" */ = {
			isa = XCRemoteSwiftPackageReference;
			repositoryURL = "https://github.com/SnapKit/SnapKit";
			requirement = {
				kind = upToNextMajorVersion;
				minimumVersion = 5.0.0;
			};
		};
/* End XCRemoteSwiftPackageReference section */

/* Begin XCSwiftPackageProductDependency section */
		C09E96A72A0034EF00475DDC /* SnapKit */ = {
			isa = XCSwiftPackageProductDependency;
			package = C09E96A62A0034EF00475DDC /* XCRemoteSwiftPackageReference "SnapKit" */;
			productName = SnapKit;
		};
/* End XCSwiftPackageProductDependency section */
	};
	rootObject = C09E96872A0034A800475DDC /* Project object */;
}
