// !$*UTF8*$!
{
	archiveVersion = 1;
	classes = {
	};
	objectVersion = 56;
	objects = {

/* Begin PBXBuildFile section */
		C027D1C329A36856008BDC38 /* AppDelegate.swift in Sources */ = {isa = PBXBuildFile; fileRef = C027D1C229A36856008BDC38 /* AppDelegate.swift */; };
		C027D1C529A36856008BDC38 /* SceneDelegate.swift in Sources */ = {isa = PBXBuildFile; fileRef = C027D1C429A36856008BDC38 /* SceneDelegate.swift */; };
		C027D1C729A36856008BDC38 /* ViewController.swift in Sources */ = {isa = PBXBuildFile; fileRef = C027D1C629A36856008BDC38 /* ViewController.swift */; };
		C027D1CC29A36857008BDC38 /* Assets.xcassets in Resources */ = {isa = PBXBuildFile; fileRef = C027D1CB29A36857008BDC38 /* Assets.xcassets */; };
		C027D1CF29A36857008BDC38 /* LaunchScreen.storyboard in Resources */ = {isa = PBXBuildFile; fileRef = C027D1CD29A36857008BDC38 /* LaunchScreen.storyboard */; };
		C027D1D829A368E7008BDC38 /* SnapKit in Frameworks */ = {isa = PBXBuildFile; productRef = C027D1D729A368E7008BDC38 /* SnapKit */; };
		C027D1DA29A36BFA008BDC38 /* ImageLoadTableViewCell.swift in Sources */ = {isa = PBXBuildFile; fileRef = C027D1D929A36BFA008BDC38 /* ImageLoadTableViewCell.swift */; };
		C027D1DC29A36C60008BDC38 /* Protocols.swift in Sources */ = {isa = PBXBuildFile; fileRef = C027D1DB29A36C60008BDC38 /* Protocols.swift */; };
		C027D1DE29A391D2008BDC38 /* ViewModel.swift in Sources */ = {isa = PBXBuildFile; fileRef = C027D1DD29A391D2008BDC38 /* ViewModel.swift */; };
		C027D1E029A39DE7008BDC38 /* Constant.swift in Sources */ = {isa = PBXBuildFile; fileRef = C027D1DF29A39DE7008BDC38 /* Constant.swift */; };
		C027D1E229A3A068008BDC38 /* UIImage+.swift in Sources */ = {isa = PBXBuildFile; fileRef = C027D1E129A3A068008BDC38 /* UIImage+.swift */; };
		C027D1E429A48538008BDC38 /* UIButton+.swift in Sources */ = {isa = PBXBuildFile; fileRef = C027D1E329A48538008BDC38 /* UIButton+.swift */; };
		C027D1EF29A48CBD008BDC38 /* UIProgressView+.swift in Sources */ = {isa = PBXBuildFile; fileRef = C027D1EE29A48CBD008BDC38 /* UIProgressView+.swift */; };
/* End PBXBuildFile section */

/* Begin PBXFileReference section */
		C027D1BF29A36856008BDC38 /* WantedPreOnBoardingiOS.app */ = {isa = PBXFileReference; explicitFileType = wrapper.application; includeInIndex = 0; path = WantedPreOnBoardingiOS.app; sourceTree = BUILT_PRODUCTS_DIR; };
		C027D1C229A36856008BDC38 /* AppDelegate.swift */ = {isa = PBXFileReference; lastKnownFileType = sourcecode.swift; path = AppDelegate.swift; sourceTree = "<group>"; };
		C027D1C429A36856008BDC38 /* SceneDelegate.swift */ = {isa = PBXFileReference; lastKnownFileType = sourcecode.swift; path = SceneDelegate.swift; sourceTree = "<group>"; };
		C027D1C629A36856008BDC38 /* ViewController.swift */ = {isa = PBXFileReference; lastKnownFileType = sourcecode.swift; path = ViewController.swift; sourceTree = "<group>"; };
		C027D1CB29A36857008BDC38 /* Assets.xcassets */ = {isa = PBXFileReference; lastKnownFileType = folder.assetcatalog; path = Assets.xcassets; sourceTree = "<group>"; };
		C027D1CE29A36857008BDC38 /* Base */ = {isa = PBXFileReference; lastKnownFileType = file.storyboard; name = Base; path = Base.lproj/LaunchScreen.storyboard; sourceTree = "<group>"; };
		C027D1D029A36857008BDC38 /* Info.plist */ = {isa = PBXFileReference; lastKnownFileType = text.plist.xml; path = Info.plist; sourceTree = "<group>"; };
		C027D1D929A36BFA008BDC38 /* ImageLoadTableViewCell.swift */ = {isa = PBXFileReference; lastKnownFileType = sourcecode.swift; path = ImageLoadTableViewCell.swift; sourceTree = "<group>"; };
		C027D1DB29A36C60008BDC38 /* Protocols.swift */ = {isa = PBXFileReference; lastKnownFileType = sourcecode.swift; path = Protocols.swift; sourceTree = "<group>"; };
		C027D1DD29A391D2008BDC38 /* ViewModel.swift */ = {isa = PBXFileReference; lastKnownFileType = sourcecode.swift; path = ViewModel.swift; sourceTree = "<group>"; };
		C027D1DF29A39DE7008BDC38 /* Constant.swift */ = {isa = PBXFileReference; lastKnownFileType = sourcecode.swift; path = Constant.swift; sourceTree = "<group>"; };
		C027D1E129A3A068008BDC38 /* UIImage+.swift */ = {isa = PBXFileReference; lastKnownFileType = sourcecode.swift; path = "UIImage+.swift"; sourceTree = "<group>"; };
		C027D1E329A48538008BDC38 /* UIButton+.swift */ = {isa = PBXFileReference; lastKnownFileType = sourcecode.swift; path = "UIButton+.swift"; sourceTree = "<group>"; };
		C027D1EE29A48CBD008BDC38 /* UIProgressView+.swift */ = {isa = PBXFileReference; lastKnownFileType = sourcecode.swift; path = "UIProgressView+.swift"; sourceTree = "<group>"; };
/* End PBXFileReference section */

/* Begin PBXFrameworksBuildPhase section */
		C027D1BC29A36856008BDC38 /* Frameworks */ = {
			isa = PBXFrameworksBuildPhase;
			buildActionMask = 2147483647;
			files = (
				C027D1D829A368E7008BDC38 /* SnapKit in Frameworks */,
			);
			runOnlyForDeploymentPostprocessing = 0;
		};
/* End PBXFrameworksBuildPhase section */

/* Begin PBXGroup section */
		C027D1B629A36856008BDC38 = {
			isa = PBXGroup;
			children = (
				C027D1C129A36856008BDC38 /* WantedPreOnBoardingiOS */,
				C027D1C029A36856008BDC38 /* Products */,
			);
			sourceTree = "<group>";
		};
		C027D1C029A36856008BDC38 /* Products */ = {
			isa = PBXGroup;
			children = (
				C027D1BF29A36856008BDC38 /* WantedPreOnBoardingiOS.app */,
			);
			name = Products;
			sourceTree = "<group>";
		};
		C027D1C129A36856008BDC38 /* WantedPreOnBoardingiOS */ = {
			isa = PBXGroup;
			children = (
				C027D1E829A485B7008BDC38 /* Source */,
				C027D1E729A485B0008BDC38 /* Resource */,
				C027D1E629A485A0008BDC38 /* App */,
				C027D1E529A48593008BDC38 /* Utility */,
			);
			path = WantedPreOnBoardingiOS;
			sourceTree = "<group>";
		};
		C027D1E529A48593008BDC38 /* Utility */ = {
			isa = PBXGroup;
			children = (
				C027D1DB29A36C60008BDC38 /* Protocols.swift */,
				C027D1DF29A39DE7008BDC38 /* Constant.swift */,
				C027D1E129A3A068008BDC38 /* UIImage+.swift */,
				C027D1E329A48538008BDC38 /* UIButton+.swift */,
				C027D1EE29A48CBD008BDC38 /* UIProgressView+.swift */,
			);
			path = Utility;
			sourceTree = "<group>";
		};
		C027D1E629A485A0008BDC38 /* App */ = {
			isa = PBXGroup;
			children = (
				C027D1C229A36856008BDC38 /* AppDelegate.swift */,
				C027D1C429A36856008BDC38 /* SceneDelegate.swift */,
			);
			path = App;
			sourceTree = "<group>";
		};
		C027D1E729A485B0008BDC38 /* Resource */ = {
			isa = PBXGroup;
			children = (
				C027D1E929A4879A008BDC38 /* Main */,
			);
			path = Resource;
			sourceTree = "<group>";
		};
		C027D1E829A485B7008BDC38 /* Source */ = {
			isa = PBXGroup;
			children = (
				C027D1CB29A36857008BDC38 /* Assets.xcassets */,
				C027D1CD29A36857008BDC38 /* LaunchScreen.storyboard */,
				C027D1D029A36857008BDC38 /* Info.plist */,
			);
			path = Source;
			sourceTree = "<group>";
		};
		C027D1E929A4879A008BDC38 /* Main */ = {
			isa = PBXGroup;
			children = (
				C027D1EA29A4879F008BDC38 /* ViewController */,
				C027D1ED29A487B7008BDC38 /* ViewModel */,
				C027D1EC29A487B0008BDC38 /* Views */,
			);
			path = Main;
			sourceTree = "<group>";
		};
		C027D1EA29A4879F008BDC38 /* ViewController */ = {
			isa = PBXGroup;
			children = (
				C027D1C629A36856008BDC38 /* ViewController.swift */,
			);
			path = ViewController;
			sourceTree = "<group>";
		};
		C027D1EC29A487B0008BDC38 /* Views */ = {
			isa = PBXGroup;
			children = (
				C027D1D929A36BFA008BDC38 /* ImageLoadTableViewCell.swift */,
			);
			path = Views;
			sourceTree = "<group>";
		};
		C027D1ED29A487B7008BDC38 /* ViewModel */ = {
			isa = PBXGroup;
			children = (
				C027D1DD29A391D2008BDC38 /* ViewModel.swift */,
			);
			path = ViewModel;
			sourceTree = "<group>";
		};
/* End PBXGroup section */

/* Begin PBXNativeTarget section */
		C027D1BE29A36856008BDC38 /* WantedPreOnBoardingiOS */ = {
			isa = PBXNativeTarget;
			buildConfigurationList = C027D1D329A36857008BDC38 /* Build configuration list for PBXNativeTarget "WantedPreOnBoardingiOS" */;
			buildPhases = (
				C027D1BB29A36856008BDC38 /* Sources */,
				C027D1BC29A36856008BDC38 /* Frameworks */,
				C027D1BD29A36856008BDC38 /* Resources */,
			);
			buildRules = (
			);
			dependencies = (
			);
			name = WantedPreOnBoardingiOS;
			packageProductDependencies = (
				C027D1D729A368E7008BDC38 /* SnapKit */,
			);
			productName = WantedPreOnBoardingiOS;
			productReference = C027D1BF29A36856008BDC38 /* WantedPreOnBoardingiOS.app */;
			productType = "com.apple.product-type.application";
		};
/* End PBXNativeTarget section */

/* Begin PBXProject section */
		C027D1B729A36856008BDC38 /* Project object */ = {
			isa = PBXProject;
			attributes = {
				BuildIndependentTargetsInParallel = 1;
				LastSwiftUpdateCheck = 1420;
				LastUpgradeCheck = 1420;
				TargetAttributes = {
					C027D1BE29A36856008BDC38 = {
						CreatedOnToolsVersion = 14.2;
					};
				};
			};
			buildConfigurationList = C027D1BA29A36856008BDC38 /* Build configuration list for PBXProject "WantedPreOnBoardingiOS" */;
			compatibilityVersion = "Xcode 14.0";
			developmentRegion = en;
			hasScannedForEncodings = 0;
			knownRegions = (
				en,
				Base,
			);
			mainGroup = C027D1B629A36856008BDC38;
			packageReferences = (
				C027D1D629A368E7008BDC38 /* XCRemoteSwiftPackageReference "SnapKit" */,
			);
			productRefGroup = C027D1C029A36856008BDC38 /* Products */;
			projectDirPath = "";
			projectRoot = "";
			targets = (
				C027D1BE29A36856008BDC38 /* WantedPreOnBoardingiOS */,
			);
		};
/* End PBXProject section */

/* Begin PBXResourcesBuildPhase section */
		C027D1BD29A36856008BDC38 /* Resources */ = {
			isa = PBXResourcesBuildPhase;
			buildActionMask = 2147483647;
			files = (
				C027D1CF29A36857008BDC38 /* LaunchScreen.storyboard in Resources */,
				C027D1CC29A36857008BDC38 /* Assets.xcassets in Resources */,
			);
			runOnlyForDeploymentPostprocessing = 0;
		};
/* End PBXResourcesBuildPhase section */

/* Begin PBXSourcesBuildPhase section */
		C027D1BB29A36856008BDC38 /* Sources */ = {
			isa = PBXSourcesBuildPhase;
			buildActionMask = 2147483647;
			files = (
				C027D1E029A39DE7008BDC38 /* Constant.swift in Sources */,
				C027D1DC29A36C60008BDC38 /* Protocols.swift in Sources */,
				C027D1C729A36856008BDC38 /* ViewController.swift in Sources */,
				C027D1DA29A36BFA008BDC38 /* ImageLoadTableViewCell.swift in Sources */,
				C027D1E429A48538008BDC38 /* UIButton+.swift in Sources */,
				C027D1C329A36856008BDC38 /* AppDelegate.swift in Sources */,
				C027D1E229A3A068008BDC38 /* UIImage+.swift in Sources */,
				C027D1EF29A48CBD008BDC38 /* UIProgressView+.swift in Sources */,
				C027D1DE29A391D2008BDC38 /* ViewModel.swift in Sources */,
				C027D1C529A36856008BDC38 /* SceneDelegate.swift in Sources */,
			);
			runOnlyForDeploymentPostprocessing = 0;
		};
/* End PBXSourcesBuildPhase section */

/* Begin PBXVariantGroup section */
		C027D1CD29A36857008BDC38 /* LaunchScreen.storyboard */ = {
			isa = PBXVariantGroup;
			children = (
				C027D1CE29A36857008BDC38 /* Base */,
			);
			name = LaunchScreen.storyboard;
			sourceTree = "<group>";
		};
/* End PBXVariantGroup section */

/* Begin XCBuildConfiguration section */
		C027D1D129A36857008BDC38 /* Debug */ = {
			isa = XCBuildConfiguration;
			buildSettings = {
				ALWAYS_SEARCH_USER_PATHS = NO;
				CLANG_ANALYZER_NONNULL = YES;
				CLANG_ANALYZER_NUMBER_OBJECT_CONVERSION = YES_AGGRESSIVE;
				CLANG_CXX_LANGUAGE_STANDARD = "gnu++20";
				CLANG_ENABLE_MODULES = YES;
				CLANG_ENABLE_OBJC_ARC = YES;
				CLANG_ENABLE_OBJC_WEAK = YES;
				CLANG_WARN_BLOCK_CAPTURE_AUTORELEASING = YES;
				CLANG_WARN_BOOL_CONVERSION = YES;
				CLANG_WARN_COMMA = YES;
				CLANG_WARN_CONSTANT_CONVERSION = YES;
				CLANG_WARN_DEPRECATED_OBJC_IMPLEMENTATIONS = YES;
				CLANG_WARN_DIRECT_OBJC_ISA_USAGE = YES_ERROR;
				CLANG_WARN_DOCUMENTATION_COMMENTS = YES;
				CLANG_WARN_EMPTY_BODY = YES;
				CLANG_WARN_ENUM_CONVERSION = YES;
				CLANG_WARN_INFINITE_RECURSION = YES;
				CLANG_WARN_INT_CONVERSION = YES;
				CLANG_WARN_NON_LITERAL_NULL_CONVERSION = YES;
				CLANG_WARN_OBJC_IMPLICIT_RETAIN_SELF = YES;
				CLANG_WARN_OBJC_LITERAL_CONVERSION = YES;
				CLANG_WARN_OBJC_ROOT_CLASS = YES_ERROR;
				CLANG_WARN_QUOTED_INCLUDE_IN_FRAMEWORK_HEADER = YES;
				CLANG_WARN_RANGE_LOOP_ANALYSIS = YES;
				CLANG_WARN_STRICT_PROTOTYPES = YES;
				CLANG_WARN_SUSPICIOUS_MOVE = YES;
				CLANG_WARN_UNGUARDED_AVAILABILITY = YES_AGGRESSIVE;
				CLANG_WARN_UNREACHABLE_CODE = YES;
				CLANG_WARN__DUPLICATE_METHOD_MATCH = YES;
				COPY_PHASE_STRIP = NO;
				DEBUG_INFORMATION_FORMAT = dwarf;
				ENABLE_STRICT_OBJC_MSGSEND = YES;
				ENABLE_TESTABILITY = YES;
				GCC_C_LANGUAGE_STANDARD = gnu11;
				GCC_DYNAMIC_NO_PIC = NO;
				GCC_NO_COMMON_BLOCKS = YES;
				GCC_OPTIMIZATION_LEVEL = 0;
				GCC_PREPROCESSOR_DEFINITIONS = (
					"DEBUG=1",
					"$(inherited)",
				);
				GCC_WARN_64_TO_32_BIT_CONVERSION = YES;
				GCC_WARN_ABOUT_RETURN_TYPE = YES_ERROR;
				GCC_WARN_UNDECLARED_SELECTOR = YES;
				GCC_WARN_UNINITIALIZED_AUTOS = YES_AGGRESSIVE;
				GCC_WARN_UNUSED_FUNCTION = YES;
				GCC_WARN_UNUSED_VARIABLE = YES;
				IPHONEOS_DEPLOYMENT_TARGET = 16.2;
				MTL_ENABLE_DEBUG_INFO = INCLUDE_SOURCE;
				MTL_FAST_MATH = YES;
				ONLY_ACTIVE_ARCH = YES;
				SDKROOT = iphoneos;
				SWIFT_ACTIVE_COMPILATION_CONDITIONS = DEBUG;
				SWIFT_OPTIMIZATION_LEVEL = "-Onone";
			};
			name = Debug;
		};
		C027D1D229A36857008BDC38 /* Release */ = {
			isa = XCBuildConfiguration;
			buildSettings = {
				ALWAYS_SEARCH_USER_PATHS = NO;
				CLANG_ANALYZER_NONNULL = YES;
				CLANG_ANALYZER_NUMBER_OBJECT_CONVERSION = YES_AGGRESSIVE;
				CLANG_CXX_LANGUAGE_STANDARD = "gnu++20";
				CLANG_ENABLE_MODULES = YES;
				CLANG_ENABLE_OBJC_ARC = YES;
				CLANG_ENABLE_OBJC_WEAK = YES;
				CLANG_WARN_BLOCK_CAPTURE_AUTORELEASING = YES;
				CLANG_WARN_BOOL_CONVERSION = YES;
				CLANG_WARN_COMMA = YES;
				CLANG_WARN_CONSTANT_CONVERSION = YES;
				CLANG_WARN_DEPRECATED_OBJC_IMPLEMENTATIONS = YES;
				CLANG_WARN_DIRECT_OBJC_ISA_USAGE = YES_ERROR;
				CLANG_WARN_DOCUMENTATION_COMMENTS = YES;
				CLANG_WARN_EMPTY_BODY = YES;
				CLANG_WARN_ENUM_CONVERSION = YES;
				CLANG_WARN_INFINITE_RECURSION = YES;
				CLANG_WARN_INT_CONVERSION = YES;
				CLANG_WARN_NON_LITERAL_NULL_CONVERSION = YES;
				CLANG_WARN_OBJC_IMPLICIT_RETAIN_SELF = YES;
				CLANG_WARN_OBJC_LITERAL_CONVERSION = YES;
				CLANG_WARN_OBJC_ROOT_CLASS = YES_ERROR;
				CLANG_WARN_QUOTED_INCLUDE_IN_FRAMEWORK_HEADER = YES;
				CLANG_WARN_RANGE_LOOP_ANALYSIS = YES;
				CLANG_WARN_STRICT_PROTOTYPES = YES;
				CLANG_WARN_SUSPICIOUS_MOVE = YES;
				CLANG_WARN_UNGUARDED_AVAILABILITY = YES_AGGRESSIVE;
				CLANG_WARN_UNREACHABLE_CODE = YES;
				CLANG_WARN__DUPLICATE_METHOD_MATCH = YES;
				COPY_PHASE_STRIP = NO;
				DEBUG_INFORMATION_FORMAT = "dwarf-with-dsym";
				ENABLE_NS_ASSERTIONS = NO;
				ENABLE_STRICT_OBJC_MSGSEND = YES;
				GCC_C_LANGUAGE_STANDARD = gnu11;
				GCC_NO_COMMON_BLOCKS = YES;
				GCC_WARN_64_TO_32_BIT_CONVERSION = YES;
				GCC_WARN_ABOUT_RETURN_TYPE = YES_ERROR;
				GCC_WARN_UNDECLARED_SELECTOR = YES;
				GCC_WARN_UNINITIALIZED_AUTOS = YES_AGGRESSIVE;
				GCC_WARN_UNUSED_FUNCTION = YES;
				GCC_WARN_UNUSED_VARIABLE = YES;
				IPHONEOS_DEPLOYMENT_TARGET = 16.2;
				MTL_ENABLE_DEBUG_INFO = NO;
				MTL_FAST_MATH = YES;
				SDKROOT = iphoneos;
				SWIFT_COMPILATION_MODE = wholemodule;
				SWIFT_OPTIMIZATION_LEVEL = "-O";
				VALIDATE_PRODUCT = YES;
			};
			name = Release;
		};
		C027D1D429A36857008BDC38 /* Debug */ = {
			isa = XCBuildConfiguration;
			buildSettings = {
				ASSETCATALOG_COMPILER_APPICON_NAME = AppIcon;
				ASSETCATALOG_COMPILER_GLOBAL_ACCENT_COLOR_NAME = AccentColor;
				CODE_SIGN_STYLE = Automatic;
				CURRENT_PROJECT_VERSION = 1;
				DEVELOPMENT_TEAM = Z225784MRD;
				GENERATE_INFOPLIST_FILE = YES;
				INFOPLIST_FILE = WantedPreOnBoardingiOS/Source/Info.plist;
				INFOPLIST_KEY_UIApplicationSupportsIndirectInputEvents = YES;
				INFOPLIST_KEY_UILaunchStoryboardName = LaunchScreen;
				INFOPLIST_KEY_UISupportedInterfaceOrientations_iPad = "UIInterfaceOrientationPortrait UIInterfaceOrientationPortraitUpsideDown UIInterfaceOrientationLandscapeLeft UIInterfaceOrientationLandscapeRight";
				INFOPLIST_KEY_UISupportedInterfaceOrientations_iPhone = "UIInterfaceOrientationPortrait UIInterfaceOrientationLandscapeLeft UIInterfaceOrientationLandscapeRight";
				LD_RUNPATH_SEARCH_PATHS = (
					"$(inherited)",
					"@executable_path/Frameworks",
				);
				MARKETING_VERSION = 1.0;
				PRODUCT_BUNDLE_IDENTIFIER = uikit.WantedPreOnBoardingiOS;
				PRODUCT_NAME = "$(TARGET_NAME)";
				SWIFT_EMIT_LOC_STRINGS = YES;
				SWIFT_VERSION = 5.0;
				TARGETED_DEVICE_FAMILY = "1,2";
			};
			name = Debug;
		};
		C027D1D529A36857008BDC38 /* Release */ = {
			isa = XCBuildConfiguration;
			buildSettings = {
				ASSETCATALOG_COMPILER_APPICON_NAME = AppIcon;
				ASSETCATALOG_COMPILER_GLOBAL_ACCENT_COLOR_NAME = AccentColor;
				CODE_SIGN_STYLE = Automatic;
				CURRENT_PROJECT_VERSION = 1;
				DEVELOPMENT_TEAM = Z225784MRD;
				GENERATE_INFOPLIST_FILE = YES;
				INFOPLIST_FILE = WantedPreOnBoardingiOS/Source/Info.plist;
				INFOPLIST_KEY_UIApplicationSupportsIndirectInputEvents = YES;
				INFOPLIST_KEY_UILaunchStoryboardName = LaunchScreen;
				INFOPLIST_KEY_UISupportedInterfaceOrientations_iPad = "UIInterfaceOrientationPortrait UIInterfaceOrientationPortraitUpsideDown UIInterfaceOrientationLandscapeLeft UIInterfaceOrientationLandscapeRight";
				INFOPLIST_KEY_UISupportedInterfaceOrientations_iPhone = "UIInterfaceOrientationPortrait UIInterfaceOrientationLandscapeLeft UIInterfaceOrientationLandscapeRight";
				LD_RUNPATH_SEARCH_PATHS = (
					"$(inherited)",
					"@executable_path/Frameworks",
				);
				MARKETING_VERSION = 1.0;
				PRODUCT_BUNDLE_IDENTIFIER = uikit.WantedPreOnBoardingiOS;
				PRODUCT_NAME = "$(TARGET_NAME)";
				SWIFT_EMIT_LOC_STRINGS = YES;
				SWIFT_VERSION = 5.0;
				TARGETED_DEVICE_FAMILY = "1,2";
			};
			name = Release;
		};
/* End XCBuildConfiguration section */

/* Begin XCConfigurationList section */
		C027D1BA29A36856008BDC38 /* Build configuration list for PBXProject "WantedPreOnBoardingiOS" */ = {
			isa = XCConfigurationList;
			buildConfigurations = (
				C027D1D129A36857008BDC38 /* Debug */,
				C027D1D229A36857008BDC38 /* Release */,
			);
			defaultConfigurationIsVisible = 0;
			defaultConfigurationName = Release;
		};
		C027D1D329A36857008BDC38 /* Build configuration list for PBXNativeTarget "WantedPreOnBoardingiOS" */ = {
			isa = XCConfigurationList;
			buildConfigurations = (
				C027D1D429A36857008BDC38 /* Debug */,
				C027D1D529A36857008BDC38 /* Release */,
			);
			defaultConfigurationIsVisible = 0;
			defaultConfigurationName = Release;
		};
/* End XCConfigurationList section */

/* Begin XCRemoteSwiftPackageReference section */
		C027D1D629A368E7008BDC38 /* XCRemoteSwiftPackageReference "SnapKit" */ = {
			isa = XCRemoteSwiftPackageReference;
			repositoryURL = "https://github.com/SnapKit/SnapKit";
			requirement = {
				kind = upToNextMajorVersion;
				minimumVersion = 5.0.0;
			};
		};
/* End XCRemoteSwiftPackageReference section */

/* Begin XCSwiftPackageProductDependency section */
		C027D1D729A368E7008BDC38 /* SnapKit */ = {
			isa = XCSwiftPackageProductDependency;
			package = C027D1D629A368E7008BDC38 /* XCRemoteSwiftPackageReference "SnapKit" */;
			productName = SnapKit;
		};
/* End XCSwiftPackageProductDependency section */
	};
	rootObject = C027D1B729A36856008BDC38 /* Project object */;
}
