// !$*UTF8*$!
{
	archiveVersion = 1;
	classes = {
	};
	objectVersion = 55;
	objects = {

/* Begin PBXBuildFile section */
		C0FA722F28A7FC7500633158 /* AppDelegate.swift in Sources */ = {isa = PBXBuildFile; fileRef = C0FA722E28A7FC7500633158 /* AppDelegate.swift */; };
		C0FA723128A7FC7500633158 /* SceneDelegate.swift in Sources */ = {isa = PBXBuildFile; fileRef = C0FA723028A7FC7500633158 /* SceneDelegate.swift */; };
		C0FA723328A7FC7500633158 /* ViewController.swift in Sources */ = {isa = PBXBuildFile; fileRef = C0FA723228A7FC7500633158 /* ViewController.swift */; };
		C0FA723628A7FC7500633158 /* Main.storyboard in Resources */ = {isa = PBXBuildFile; fileRef = C0FA723428A7FC7500633158 /* Main.storyboard */; };
		C0FA723828A7FC7600633158 /* Assets.xcassets in Resources */ = {isa = PBXBuildFile; fileRef = C0FA723728A7FC7600633158 /* Assets.xcassets */; };
		C0FA723B28A7FC7600633158 /* LaunchScreen.storyboard in Resources */ = {isa = PBXBuildFile; fileRef = C0FA723928A7FC7600633158 /* LaunchScreen.storyboard */; };
		C0FA724628A7FC7600633158 /* MyFirstAppTests.swift in Sources */ = {isa = PBXBuildFile; fileRef = C0FA724528A7FC7600633158 /* MyFirstAppTests.swift */; };
		C0FA725028A7FC7600633158 /* MyFirstAppUITests.swift in Sources */ = {isa = PBXBuildFile; fileRef = C0FA724F28A7FC7600633158 /* MyFirstAppUITests.swift */; };
		C0FA725228A7FC7600633158 /* MyFirstAppUITestsLaunchTests.swift in Sources */ = {isa = PBXBuildFile; fileRef = C0FA725128A7FC7600633158 /* MyFirstAppUITestsLaunchTests.swift */; };
/* End PBXBuildFile section */

/* Begin PBXContainerItemProxy section */
		C0FA724228A7FC7600633158 /* PBXContainerItemProxy */ = {
			isa = PBXContainerItemProxy;
			containerPortal = C0FA722328A7FC7500633158 /* Project object */;
			proxyType = 1;
			remoteGlobalIDString = C0FA722A28A7FC7500633158;
			remoteInfo = MyFirstApp;
		};
		C0FA724C28A7FC7600633158 /* PBXContainerItemProxy */ = {
			isa = PBXContainerItemProxy;
			containerPortal = C0FA722328A7FC7500633158 /* Project object */;
			proxyType = 1;
			remoteGlobalIDString = C0FA722A28A7FC7500633158;
			remoteInfo = MyFirstApp;
		};
/* End PBXContainerItemProxy section */

/* Begin PBXFileReference section */
		C0FA722B28A7FC7500633158 /* MyFirstApp.app */ = {isa = PBXFileReference; explicitFileType = wrapper.application; includeInIndex = 0; path = MyFirstApp.app; sourceTree = BUILT_PRODUCTS_DIR; };
		C0FA722E28A7FC7500633158 /* AppDelegate.swift */ = {isa = PBXFileReference; lastKnownFileType = sourcecode.swift; path = AppDelegate.swift; sourceTree = "<group>"; };
		C0FA723028A7FC7500633158 /* SceneDelegate.swift */ = {isa = PBXFileReference; lastKnownFileType = sourcecode.swift; path = SceneDelegate.swift; sourceTree = "<group>"; };
		C0FA723228A7FC7500633158 /* ViewController.swift */ = {isa = PBXFileReference; lastKnownFileType = sourcecode.swift; path = ViewController.swift; sourceTree = "<group>"; };
		C0FA723528A7FC7500633158 /* Base */ = {isa = PBXFileReference; lastKnownFileType = file.storyboard; name = Base; path = Base.lproj/Main.storyboard; sourceTree = "<group>"; };
		C0FA723728A7FC7600633158 /* Assets.xcassets */ = {isa = PBXFileReference; lastKnownFileType = folder.assetcatalog; path = Assets.xcassets; sourceTree = "<group>"; };
		C0FA723A28A7FC7600633158 /* Base */ = {isa = PBXFileReference; lastKnownFileType = file.storyboard; name = Base; path = Base.lproj/LaunchScreen.storyboard; sourceTree = "<group>"; };
		C0FA723C28A7FC7600633158 /* Info.plist */ = {isa = PBXFileReference; lastKnownFileType = text.plist.xml; path = Info.plist; sourceTree = "<group>"; };
		C0FA724128A7FC7600633158 /* MyFirstAppTests.xctest */ = {isa = PBXFileReference; explicitFileType = wrapper.cfbundle; includeInIndex = 0; path = MyFirstAppTests.xctest; sourceTree = BUILT_PRODUCTS_DIR; };
		C0FA724528A7FC7600633158 /* MyFirstAppTests.swift */ = {isa = PBXFileReference; lastKnownFileType = sourcecode.swift; path = MyFirstAppTests.swift; sourceTree = "<group>"; };
		C0FA724B28A7FC7600633158 /* MyFirstAppUITests.xctest */ = {isa = PBXFileReference; explicitFileType = wrapper.cfbundle; includeInIndex = 0; path = MyFirstAppUITests.xctest; sourceTree = BUILT_PRODUCTS_DIR; };
		C0FA724F28A7FC7600633158 /* MyFirstAppUITests.swift */ = {isa = PBXFileReference; lastKnownFileType = sourcecode.swift; path = MyFirstAppUITests.swift; sourceTree = "<group>"; };
		C0FA725128A7FC7600633158 /* MyFirstAppUITestsLaunchTests.swift */ = {isa = PBXFileReference; lastKnownFileType = sourcecode.swift; path = MyFirstAppUITestsLaunchTests.swift; sourceTree = "<group>"; };
/* End PBXFileReference section */

/* Begin PBXFrameworksBuildPhase section */
		C0FA722828A7FC7500633158 /* Frameworks */ = {
			isa = PBXFrameworksBuildPhase;
			buildActionMask = 2147483647;
			files = (
			);
			runOnlyForDeploymentPostprocessing = 0;
		};
		C0FA723E28A7FC7600633158 /* Frameworks */ = {
			isa = PBXFrameworksBuildPhase;
			buildActionMask = 2147483647;
			files = (
			);
			runOnlyForDeploymentPostprocessing = 0;
		};
		C0FA724828A7FC7600633158 /* Frameworks */ = {
			isa = PBXFrameworksBuildPhase;
			buildActionMask = 2147483647;
			files = (
			);
			runOnlyForDeploymentPostprocessing = 0;
		};
/* End PBXFrameworksBuildPhase section */

/* Begin PBXGroup section */
		C0FA722228A7FC7500633158 = {
			isa = PBXGroup;
			children = (
				C0FA722D28A7FC7500633158 /* MyFirstApp */,
				C0FA724428A7FC7600633158 /* MyFirstAppTests */,
				C0FA724E28A7FC7600633158 /* MyFirstAppUITests */,
				C0FA722C28A7FC7500633158 /* Products */,
			);
			sourceTree = "<group>";
		};
		C0FA722C28A7FC7500633158 /* Products */ = {
			isa = PBXGroup;
			children = (
				C0FA722B28A7FC7500633158 /* MyFirstApp.app */,
				C0FA724128A7FC7600633158 /* MyFirstAppTests.xctest */,
				C0FA724B28A7FC7600633158 /* MyFirstAppUITests.xctest */,
			);
			name = Products;
			sourceTree = "<group>";
		};
		C0FA722D28A7FC7500633158 /* MyFirstApp */ = {
			isa = PBXGroup;
			children = (
				C0FA722E28A7FC7500633158 /* AppDelegate.swift */,
				C0FA723028A7FC7500633158 /* SceneDelegate.swift */,
				C0FA723228A7FC7500633158 /* ViewController.swift */,
				C0FA723428A7FC7500633158 /* Main.storyboard */,
				C0FA723728A7FC7600633158 /* Assets.xcassets */,
				C0FA723928A7FC7600633158 /* LaunchScreen.storyboard */,
				C0FA723C28A7FC7600633158 /* Info.plist */,
			);
			path = MyFirstApp;
			sourceTree = "<group>";
		};
		C0FA724428A7FC7600633158 /* MyFirstAppTests */ = {
			isa = PBXGroup;
			children = (
				C0FA724528A7FC7600633158 /* MyFirstAppTests.swift */,
			);
			path = MyFirstAppTests;
			sourceTree = "<group>";
		};
		C0FA724E28A7FC7600633158 /* MyFirstAppUITests */ = {
			isa = PBXGroup;
			children = (
				C0FA724F28A7FC7600633158 /* MyFirstAppUITests.swift */,
				C0FA725128A7FC7600633158 /* MyFirstAppUITestsLaunchTests.swift */,
			);
			path = MyFirstAppUITests;
			sourceTree = "<group>";
		};
/* End PBXGroup section */

/* Begin PBXNativeTarget section */
		C0FA722A28A7FC7500633158 /* MyFirstApp */ = {
			isa = PBXNativeTarget;
			buildConfigurationList = C0FA725528A7FC7600633158 /* Build configuration list for PBXNativeTarget "MyFirstApp" */;
			buildPhases = (
				C0FA722728A7FC7500633158 /* Sources */,
				C0FA722828A7FC7500633158 /* Frameworks */,
				C0FA722928A7FC7500633158 /* Resources */,
			);
			buildRules = (
			);
			dependencies = (
			);
			name = MyFirstApp;
			productName = MyFirstApp;
			productReference = C0FA722B28A7FC7500633158 /* MyFirstApp.app */;
			productType = "com.apple.product-type.application";
		};
		C0FA724028A7FC7600633158 /* MyFirstAppTests */ = {
			isa = PBXNativeTarget;
			buildConfigurationList = C0FA725828A7FC7600633158 /* Build configuration list for PBXNativeTarget "MyFirstAppTests" */;
			buildPhases = (
				C0FA723D28A7FC7600633158 /* Sources */,
				C0FA723E28A7FC7600633158 /* Frameworks */,
				C0FA723F28A7FC7600633158 /* Resources */,
			);
			buildRules = (
			);
			dependencies = (
				C0FA724328A7FC7600633158 /* PBXTargetDependency */,
			);
			name = MyFirstAppTests;
			productName = MyFirstAppTests;
			productReference = C0FA724128A7FC7600633158 /* MyFirstAppTests.xctest */;
			productType = "com.apple.product-type.bundle.unit-test";
		};
		C0FA724A28A7FC7600633158 /* MyFirstAppUITests */ = {
			isa = PBXNativeTarget;
			buildConfigurationList = C0FA725B28A7FC7600633158 /* Build configuration list for PBXNativeTarget "MyFirstAppUITests" */;
			buildPhases = (
				C0FA724728A7FC7600633158 /* Sources */,
				C0FA724828A7FC7600633158 /* Frameworks */,
				C0FA724928A7FC7600633158 /* Resources */,
			);
			buildRules = (
			);
			dependencies = (
				C0FA724D28A7FC7600633158 /* PBXTargetDependency */,
			);
			name = MyFirstAppUITests;
			productName = MyFirstAppUITests;
			productReference = C0FA724B28A7FC7600633158 /* MyFirstAppUITests.xctest */;
			productType = "com.apple.product-type.bundle.ui-testing";
		};
/* End PBXNativeTarget section */

/* Begin PBXProject section */
		C0FA722328A7FC7500633158 /* Project object */ = {
			isa = PBXProject;
			attributes = {
				BuildIndependentTargetsInParallel = 1;
				LastSwiftUpdateCheck = 1340;
				LastUpgradeCheck = 1340;
				TargetAttributes = {
					C0FA722A28A7FC7500633158 = {
						CreatedOnToolsVersion = 13.4.1;
					};
					C0FA724028A7FC7600633158 = {
						CreatedOnToolsVersion = 13.4.1;
						TestTargetID = C0FA722A28A7FC7500633158;
					};
					C0FA724A28A7FC7600633158 = {
						CreatedOnToolsVersion = 13.4.1;
						TestTargetID = C0FA722A28A7FC7500633158;
					};
				};
			};
			buildConfigurationList = C0FA722628A7FC7500633158 /* Build configuration list for PBXProject "MyFirstApp" */;
			compatibilityVersion = "Xcode 13.0";
			developmentRegion = en;
			hasScannedForEncodings = 0;
			knownRegions = (
				en,
				Base,
			);
			mainGroup = C0FA722228A7FC7500633158;
			productRefGroup = C0FA722C28A7FC7500633158 /* Products */;
			projectDirPath = "";
			projectRoot = "";
			targets = (
				C0FA722A28A7FC7500633158 /* MyFirstApp */,
				C0FA724028A7FC7600633158 /* MyFirstAppTests */,
				C0FA724A28A7FC7600633158 /* MyFirstAppUITests */,
			);
		};
/* End PBXProject section */

/* Begin PBXResourcesBuildPhase section */
		C0FA722928A7FC7500633158 /* Resources */ = {
			isa = PBXResourcesBuildPhase;
			buildActionMask = 2147483647;
			files = (
				C0FA723B28A7FC7600633158 /* LaunchScreen.storyboard in Resources */,
				C0FA723828A7FC7600633158 /* Assets.xcassets in Resources */,
				C0FA723628A7FC7500633158 /* Main.storyboard in Resources */,
			);
			runOnlyForDeploymentPostprocessing = 0;
		};
		C0FA723F28A7FC7600633158 /* Resources */ = {
			isa = PBXResourcesBuildPhase;
			buildActionMask = 2147483647;
			files = (
			);
			runOnlyForDeploymentPostprocessing = 0;
		};
		C0FA724928A7FC7600633158 /* Resources */ = {
			isa = PBXResourcesBuildPhase;
			buildActionMask = 2147483647;
			files = (
			);
			runOnlyForDeploymentPostprocessing = 0;
		};
/* End PBXResourcesBuildPhase section */

/* Begin PBXSourcesBuildPhase section */
		C0FA722728A7FC7500633158 /* Sources */ = {
			isa = PBXSourcesBuildPhase;
			buildActionMask = 2147483647;
			files = (
				C0FA723328A7FC7500633158 /* ViewController.swift in Sources */,
				C0FA722F28A7FC7500633158 /* AppDelegate.swift in Sources */,
				C0FA723128A7FC7500633158 /* SceneDelegate.swift in Sources */,
			);
			runOnlyForDeploymentPostprocessing = 0;
		};
		C0FA723D28A7FC7600633158 /* Sources */ = {
			isa = PBXSourcesBuildPhase;
			buildActionMask = 2147483647;
			files = (
				C0FA724628A7FC7600633158 /* MyFirstAppTests.swift in Sources */,
			);
			runOnlyForDeploymentPostprocessing = 0;
		};
		C0FA724728A7FC7600633158 /* Sources */ = {
			isa = PBXSourcesBuildPhase;
			buildActionMask = 2147483647;
			files = (
				C0FA725028A7FC7600633158 /* MyFirstAppUITests.swift in Sources */,
				C0FA725228A7FC7600633158 /* MyFirstAppUITestsLaunchTests.swift in Sources */,
			);
			runOnlyForDeploymentPostprocessing = 0;
		};
/* End PBXSourcesBuildPhase section */

/* Begin PBXTargetDependency section */
		C0FA724328A7FC7600633158 /* PBXTargetDependency */ = {
			isa = PBXTargetDependency;
			target = C0FA722A28A7FC7500633158 /* MyFirstApp */;
			targetProxy = C0FA724228A7FC7600633158 /* PBXContainerItemProxy */;
		};
		C0FA724D28A7FC7600633158 /* PBXTargetDependency */ = {
			isa = PBXTargetDependency;
			target = C0FA722A28A7FC7500633158 /* MyFirstApp */;
			targetProxy = C0FA724C28A7FC7600633158 /* PBXContainerItemProxy */;
		};
/* End PBXTargetDependency section */

/* Begin PBXVariantGroup section */
		C0FA723428A7FC7500633158 /* Main.storyboard */ = {
			isa = PBXVariantGroup;
			children = (
				C0FA723528A7FC7500633158 /* Base */,
			);
			name = Main.storyboard;
			sourceTree = "<group>";
		};
		C0FA723928A7FC7600633158 /* LaunchScreen.storyboard */ = {
			isa = PBXVariantGroup;
			children = (
				C0FA723A28A7FC7600633158 /* Base */,
			);
			name = LaunchScreen.storyboard;
			sourceTree = "<group>";
		};
/* End PBXVariantGroup section */

/* Begin XCBuildConfiguration section */
		C0FA725328A7FC7600633158 /* Debug */ = {
			isa = XCBuildConfiguration;
			buildSettings = {
				ALWAYS_SEARCH_USER_PATHS = NO;
				CLANG_ANALYZER_NONNULL = YES;
				CLANG_ANALYZER_NUMBER_OBJECT_CONVERSION = YES_AGGRESSIVE;
				CLANG_CXX_LANGUAGE_STANDARD = "gnu++17";
				CLANG_ENABLE_MODULES = YES;
				CLANG_ENABLE_OBJC_ARC = YES;
				CLANG_ENABLE_OBJC_WEAK = YES;
				CLANG_WARN_BLOCK_CAPTURE_AUTORELEASING = YES;
				CLANG_WARN_BOOL_CONVERSION = YES;
				CLANG_WARN_COMMA = YES;
				CLANG_WARN_CONSTANT_CONVERSION = YES;
				CLANG_WARN_DEPRECATED_OBJC_IMPLEMENTATIONS = YES;
				CLANG_WARN_DIRECT_OBJC_ISA_USAGE = YES_ERROR;
				CLANG_WARN_DOCUMENTATION_COMMENTS = YES;
				CLANG_WARN_EMPTY_BODY = YES;
				CLANG_WARN_ENUM_CONVERSION = YES;
				CLANG_WARN_INFINITE_RECURSION = YES;
				CLANG_WARN_INT_CONVERSION = YES;
				CLANG_WARN_NON_LITERAL_NULL_CONVERSION = YES;
				CLANG_WARN_OBJC_IMPLICIT_RETAIN_SELF = YES;
				CLANG_WARN_OBJC_LITERAL_CONVERSION = YES;
				CLANG_WARN_OBJC_ROOT_CLASS = YES_ERROR;
				CLANG_WARN_QUOTED_INCLUDE_IN_FRAMEWORK_HEADER = YES;
				CLANG_WARN_RANGE_LOOP_ANALYSIS = YES;
				CLANG_WARN_STRICT_PROTOTYPES = YES;
				CLANG_WARN_SUSPICIOUS_MOVE = YES;
				CLANG_WARN_UNGUARDED_AVAILABILITY = YES_AGGRESSIVE;
				CLANG_WARN_UNREACHABLE_CODE = YES;
				CLANG_WARN__DUPLICATE_METHOD_MATCH = YES;
				COPY_PHASE_STRIP = NO;
				DEBUG_INFORMATION_FORMAT = dwarf;
				ENABLE_STRICT_OBJC_MSGSEND = YES;
				ENABLE_TESTABILITY = YES;
				GCC_C_LANGUAGE_STANDARD = gnu11;
				GCC_DYNAMIC_NO_PIC = NO;
				GCC_NO_COMMON_BLOCKS = YES;
				GCC_OPTIMIZATION_LEVEL = 0;
				GCC_PREPROCESSOR_DEFINITIONS = (
					"DEBUG=1",
					"$(inherited)",
				);
				GCC_WARN_64_TO_32_BIT_CONVERSION = YES;
				GCC_WARN_ABOUT_RETURN_TYPE = YES_ERROR;
				GCC_WARN_UNDECLARED_SELECTOR = YES;
				GCC_WARN_UNINITIALIZED_AUTOS = YES_AGGRESSIVE;
				GCC_WARN_UNUSED_FUNCTION = YES;
				GCC_WARN_UNUSED_VARIABLE = YES;
				IPHONEOS_DEPLOYMENT_TARGET = 15.5;
				MTL_ENABLE_DEBUG_INFO = INCLUDE_SOURCE;
				MTL_FAST_MATH = YES;
				ONLY_ACTIVE_ARCH = YES;
				SDKROOT = iphoneos;
				SWIFT_ACTIVE_COMPILATION_CONDITIONS = DEBUG;
				SWIFT_OPTIMIZATION_LEVEL = "-Onone";
			};
			name = Debug;
		};
		C0FA725428A7FC7600633158 /* Release */ = {
			isa = XCBuildConfiguration;
			buildSettings = {
				ALWAYS_SEARCH_USER_PATHS = NO;
				CLANG_ANALYZER_NONNULL = YES;
				CLANG_ANALYZER_NUMBER_OBJECT_CONVERSION = YES_AGGRESSIVE;
				CLANG_CXX_LANGUAGE_STANDARD = "gnu++17";
				CLANG_ENABLE_MODULES = YES;
				CLANG_ENABLE_OBJC_ARC = YES;
				CLANG_ENABLE_OBJC_WEAK = YES;
				CLANG_WARN_BLOCK_CAPTURE_AUTORELEASING = YES;
				CLANG_WARN_BOOL_CONVERSION = YES;
				CLANG_WARN_COMMA = YES;
				CLANG_WARN_CONSTANT_CONVERSION = YES;
				CLANG_WARN_DEPRECATED_OBJC_IMPLEMENTATIONS = YES;
				CLANG_WARN_DIRECT_OBJC_ISA_USAGE = YES_ERROR;
				CLANG_WARN_DOCUMENTATION_COMMENTS = YES;
				CLANG_WARN_EMPTY_BODY = YES;
				CLANG_WARN_ENUM_CONVERSION = YES;
				CLANG_WARN_INFINITE_RECURSION = YES;
				CLANG_WARN_INT_CONVERSION = YES;
				CLANG_WARN_NON_LITERAL_NULL_CONVERSION = YES;
				CLANG_WARN_OBJC_IMPLICIT_RETAIN_SELF = YES;
				CLANG_WARN_OBJC_LITERAL_CONVERSION = YES;
				CLANG_WARN_OBJC_ROOT_CLASS = YES_ERROR;
				CLANG_WARN_QUOTED_INCLUDE_IN_FRAMEWORK_HEADER = YES;
				CLANG_WARN_RANGE_LOOP_ANALYSIS = YES;
				CLANG_WARN_STRICT_PROTOTYPES = YES;
				CLANG_WARN_SUSPICIOUS_MOVE = YES;
				CLANG_WARN_UNGUARDED_AVAILABILITY = YES_AGGRESSIVE;
				CLANG_WARN_UNREACHABLE_CODE = YES;
				CLANG_WARN__DUPLICATE_METHOD_MATCH = YES;
				COPY_PHASE_STRIP = NO;
				DEBUG_INFORMATION_FORMAT = "dwarf-with-dsym";
				ENABLE_NS_ASSERTIONS = NO;
				ENABLE_STRICT_OBJC_MSGSEND = YES;
				GCC_C_LANGUAGE_STANDARD = gnu11;
				GCC_NO_COMMON_BLOCKS = YES;
				GCC_WARN_64_TO_32_BIT_CONVERSION = YES;
				GCC_WARN_ABOUT_RETURN_TYPE = YES_ERROR;
				GCC_WARN_UNDECLARED_SELECTOR = YES;
				GCC_WARN_UNINITIALIZED_AUTOS = YES_AGGRESSIVE;
				GCC_WARN_UNUSED_FUNCTION = YES;
				GCC_WARN_UNUSED_VARIABLE = YES;
				IPHONEOS_DEPLOYMENT_TARGET = 15.5;
				MTL_ENABLE_DEBUG_INFO = NO;
				MTL_FAST_MATH = YES;
				SDKROOT = iphoneos;
				SWIFT_COMPILATION_MODE = wholemodule;
				SWIFT_OPTIMIZATION_LEVEL = "-O";
				VALIDATE_PRODUCT = YES;
			};
			name = Release;
		};
		C0FA725628A7FC7600633158 /* Debug */ = {
			isa = XCBuildConfiguration;
			buildSettings = {
				ASSETCATALOG_COMPILER_APPICON_NAME = AppIcon;
				ASSETCATALOG_COMPILER_GLOBAL_ACCENT_COLOR_NAME = AccentColor;
				CODE_SIGN_STYLE = Automatic;
				CURRENT_PROJECT_VERSION = 1;
				GENERATE_INFOPLIST_FILE = YES;
				INFOPLIST_FILE = MyFirstApp/Info.plist;
				INFOPLIST_KEY_UIApplicationSupportsIndirectInputEvents = YES;
				INFOPLIST_KEY_UILaunchStoryboardName = LaunchScreen;
				INFOPLIST_KEY_UIMainStoryboardFile = Main;
				INFOPLIST_KEY_UISupportedInterfaceOrientations_iPad = "UIInterfaceOrientationPortrait UIInterfaceOrientationPortraitUpsideDown UIInterfaceOrientationLandscapeLeft UIInterfaceOrientationLandscapeRight";
				INFOPLIST_KEY_UISupportedInterfaceOrientations_iPhone = "UIInterfaceOrientationPortrait UIInterfaceOrientationLandscapeLeft UIInterfaceOrientationLandscapeRight";
				LD_RUNPATH_SEARCH_PATHS = (
					"$(inherited)",
					"@executable_path/Frameworks",
				);
				MARKETING_VERSION = 1.0;
				PRODUCT_BUNDLE_IDENTIFIER = "uikit-study.MyFirstApp";
				PRODUCT_NAME = "$(TARGET_NAME)";
				SWIFT_EMIT_LOC_STRINGS = YES;
				SWIFT_VERSION = 5.0;
				TARGETED_DEVICE_FAMILY = 1;
			};
			name = Debug;
		};
		C0FA725728A7FC7600633158 /* Release */ = {
			isa = XCBuildConfiguration;
			buildSettings = {
				ASSETCATALOG_COMPILER_APPICON_NAME = AppIcon;
				ASSETCATALOG_COMPILER_GLOBAL_ACCENT_COLOR_NAME = AccentColor;
				CODE_SIGN_STYLE = Automatic;
				CURRENT_PROJECT_VERSION = 1;
				GENERATE_INFOPLIST_FILE = YES;
				INFOPLIST_FILE = MyFirstApp/Info.plist;
				INFOPLIST_KEY_UIApplicationSupportsIndirectInputEvents = YES;
				INFOPLIST_KEY_UILaunchStoryboardName = LaunchScreen;
				INFOPLIST_KEY_UIMainStoryboardFile = Main;
				INFOPLIST_KEY_UISupportedInterfaceOrientations_iPad = "UIInterfaceOrientationPortrait UIInterfaceOrientationPortraitUpsideDown UIInterfaceOrientationLandscapeLeft UIInterfaceOrientationLandscapeRight";
				INFOPLIST_KEY_UISupportedInterfaceOrientations_iPhone = "UIInterfaceOrientationPortrait UIInterfaceOrientationLandscapeLeft UIInterfaceOrientationLandscapeRight";
				LD_RUNPATH_SEARCH_PATHS = (
					"$(inherited)",
					"@executable_path/Frameworks",
				);
				MARKETING_VERSION = 1.0;
				PRODUCT_BUNDLE_IDENTIFIER = "uikit-study.MyFirstApp";
				PRODUCT_NAME = "$(TARGET_NAME)";
				SWIFT_EMIT_LOC_STRINGS = YES;
				SWIFT_VERSION = 5.0;
				TARGETED_DEVICE_FAMILY = 1;
			};
			name = Release;
		};
		C0FA725928A7FC7600633158 /* Debug */ = {
			isa = XCBuildConfiguration;
			buildSettings = {
				ALWAYS_EMBED_SWIFT_STANDARD_LIBRARIES = YES;
				BUNDLE_LOADER = "$(TEST_HOST)";
				CODE_SIGN_STYLE = Automatic;
				CURRENT_PROJECT_VERSION = 1;
				GENERATE_INFOPLIST_FILE = YES;
				IPHONEOS_DEPLOYMENT_TARGET = 15.5;
				MARKETING_VERSION = 1.0;
				PRODUCT_BUNDLE_IDENTIFIER = "uikit-study.MyFirstAppTests";
				PRODUCT_NAME = "$(TARGET_NAME)";
				SWIFT_EMIT_LOC_STRINGS = NO;
				SWIFT_VERSION = 5.0;
				TARGETED_DEVICE_FAMILY = "1,2";
				TEST_HOST = "$(BUILT_PRODUCTS_DIR)/MyFirstApp.app/MyFirstApp";
			};
			name = Debug;
		};
		C0FA725A28A7FC7600633158 /* Release */ = {
			isa = XCBuildConfiguration;
			buildSettings = {
				ALWAYS_EMBED_SWIFT_STANDARD_LIBRARIES = YES;
				BUNDLE_LOADER = "$(TEST_HOST)";
				CODE_SIGN_STYLE = Automatic;
				CURRENT_PROJECT_VERSION = 1;
				GENERATE_INFOPLIST_FILE = YES;
				IPHONEOS_DEPLOYMENT_TARGET = 15.5;
				MARKETING_VERSION = 1.0;
				PRODUCT_BUNDLE_IDENTIFIER = "uikit-study.MyFirstAppTests";
				PRODUCT_NAME = "$(TARGET_NAME)";
				SWIFT_EMIT_LOC_STRINGS = NO;
				SWIFT_VERSION = 5.0;
				TARGETED_DEVICE_FAMILY = "1,2";
				TEST_HOST = "$(BUILT_PRODUCTS_DIR)/MyFirstApp.app/MyFirstApp";
			};
			name = Release;
		};
		C0FA725C28A7FC7600633158 /* Debug */ = {
			isa = XCBuildConfiguration;
			buildSettings = {
				ALWAYS_EMBED_SWIFT_STANDARD_LIBRARIES = YES;
				CODE_SIGN_STYLE = Automatic;
				CURRENT_PROJECT_VERSION = 1;
				GENERATE_INFOPLIST_FILE = YES;
				MARKETING_VERSION = 1.0;
				PRODUCT_BUNDLE_IDENTIFIER = "uikit-study.MyFirstAppUITests";
				PRODUCT_NAME = "$(TARGET_NAME)";
				SWIFT_EMIT_LOC_STRINGS = NO;
				SWIFT_VERSION = 5.0;
				TARGETED_DEVICE_FAMILY = "1,2";
				TEST_TARGET_NAME = MyFirstApp;
			};
			name = Debug;
		};
		C0FA725D28A7FC7600633158 /* Release */ = {
			isa = XCBuildConfiguration;
			buildSettings = {
				ALWAYS_EMBED_SWIFT_STANDARD_LIBRARIES = YES;
				CODE_SIGN_STYLE = Automatic;
				CURRENT_PROJECT_VERSION = 1;
				GENERATE_INFOPLIST_FILE = YES;
				MARKETING_VERSION = 1.0;
				PRODUCT_BUNDLE_IDENTIFIER = "uikit-study.MyFirstAppUITests";
				PRODUCT_NAME = "$(TARGET_NAME)";
				SWIFT_EMIT_LOC_STRINGS = NO;
				SWIFT_VERSION = 5.0;
				TARGETED_DEVICE_FAMILY = "1,2";
				TEST_TARGET_NAME = MyFirstApp;
			};
			name = Release;
		};
/* End XCBuildConfiguration section */

/* Begin XCConfigurationList section */
		C0FA722628A7FC7500633158 /* Build configuration list for PBXProject "MyFirstApp" */ = {
			isa = XCConfigurationList;
			buildConfigurations = (
				C0FA725328A7FC7600633158 /* Debug */,
				C0FA725428A7FC7600633158 /* Release */,
			);
			defaultConfigurationIsVisible = 0;
			defaultConfigurationName = Release;
		};
		C0FA725528A7FC7600633158 /* Build configuration list for PBXNativeTarget "MyFirstApp" */ = {
			isa = XCConfigurationList;
			buildConfigurations = (
				C0FA725628A7FC7600633158 /* Debug */,
				C0FA725728A7FC7600633158 /* Release */,
			);
			defaultConfigurationIsVisible = 0;
			defaultConfigurationName = Release;
		};
		C0FA725828A7FC7600633158 /* Build configuration list for PBXNativeTarget "MyFirstAppTests" */ = {
			isa = XCConfigurationList;
			buildConfigurations = (
				C0FA725928A7FC7600633158 /* Debug */,
				C0FA725A28A7FC7600633158 /* Release */,
			);
			defaultConfigurationIsVisible = 0;
			defaultConfigurationName = Release;
		};
		C0FA725B28A7FC7600633158 /* Build configuration list for PBXNativeTarget "MyFirstAppUITests" */ = {
			isa = XCConfigurationList;
			buildConfigurations = (
				C0FA725C28A7FC7600633158 /* Debug */,
				C0FA725D28A7FC7600633158 /* Release */,
			);
			defaultConfigurationIsVisible = 0;
			defaultConfigurationName = Release;
		};
/* End XCConfigurationList section */
	};
	rootObject = C0FA722328A7FC7500633158 /* Project object */;
}
