// !$*UTF8*$!
{
	archiveVersion = 1;
	classes = {
	};
	objectVersion = 54;
	objects = {

/* Begin PBXBuildFile section */
		1B114218989F1FDD9A1C578C /* Pods_BMI_calculator.framework in Frameworks */ = {isa = PBXBuildFile; fileRef = ACA2D5C4426979463006AD89 /* Pods_BMI_calculator.framework */; };
		C033216A28E7292A00859CBB /* AppDelegate.swift in Sources */ = {isa = PBXBuildFile; fileRef = C033216928E7292A00859CBB /* AppDelegate.swift */; };
		C033216C28E7292A00859CBB /* SceneDelegate.swift in Sources */ = {isa = PBXBuildFile; fileRef = C033216B28E7292A00859CBB /* SceneDelegate.swift */; };
		C033216E28E7292A00859CBB /* ViewController.swift in Sources */ = {isa = PBXBuildFile; fileRef = C033216D28E7292A00859CBB /* ViewController.swift */; };
		C033217128E7292A00859CBB /* Main.storyboard in Resources */ = {isa = PBXBuildFile; fileRef = C033216F28E7292A00859CBB /* Main.storyboard */; };
		C033217328E7292B00859CBB /* Assets.xcassets in Resources */ = {isa = PBXBuildFile; fileRef = C033217228E7292B00859CBB /* Assets.xcassets */; };
		C033217628E7292B00859CBB /* LaunchScreen.storyboard in Resources */ = {isa = PBXBuildFile; fileRef = C033217428E7292B00859CBB /* LaunchScreen.storyboard */; };
		C033217E28E7312600859CBB /* FirstViewController.swift in Sources */ = {isa = PBXBuildFile; fileRef = C033217D28E7312600859CBB /* FirstViewController.swift */; };
		C033218028E8007400859CBB /* MyViewController.swift in Sources */ = {isa = PBXBuildFile; fileRef = C033217F28E8007400859CBB /* MyViewController.swift */; };
/* End PBXBuildFile section */

/* Begin PBXFileReference section */
		ACA2D5C4426979463006AD89 /* Pods_BMI_calculator.framework */ = {isa = PBXFileReference; explicitFileType = wrapper.framework; includeInIndex = 0; path = Pods_BMI_calculator.framework; sourceTree = BUILT_PRODUCTS_DIR; };
		C033216628E7292A00859CBB /* BMI_calculator.app */ = {isa = PBXFileReference; explicitFileType = wrapper.application; includeInIndex = 0; path = BMI_calculator.app; sourceTree = BUILT_PRODUCTS_DIR; };
		C033216928E7292A00859CBB /* AppDelegate.swift */ = {isa = PBXFileReference; lastKnownFileType = sourcecode.swift; path = AppDelegate.swift; sourceTree = "<group>"; };
		C033216B28E7292A00859CBB /* SceneDelegate.swift */ = {isa = PBXFileReference; lastKnownFileType = sourcecode.swift; path = SceneDelegate.swift; sourceTree = "<group>"; };
		C033216D28E7292A00859CBB /* ViewController.swift */ = {isa = PBXFileReference; lastKnownFileType = sourcecode.swift; path = ViewController.swift; sourceTree = "<group>"; };
		C033217028E7292A00859CBB /* Base */ = {isa = PBXFileReference; lastKnownFileType = file.storyboard; name = Base; path = Base.lproj/Main.storyboard; sourceTree = "<group>"; };
		C033217228E7292B00859CBB /* Assets.xcassets */ = {isa = PBXFileReference; lastKnownFileType = folder.assetcatalog; path = Assets.xcassets; sourceTree = "<group>"; };
		C033217528E7292B00859CBB /* Base */ = {isa = PBXFileReference; lastKnownFileType = file.storyboard; name = Base; path = Base.lproj/LaunchScreen.storyboard; sourceTree = "<group>"; };
		C033217728E7292B00859CBB /* Info.plist */ = {isa = PBXFileReference; lastKnownFileType = text.plist.xml; path = Info.plist; sourceTree = "<group>"; };
		C033217D28E7312600859CBB /* FirstViewController.swift */ = {isa = PBXFileReference; lastKnownFileType = sourcecode.swift; path = FirstViewController.swift; sourceTree = "<group>"; };
		C033217F28E8007400859CBB /* MyViewController.swift */ = {isa = PBXFileReference; lastKnownFileType = sourcecode.swift; path = MyViewController.swift; sourceTree = "<group>"; };
		C9BD261FB90EE856EFEBB69E /* Pods-BMI_calculator.release.xcconfig */ = {isa = PBXFileReference; includeInIndex = 1; lastKnownFileType = text.xcconfig; name = "Pods-BMI_calculator.release.xcconfig"; path = "Target Support Files/Pods-BMI_calculator/Pods-BMI_calculator.release.xcconfig"; sourceTree = "<group>"; };
		F246957958477FC9F5B006A7 /* Pods-BMI_calculator.debug.xcconfig */ = {isa = PBXFileReference; includeInIndex = 1; lastKnownFileType = text.xcconfig; name = "Pods-BMI_calculator.debug.xcconfig"; path = "Target Support Files/Pods-BMI_calculator/Pods-BMI_calculator.debug.xcconfig"; sourceTree = "<group>"; };
/* End PBXFileReference section */

/* Begin PBXFrameworksBuildPhase section */
		C033216328E7292A00859CBB /* Frameworks */ = {
			isa = PBXFrameworksBuildPhase;
			buildActionMask = 2147483647;
			files = (
				1B114218989F1FDD9A1C578C /* Pods_BMI_calculator.framework in Frameworks */,
			);
			runOnlyForDeploymentPostprocessing = 0;
		};
/* End PBXFrameworksBuildPhase section */

/* Begin PBXGroup section */
		6CDBDE14F54F89D9A45FB62D /* Frameworks */ = {
			isa = PBXGroup;
			children = (
				ACA2D5C4426979463006AD89 /* Pods_BMI_calculator.framework */,
			);
			name = Frameworks;
			sourceTree = "<group>";
		};
		8210EEAD942DE267D5AA81C4 /* Pods */ = {
			isa = PBXGroup;
			children = (
				F246957958477FC9F5B006A7 /* Pods-BMI_calculator.debug.xcconfig */,
				C9BD261FB90EE856EFEBB69E /* Pods-BMI_calculator.release.xcconfig */,
			);
			path = Pods;
			sourceTree = "<group>";
		};
		C033215D28E7292A00859CBB = {
			isa = PBXGroup;
			children = (
				C033216828E7292A00859CBB /* BMI_calculator */,
				C033216728E7292A00859CBB /* Products */,
				8210EEAD942DE267D5AA81C4 /* Pods */,
				6CDBDE14F54F89D9A45FB62D /* Frameworks */,
			);
			sourceTree = "<group>";
		};
		C033216728E7292A00859CBB /* Products */ = {
			isa = PBXGroup;
			children = (
				C033216628E7292A00859CBB /* BMI_calculator.app */,
			);
			name = Products;
			sourceTree = "<group>";
		};
		C033216828E7292A00859CBB /* BMI_calculator */ = {
			isa = PBXGroup;
			children = (
				C033216928E7292A00859CBB /* AppDelegate.swift */,
				C033216B28E7292A00859CBB /* SceneDelegate.swift */,
				C033216D28E7292A00859CBB /* ViewController.swift */,
				C033217F28E8007400859CBB /* MyViewController.swift */,
				C033217D28E7312600859CBB /* FirstViewController.swift */,
				C033216F28E7292A00859CBB /* Main.storyboard */,
				C033217228E7292B00859CBB /* Assets.xcassets */,
				C033217428E7292B00859CBB /* LaunchScreen.storyboard */,
				C033217728E7292B00859CBB /* Info.plist */,
			);
			path = BMI_calculator;
			sourceTree = "<group>";
		};
/* End PBXGroup section */

/* Begin PBXNativeTarget section */
		C033216528E7292A00859CBB /* BMI_calculator */ = {
			isa = PBXNativeTarget;
			buildConfigurationList = C033217A28E7292B00859CBB /* Build configuration list for PBXNativeTarget "BMI_calculator" */;
			buildPhases = (
				9CB1BEE83A3A279E2A617FC5 /* [CP] Check Pods Manifest.lock */,
				C033216228E7292A00859CBB /* Sources */,
				C033216328E7292A00859CBB /* Frameworks */,
				C033216428E7292A00859CBB /* Resources */,
				E439824C658AAC9844D6D128 /* [CP] Embed Pods Frameworks */,
			);
			buildRules = (
			);
			dependencies = (
			);
			name = BMI_calculator;
			productName = BMI_calculator;
			productReference = C033216628E7292A00859CBB /* BMI_calculator.app */;
			productType = "com.apple.product-type.application";
		};
/* End PBXNativeTarget section */

/* Begin PBXProject section */
		C033215E28E7292A00859CBB /* Project object */ = {
			isa = PBXProject;
			attributes = {
				BuildIndependentTargetsInParallel = 1;
				LastSwiftUpdateCheck = 1400;
				LastUpgradeCheck = 1400;
				TargetAttributes = {
					C033216528E7292A00859CBB = {
						CreatedOnToolsVersion = 14.0.1;
					};
				};
			};
			buildConfigurationList = C033216128E7292A00859CBB /* Build configuration list for PBXProject "BMI_calculator" */;
			compatibilityVersion = "Xcode 12.0";
			developmentRegion = en;
			hasScannedForEncodings = 0;
			knownRegions = (
				en,
				Base,
			);
			mainGroup = C033215D28E7292A00859CBB;
			productRefGroup = C033216728E7292A00859CBB /* Products */;
			projectDirPath = "";
			projectRoot = "";
			targets = (
				C033216528E7292A00859CBB /* BMI_calculator */,
			);
		};
/* End PBXProject section */

/* Begin PBXResourcesBuildPhase section */
		C033216428E7292A00859CBB /* Resources */ = {
			isa = PBXResourcesBuildPhase;
			buildActionMask = 2147483647;
			files = (
				C033217628E7292B00859CBB /* LaunchScreen.storyboard in Resources */,
				C033217328E7292B00859CBB /* Assets.xcassets in Resources */,
				C033217128E7292A00859CBB /* Main.storyboard in Resources */,
			);
			runOnlyForDeploymentPostprocessing = 0;
		};
/* End PBXResourcesBuildPhase section */

/* Begin PBXShellScriptBuildPhase section */
		9CB1BEE83A3A279E2A617FC5 /* [CP] Check Pods Manifest.lock */ = {
			isa = PBXShellScriptBuildPhase;
			buildActionMask = 2147483647;
			files = (
			);
			inputFileListPaths = (
			);
			inputPaths = (
				"${PODS_PODFILE_DIR_PATH}/Podfile.lock",
				"${PODS_ROOT}/Manifest.lock",
			);
			name = "[CP] Check Pods Manifest.lock";
			outputFileListPaths = (
			);
			outputPaths = (
				"$(DERIVED_FILE_DIR)/Pods-BMI_calculator-checkManifestLockResult.txt",
			);
			runOnlyForDeploymentPostprocessing = 0;
			shellPath = /bin/sh;
			shellScript = "diff \"${PODS_PODFILE_DIR_PATH}/Podfile.lock\" \"${PODS_ROOT}/Manifest.lock\" > /dev/null\nif [ $? != 0 ] ; then\n    # print error to STDERR\n    echo \"error: The sandbox is not in sync with the Podfile.lock. Run 'pod install' or update your CocoaPods installation.\" >&2\n    exit 1\nfi\n# This output is used by Xcode 'outputs' to avoid re-running this script phase.\necho \"SUCCESS\" > \"${SCRIPT_OUTPUT_FILE_0}\"\n";
			showEnvVarsInLog = 0;
		};
		E439824C658AAC9844D6D128 /* [CP] Embed Pods Frameworks */ = {
			isa = PBXShellScriptBuildPhase;
			buildActionMask = 2147483647;
			files = (
			);
			inputFileListPaths = (
				"${PODS_ROOT}/Target Support Files/Pods-BMI_calculator/Pods-BMI_calculator-frameworks-${CONFIGURATION}-input-files.xcfilelist",
			);
			name = "[CP] Embed Pods Frameworks";
			outputFileListPaths = (
				"${PODS_ROOT}/Target Support Files/Pods-BMI_calculator/Pods-BMI_calculator-frameworks-${CONFIGURATION}-output-files.xcfilelist",
			);
			runOnlyForDeploymentPostprocessing = 0;
			shellPath = /bin/sh;
			shellScript = "\"${PODS_ROOT}/Target Support Files/Pods-BMI_calculator/Pods-BMI_calculator-frameworks.sh\"\n";
			showEnvVarsInLog = 0;
		};
/* End PBXShellScriptBuildPhase section */

/* Begin PBXSourcesBuildPhase section */
		C033216228E7292A00859CBB /* Sources */ = {
			isa = PBXSourcesBuildPhase;
			buildActionMask = 2147483647;
			files = (
				C033216E28E7292A00859CBB /* ViewController.swift in Sources */,
				C033216A28E7292A00859CBB /* AppDelegate.swift in Sources */,
				C033216C28E7292A00859CBB /* SceneDelegate.swift in Sources */,
				C033218028E8007400859CBB /* MyViewController.swift in Sources */,
				C033217E28E7312600859CBB /* FirstViewController.swift in Sources */,
			);
			runOnlyForDeploymentPostprocessing = 0;
		};
/* End PBXSourcesBuildPhase section */

/* Begin PBXVariantGroup section */
		C033216F28E7292A00859CBB /* Main.storyboard */ = {
			isa = PBXVariantGroup;
			children = (
				C033217028E7292A00859CBB /* Base */,
			);
			name = Main.storyboard;
			sourceTree = "<group>";
		};
		C033217428E7292B00859CBB /* LaunchScreen.storyboard */ = {
			isa = PBXVariantGroup;
			children = (
				C033217528E7292B00859CBB /* Base */,
			);
			name = LaunchScreen.storyboard;
			sourceTree = "<group>";
		};
/* End PBXVariantGroup section */

/* Begin XCBuildConfiguration section */
		C033217828E7292B00859CBB /* Debug */ = {
			isa = XCBuildConfiguration;
			buildSettings = {
				ALWAYS_SEARCH_USER_PATHS = NO;
				CLANG_ANALYZER_NONNULL = YES;
				CLANG_ANALYZER_NUMBER_OBJECT_CONVERSION = YES_AGGRESSIVE;
				CLANG_CXX_LANGUAGE_STANDARD = "gnu++20";
				CLANG_ENABLE_MODULES = YES;
				CLANG_ENABLE_OBJC_ARC = YES;
				CLANG_ENABLE_OBJC_WEAK = YES;
				CLANG_WARN_BLOCK_CAPTURE_AUTORELEASING = YES;
				CLANG_WARN_BOOL_CONVERSION = YES;
				CLANG_WARN_COMMA = YES;
				CLANG_WARN_CONSTANT_CONVERSION = YES;
				CLANG_WARN_DEPRECATED_OBJC_IMPLEMENTATIONS = YES;
				CLANG_WARN_DIRECT_OBJC_ISA_USAGE = YES_ERROR;
				CLANG_WARN_DOCUMENTATION_COMMENTS = YES;
				CLANG_WARN_EMPTY_BODY = YES;
				CLANG_WARN_ENUM_CONVERSION = YES;
				CLANG_WARN_INFINITE_RECURSION = YES;
				CLANG_WARN_INT_CONVERSION = YES;
				CLANG_WARN_NON_LITERAL_NULL_CONVERSION = YES;
				CLANG_WARN_OBJC_IMPLICIT_RETAIN_SELF = YES;
				CLANG_WARN_OBJC_LITERAL_CONVERSION = YES;
				CLANG_WARN_OBJC_ROOT_CLASS = YES_ERROR;
				CLANG_WARN_QUOTED_INCLUDE_IN_FRAMEWORK_HEADER = YES;
				CLANG_WARN_RANGE_LOOP_ANALYSIS = YES;
				CLANG_WARN_STRICT_PROTOTYPES = YES;
				CLANG_WARN_SUSPICIOUS_MOVE = YES;
				CLANG_WARN_UNGUARDED_AVAILABILITY = YES_AGGRESSIVE;
				CLANG_WARN_UNREACHABLE_CODE = YES;
				CLANG_WARN__DUPLICATE_METHOD_MATCH = YES;
				COPY_PHASE_STRIP = NO;
				DEBUG_INFORMATION_FORMAT = dwarf;
				ENABLE_STRICT_OBJC_MSGSEND = YES;
				ENABLE_TESTABILITY = YES;
				GCC_C_LANGUAGE_STANDARD = gnu11;
				GCC_DYNAMIC_NO_PIC = NO;
				GCC_NO_COMMON_BLOCKS = YES;
				GCC_OPTIMIZATION_LEVEL = 0;
				GCC_PREPROCESSOR_DEFINITIONS = (
					"DEBUG=1",
					"$(inherited)",
				);
				GCC_WARN_64_TO_32_BIT_CONVERSION = YES;
				GCC_WARN_ABOUT_RETURN_TYPE = YES_ERROR;
				GCC_WARN_UNDECLARED_SELECTOR = YES;
				GCC_WARN_UNINITIALIZED_AUTOS = YES_AGGRESSIVE;
				GCC_WARN_UNUSED_FUNCTION = YES;
				GCC_WARN_UNUSED_VARIABLE = YES;
				IPHONEOS_DEPLOYMENT_TARGET = 16.0;
				MTL_ENABLE_DEBUG_INFO = INCLUDE_SOURCE;
				MTL_FAST_MATH = YES;
				ONLY_ACTIVE_ARCH = YES;
				SDKROOT = iphoneos;
				SWIFT_ACTIVE_COMPILATION_CONDITIONS = DEBUG;
				SWIFT_OPTIMIZATION_LEVEL = "-Onone";
			};
			name = Debug;
		};
		C033217928E7292B00859CBB /* Release */ = {
			isa = XCBuildConfiguration;
			buildSettings = {
				ALWAYS_SEARCH_USER_PATHS = NO;
				CLANG_ANALYZER_NONNULL = YES;
				CLANG_ANALYZER_NUMBER_OBJECT_CONVERSION = YES_AGGRESSIVE;
				CLANG_CXX_LANGUAGE_STANDARD = "gnu++20";
				CLANG_ENABLE_MODULES = YES;
				CLANG_ENABLE_OBJC_ARC = YES;
				CLANG_ENABLE_OBJC_WEAK = YES;
				CLANG_WARN_BLOCK_CAPTURE_AUTORELEASING = YES;
				CLANG_WARN_BOOL_CONVERSION = YES;
				CLANG_WARN_COMMA = YES;
				CLANG_WARN_CONSTANT_CONVERSION = YES;
				CLANG_WARN_DEPRECATED_OBJC_IMPLEMENTATIONS = YES;
				CLANG_WARN_DIRECT_OBJC_ISA_USAGE = YES_ERROR;
				CLANG_WARN_DOCUMENTATION_COMMENTS = YES;
				CLANG_WARN_EMPTY_BODY = YES;
				CLANG_WARN_ENUM_CONVERSION = YES;
				CLANG_WARN_INFINITE_RECURSION = YES;
				CLANG_WARN_INT_CONVERSION = YES;
				CLANG_WARN_NON_LITERAL_NULL_CONVERSION = YES;
				CLANG_WARN_OBJC_IMPLICIT_RETAIN_SELF = YES;
				CLANG_WARN_OBJC_LITERAL_CONVERSION = YES;
				CLANG_WARN_OBJC_ROOT_CLASS = YES_ERROR;
				CLANG_WARN_QUOTED_INCLUDE_IN_FRAMEWORK_HEADER = YES;
				CLANG_WARN_RANGE_LOOP_ANALYSIS = YES;
				CLANG_WARN_STRICT_PROTOTYPES = YES;
				CLANG_WARN_SUSPICIOUS_MOVE = YES;
				CLANG_WARN_UNGUARDED_AVAILABILITY = YES_AGGRESSIVE;
				CLANG_WARN_UNREACHABLE_CODE = YES;
				CLANG_WARN__DUPLICATE_METHOD_MATCH = YES;
				COPY_PHASE_STRIP = NO;
				DEBUG_INFORMATION_FORMAT = "dwarf-with-dsym";
				ENABLE_NS_ASSERTIONS = NO;
				ENABLE_STRICT_OBJC_MSGSEND = YES;
				GCC_C_LANGUAGE_STANDARD = gnu11;
				GCC_NO_COMMON_BLOCKS = YES;
				GCC_WARN_64_TO_32_BIT_CONVERSION = YES;
				GCC_WARN_ABOUT_RETURN_TYPE = YES_ERROR;
				GCC_WARN_UNDECLARED_SELECTOR = YES;
				GCC_WARN_UNINITIALIZED_AUTOS = YES_AGGRESSIVE;
				GCC_WARN_UNUSED_FUNCTION = YES;
				GCC_WARN_UNUSED_VARIABLE = YES;
				IPHONEOS_DEPLOYMENT_TARGET = 16.0;
				MTL_ENABLE_DEBUG_INFO = NO;
				MTL_FAST_MATH = YES;
				SDKROOT = iphoneos;
				SWIFT_COMPILATION_MODE = wholemodule;
				SWIFT_OPTIMIZATION_LEVEL = "-O";
				VALIDATE_PRODUCT = YES;
			};
			name = Release;
		};
		C033217B28E7292B00859CBB /* Debug */ = {
			isa = XCBuildConfiguration;
			baseConfigurationReference = F246957958477FC9F5B006A7 /* Pods-BMI_calculator.debug.xcconfig */;
			buildSettings = {
				ASSETCATALOG_COMPILER_APPICON_NAME = AppIcon;
				ASSETCATALOG_COMPILER_GLOBAL_ACCENT_COLOR_NAME = AccentColor;
				CODE_SIGN_STYLE = Automatic;
				CURRENT_PROJECT_VERSION = 1;
				DEVELOPMENT_TEAM = Z225784MRD;
				GENERATE_INFOPLIST_FILE = YES;
				INFOPLIST_FILE = BMI_calculator/Info.plist;
				INFOPLIST_KEY_UIApplicationSupportsIndirectInputEvents = YES;
				INFOPLIST_KEY_UILaunchStoryboardName = LaunchScreen;
				INFOPLIST_KEY_UIMainStoryboardFile = Main;
				INFOPLIST_KEY_UISupportedInterfaceOrientations_iPad = "UIInterfaceOrientationPortrait UIInterfaceOrientationPortraitUpsideDown UIInterfaceOrientationLandscapeLeft UIInterfaceOrientationLandscapeRight";
				INFOPLIST_KEY_UISupportedInterfaceOrientations_iPhone = "UIInterfaceOrientationPortrait UIInterfaceOrientationLandscapeLeft UIInterfaceOrientationLandscapeRight";
				IPHONEOS_DEPLOYMENT_TARGET = 14.5;
				LD_RUNPATH_SEARCH_PATHS = (
					"$(inherited)",
					"@executable_path/Frameworks",
				);
				MARKETING_VERSION = 1.0;
				PRODUCT_BUNDLE_IDENTIFIER = "uikit.BMI-calculator";
				PRODUCT_NAME = "$(TARGET_NAME)";
				SWIFT_EMIT_LOC_STRINGS = YES;
				SWIFT_VERSION = 5.0;
				TARGETED_DEVICE_FAMILY = "1,2";
			};
			name = Debug;
		};
		C033217C28E7292B00859CBB /* Release */ = {
			isa = XCBuildConfiguration;
			baseConfigurationReference = C9BD261FB90EE856EFEBB69E /* Pods-BMI_calculator.release.xcconfig */;
			buildSettings = {
				ASSETCATALOG_COMPILER_APPICON_NAME = AppIcon;
				ASSETCATALOG_COMPILER_GLOBAL_ACCENT_COLOR_NAME = AccentColor;
				CODE_SIGN_STYLE = Automatic;
				CURRENT_PROJECT_VERSION = 1;
				DEVELOPMENT_TEAM = Z225784MRD;
				GENERATE_INFOPLIST_FILE = YES;
				INFOPLIST_FILE = BMI_calculator/Info.plist;
				INFOPLIST_KEY_UIApplicationSupportsIndirectInputEvents = YES;
				INFOPLIST_KEY_UILaunchStoryboardName = LaunchScreen;
				INFOPLIST_KEY_UIMainStoryboardFile = Main;
				INFOPLIST_KEY_UISupportedInterfaceOrientations_iPad = "UIInterfaceOrientationPortrait UIInterfaceOrientationPortraitUpsideDown UIInterfaceOrientationLandscapeLeft UIInterfaceOrientationLandscapeRight";
				INFOPLIST_KEY_UISupportedInterfaceOrientations_iPhone = "UIInterfaceOrientationPortrait UIInterfaceOrientationLandscapeLeft UIInterfaceOrientationLandscapeRight";
				IPHONEOS_DEPLOYMENT_TARGET = 14.5;
				LD_RUNPATH_SEARCH_PATHS = (
					"$(inherited)",
					"@executable_path/Frameworks",
				);
				MARKETING_VERSION = 1.0;
				PRODUCT_BUNDLE_IDENTIFIER = "uikit.BMI-calculator";
				PRODUCT_NAME = "$(TARGET_NAME)";
				SWIFT_EMIT_LOC_STRINGS = YES;
				SWIFT_VERSION = 5.0;
				TARGETED_DEVICE_FAMILY = "1,2";
			};
			name = Release;
		};
/* End XCBuildConfiguration section */

/* Begin XCConfigurationList section */
		C033216128E7292A00859CBB /* Build configuration list for PBXProject "BMI_calculator" */ = {
			isa = XCConfigurationList;
			buildConfigurations = (
				C033217828E7292B00859CBB /* Debug */,
				C033217928E7292B00859CBB /* Release */,
			);
			defaultConfigurationIsVisible = 0;
			defaultConfigurationName = Release;
		};
		C033217A28E7292B00859CBB /* Build configuration list for PBXNativeTarget "BMI_calculator" */ = {
			isa = XCConfigurationList;
			buildConfigurations = (
				C033217B28E7292B00859CBB /* Debug */,
				C033217C28E7292B00859CBB /* Release */,
			);
			defaultConfigurationIsVisible = 0;
			defaultConfigurationName = Release;
		};
/* End XCConfigurationList section */
	};
	rootObject = C033215E28E7292A00859CBB /* Project object */;
}
