// !$*UTF8*$!
{
	archiveVersion = 1;
	classes = {
	};
	objectVersion = 56;
	objects = {

/* Begin PBXBuildFile section */
		C0E2207C2A49B46D00346E8C /* AppDelegate.swift in Sources */ = {isa = PBXBuildFile; fileRef = C0E2207B2A49B46D00346E8C /* AppDelegate.swift */; };
		C0E2207E2A49B46D00346E8C /* SceneDelegate.swift in Sources */ = {isa = PBXBuildFile; fileRef = C0E2207D2A49B46D00346E8C /* SceneDelegate.swift */; };
		C0E220802A49B46D00346E8C /* MainViewController.swift in Sources */ = {isa = PBXBuildFile; fileRef = C0E2207F2A49B46D00346E8C /* MainViewController.swift */; };
		C0E220852A49B46D00346E8C /* Assets.xcassets in Resources */ = {isa = PBXBuildFile; fileRef = C0E220842A49B46D00346E8C /* Assets.xcassets */; };
		C0E220882A49B46D00346E8C /* LaunchScreen.storyboard in Resources */ = {isa = PBXBuildFile; fileRef = C0E220862A49B46D00346E8C /* LaunchScreen.storyboard */; };
		C0E220912A49B49900346E8C /* SnapKit in Frameworks */ = {isa = PBXBuildFile; productRef = C0E220902A49B49900346E8C /* SnapKit */; };
		C0E220982A49B67B00346E8C /* Article.swift in Sources */ = {isa = PBXBuildFile; fileRef = C0E220972A49B67B00346E8C /* Article.swift */; };
		C0E2209A2A49B68A00346E8C /* ArticleContentType.swift in Sources */ = {isa = PBXBuildFile; fileRef = C0E220992A49B68A00346E8C /* ArticleContentType.swift */; };
		C0E2209C2A49BBDB00346E8C /* ContentCell.swift in Sources */ = {isa = PBXBuildFile; fileRef = C0E2209B2A49BBDB00346E8C /* ContentCell.swift */; };
		C0E2209E2A49BBF300346E8C /* QuoteCell.swift in Sources */ = {isa = PBXBuildFile; fileRef = C0E2209D2A49BBF300346E8C /* QuoteCell.swift */; };
		C0E220A02A49BC0800346E8C /* TitleCell.swift in Sources */ = {isa = PBXBuildFile; fileRef = C0E2209F2A49BC0800346E8C /* TitleCell.swift */; };
		C0E220A22A49BC2400346E8C /* ThumbNailCell.swift in Sources */ = {isa = PBXBuildFile; fileRef = C0E220A12A49BC2400346E8C /* ThumbNailCell.swift */; };
		C0E220A42A49BC3400346E8C /* BlockCell.swift in Sources */ = {isa = PBXBuildFile; fileRef = C0E220A32A49BC3400346E8C /* BlockCell.swift */; };
/* End PBXBuildFile section */

/* Begin PBXFileReference section */
		C0E220782A49B46D00346E8C /* LionHeart_ArticleView.app */ = {isa = PBXFileReference; explicitFileType = wrapper.application; includeInIndex = 0; path = LionHeart_ArticleView.app; sourceTree = BUILT_PRODUCTS_DIR; };
		C0E2207B2A49B46D00346E8C /* AppDelegate.swift */ = {isa = PBXFileReference; lastKnownFileType = sourcecode.swift; path = AppDelegate.swift; sourceTree = "<group>"; };
		C0E2207D2A49B46D00346E8C /* SceneDelegate.swift */ = {isa = PBXFileReference; lastKnownFileType = sourcecode.swift; path = SceneDelegate.swift; sourceTree = "<group>"; };
		C0E2207F2A49B46D00346E8C /* MainViewController.swift */ = {isa = PBXFileReference; lastKnownFileType = sourcecode.swift; path = MainViewController.swift; sourceTree = "<group>"; };
		C0E220842A49B46D00346E8C /* Assets.xcassets */ = {isa = PBXFileReference; lastKnownFileType = folder.assetcatalog; path = Assets.xcassets; sourceTree = "<group>"; };
		C0E220872A49B46D00346E8C /* Base */ = {isa = PBXFileReference; lastKnownFileType = file.storyboard; name = Base; path = Base.lproj/LaunchScreen.storyboard; sourceTree = "<group>"; };
		C0E220892A49B46D00346E8C /* Info.plist */ = {isa = PBXFileReference; lastKnownFileType = text.plist.xml; path = Info.plist; sourceTree = "<group>"; };
		C0E220972A49B67B00346E8C /* Article.swift */ = {isa = PBXFileReference; lastKnownFileType = sourcecode.swift; path = Article.swift; sourceTree = "<group>"; };
		C0E220992A49B68A00346E8C /* ArticleContentType.swift */ = {isa = PBXFileReference; lastKnownFileType = sourcecode.swift; path = ArticleContentType.swift; sourceTree = "<group>"; };
		C0E2209B2A49BBDB00346E8C /* ContentCell.swift */ = {isa = PBXFileReference; lastKnownFileType = sourcecode.swift; path = ContentCell.swift; sourceTree = "<group>"; };
		C0E2209D2A49BBF300346E8C /* QuoteCell.swift */ = {isa = PBXFileReference; lastKnownFileType = sourcecode.swift; path = QuoteCell.swift; sourceTree = "<group>"; };
		C0E2209F2A49BC0800346E8C /* TitleCell.swift */ = {isa = PBXFileReference; lastKnownFileType = sourcecode.swift; path = TitleCell.swift; sourceTree = "<group>"; };
		C0E220A12A49BC2400346E8C /* ThumbNailCell.swift */ = {isa = PBXFileReference; lastKnownFileType = sourcecode.swift; path = ThumbNailCell.swift; sourceTree = "<group>"; };
		C0E220A32A49BC3400346E8C /* BlockCell.swift */ = {isa = PBXFileReference; lastKnownFileType = sourcecode.swift; path = BlockCell.swift; sourceTree = "<group>"; };
/* End PBXFileReference section */

/* Begin PBXFrameworksBuildPhase section */
		C0E220752A49B46D00346E8C /* Frameworks */ = {
			isa = PBXFrameworksBuildPhase;
			buildActionMask = 2147483647;
			files = (
				C0E220912A49B49900346E8C /* SnapKit in Frameworks */,
			);
			runOnlyForDeploymentPostprocessing = 0;
		};
/* End PBXFrameworksBuildPhase section */

/* Begin PBXGroup section */
		C0E2206F2A49B46D00346E8C = {
			isa = PBXGroup;
			children = (
				C0E2207A2A49B46D00346E8C /* LionHeart_ArticleView */,
				C0E220792A49B46D00346E8C /* Products */,
			);
			sourceTree = "<group>";
		};
		C0E220792A49B46D00346E8C /* Products */ = {
			isa = PBXGroup;
			children = (
				C0E220782A49B46D00346E8C /* LionHeart_ArticleView.app */,
			);
			name = Products;
			sourceTree = "<group>";
		};
		C0E2207A2A49B46D00346E8C /* LionHeart_ArticleView */ = {
			isa = PBXGroup;
			children = (
				C0E220932A49B61100346E8C /* Resource */,
				C0E220922A49B60600346E8C /* Source */,
				C0E220892A49B46D00346E8C /* Info.plist */,
			);
			path = LionHeart_ArticleView;
			sourceTree = "<group>";
		};
		C0E220922A49B60600346E8C /* Source */ = {
			isa = PBXGroup;
			children = (
				C0E2207B2A49B46D00346E8C /* AppDelegate.swift */,
				C0E2207D2A49B46D00346E8C /* SceneDelegate.swift */,
				C0E220842A49B46D00346E8C /* Assets.xcassets */,
				C0E220862A49B46D00346E8C /* LaunchScreen.storyboard */,
			);
			path = Source;
			sourceTree = "<group>";
		};
		C0E220932A49B61100346E8C /* Resource */ = {
			isa = PBXGroup;
			children = (
				C0E220962A49B66E00346E8C /* Model */,
				C0E220952A49B63100346E8C /* Cell */,
				C0E220942A49B61B00346E8C /* ViewController */,
			);
			path = Resource;
			sourceTree = "<group>";
		};
		C0E220942A49B61B00346E8C /* ViewController */ = {
			isa = PBXGroup;
			children = (
				C0E2207F2A49B46D00346E8C /* MainViewController.swift */,
			);
			path = ViewController;
			sourceTree = "<group>";
		};
		C0E220952A49B63100346E8C /* Cell */ = {
			isa = PBXGroup;
			children = (
				C0E2209B2A49BBDB00346E8C /* ContentCell.swift */,
				C0E2209D2A49BBF300346E8C /* QuoteCell.swift */,
				C0E2209F2A49BC0800346E8C /* TitleCell.swift */,
				C0E220A12A49BC2400346E8C /* ThumbNailCell.swift */,
				C0E220A32A49BC3400346E8C /* BlockCell.swift */,
			);
			path = Cell;
			sourceTree = "<group>";
		};
		C0E220962A49B66E00346E8C /* Model */ = {
			isa = PBXGroup;
			children = (
				C0E220972A49B67B00346E8C /* Article.swift */,
				C0E220992A49B68A00346E8C /* ArticleContentType.swift */,
			);
			path = Model;
			sourceTree = "<group>";
		};
/* End PBXGroup section */

/* Begin PBXNativeTarget section */
		C0E220772A49B46D00346E8C /* LionHeart_ArticleView */ = {
			isa = PBXNativeTarget;
			buildConfigurationList = C0E2208C2A49B46D00346E8C /* Build configuration list for PBXNativeTarget "LionHeart_ArticleView" */;
			buildPhases = (
				C0E220742A49B46D00346E8C /* Sources */,
				C0E220752A49B46D00346E8C /* Frameworks */,
				C0E220762A49B46D00346E8C /* Resources */,
			);
			buildRules = (
			);
			dependencies = (
			);
			name = LionHeart_ArticleView;
			packageProductDependencies = (
				C0E220902A49B49900346E8C /* SnapKit */,
			);
			productName = LionHeart_ArticleView;
			productReference = C0E220782A49B46D00346E8C /* LionHeart_ArticleView.app */;
			productType = "com.apple.product-type.application";
		};
/* End PBXNativeTarget section */

/* Begin PBXProject section */
		C0E220702A49B46D00346E8C /* Project object */ = {
			isa = PBXProject;
			attributes = {
				BuildIndependentTargetsInParallel = 1;
				LastSwiftUpdateCheck = 1430;
				LastUpgradeCheck = 1430;
				TargetAttributes = {
					C0E220772A49B46D00346E8C = {
						CreatedOnToolsVersion = 14.3.1;
					};
				};
			};
			buildConfigurationList = C0E220732A49B46D00346E8C /* Build configuration list for PBXProject "LionHeart_ArticleView" */;
			compatibilityVersion = "Xcode 14.0";
			developmentRegion = en;
			hasScannedForEncodings = 0;
			knownRegions = (
				en,
				Base,
			);
			mainGroup = C0E2206F2A49B46D00346E8C;
			packageReferences = (
				C0E2208F2A49B49900346E8C /* XCRemoteSwiftPackageReference "SnapKit" */,
			);
			productRefGroup = C0E220792A49B46D00346E8C /* Products */;
			projectDirPath = "";
			projectRoot = "";
			targets = (
				C0E220772A49B46D00346E8C /* LionHeart_ArticleView */,
			);
		};
/* End PBXProject section */

/* Begin PBXResourcesBuildPhase section */
		C0E220762A49B46D00346E8C /* Resources */ = {
			isa = PBXResourcesBuildPhase;
			buildActionMask = 2147483647;
			files = (
				C0E220882A49B46D00346E8C /* LaunchScreen.storyboard in Resources */,
				C0E220852A49B46D00346E8C /* Assets.xcassets in Resources */,
			);
			runOnlyForDeploymentPostprocessing = 0;
		};
/* End PBXResourcesBuildPhase section */

/* Begin PBXSourcesBuildPhase section */
		C0E220742A49B46D00346E8C /* Sources */ = {
			isa = PBXSourcesBuildPhase;
			buildActionMask = 2147483647;
			files = (
				C0E220982A49B67B00346E8C /* Article.swift in Sources */,
				C0E220802A49B46D00346E8C /* MainViewController.swift in Sources */,
				C0E2209A2A49B68A00346E8C /* ArticleContentType.swift in Sources */,
				C0E2209C2A49BBDB00346E8C /* ContentCell.swift in Sources */,
				C0E220A02A49BC0800346E8C /* TitleCell.swift in Sources */,
				C0E220A22A49BC2400346E8C /* ThumbNailCell.swift in Sources */,
				C0E2209E2A49BBF300346E8C /* QuoteCell.swift in Sources */,
				C0E2207C2A49B46D00346E8C /* AppDelegate.swift in Sources */,
				C0E2207E2A49B46D00346E8C /* SceneDelegate.swift in Sources */,
				C0E220A42A49BC3400346E8C /* BlockCell.swift in Sources */,
			);
			runOnlyForDeploymentPostprocessing = 0;
		};
/* End PBXSourcesBuildPhase section */

/* Begin PBXVariantGroup section */
		C0E220862A49B46D00346E8C /* LaunchScreen.storyboard */ = {
			isa = PBXVariantGroup;
			children = (
				C0E220872A49B46D00346E8C /* Base */,
			);
			name = LaunchScreen.storyboard;
			sourceTree = "<group>";
		};
/* End PBXVariantGroup section */

/* Begin XCBuildConfiguration section */
		C0E2208A2A49B46D00346E8C /* Debug */ = {
			isa = XCBuildConfiguration;
			buildSettings = {
				ALWAYS_SEARCH_USER_PATHS = NO;
				CLANG_ANALYZER_NONNULL = YES;
				CLANG_ANALYZER_NUMBER_OBJECT_CONVERSION = YES_AGGRESSIVE;
				CLANG_CXX_LANGUAGE_STANDARD = "gnu++20";
				CLANG_ENABLE_MODULES = YES;
				CLANG_ENABLE_OBJC_ARC = YES;
				CLANG_ENABLE_OBJC_WEAK = YES;
				CLANG_WARN_BLOCK_CAPTURE_AUTORELEASING = YES;
				CLANG_WARN_BOOL_CONVERSION = YES;
				CLANG_WARN_COMMA = YES;
				CLANG_WARN_CONSTANT_CONVERSION = YES;
				CLANG_WARN_DEPRECATED_OBJC_IMPLEMENTATIONS = YES;
				CLANG_WARN_DIRECT_OBJC_ISA_USAGE = YES_ERROR;
				CLANG_WARN_DOCUMENTATION_COMMENTS = YES;
				CLANG_WARN_EMPTY_BODY = YES;
				CLANG_WARN_ENUM_CONVERSION = YES;
				CLANG_WARN_INFINITE_RECURSION = YES;
				CLANG_WARN_INT_CONVERSION = YES;
				CLANG_WARN_NON_LITERAL_NULL_CONVERSION = YES;
				CLANG_WARN_OBJC_IMPLICIT_RETAIN_SELF = YES;
				CLANG_WARN_OBJC_LITERAL_CONVERSION = YES;
				CLANG_WARN_OBJC_ROOT_CLASS = YES_ERROR;
				CLANG_WARN_QUOTED_INCLUDE_IN_FRAMEWORK_HEADER = YES;
				CLANG_WARN_RANGE_LOOP_ANALYSIS = YES;
				CLANG_WARN_STRICT_PROTOTYPES = YES;
				CLANG_WARN_SUSPICIOUS_MOVE = YES;
				CLANG_WARN_UNGUARDED_AVAILABILITY = YES_AGGRESSIVE;
				CLANG_WARN_UNREACHABLE_CODE = YES;
				CLANG_WARN__DUPLICATE_METHOD_MATCH = YES;
				COPY_PHASE_STRIP = NO;
				DEBUG_INFORMATION_FORMAT = dwarf;
				ENABLE_STRICT_OBJC_MSGSEND = YES;
				ENABLE_TESTABILITY = YES;
				GCC_C_LANGUAGE_STANDARD = gnu11;
				GCC_DYNAMIC_NO_PIC = NO;
				GCC_NO_COMMON_BLOCKS = YES;
				GCC_OPTIMIZATION_LEVEL = 0;
				GCC_PREPROCESSOR_DEFINITIONS = (
					"DEBUG=1",
					"$(inherited)",
				);
				GCC_WARN_64_TO_32_BIT_CONVERSION = YES;
				GCC_WARN_ABOUT_RETURN_TYPE = YES_ERROR;
				GCC_WARN_UNDECLARED_SELECTOR = YES;
				GCC_WARN_UNINITIALIZED_AUTOS = YES_AGGRESSIVE;
				GCC_WARN_UNUSED_FUNCTION = YES;
				GCC_WARN_UNUSED_VARIABLE = YES;
				IPHONEOS_DEPLOYMENT_TARGET = 16.4;
				MTL_ENABLE_DEBUG_INFO = INCLUDE_SOURCE;
				MTL_FAST_MATH = YES;
				ONLY_ACTIVE_ARCH = YES;
				SDKROOT = iphoneos;
				SWIFT_ACTIVE_COMPILATION_CONDITIONS = DEBUG;
				SWIFT_OPTIMIZATION_LEVEL = "-Onone";
			};
			name = Debug;
		};
		C0E2208B2A49B46D00346E8C /* Release */ = {
			isa = XCBuildConfiguration;
			buildSettings = {
				ALWAYS_SEARCH_USER_PATHS = NO;
				CLANG_ANALYZER_NONNULL = YES;
				CLANG_ANALYZER_NUMBER_OBJECT_CONVERSION = YES_AGGRESSIVE;
				CLANG_CXX_LANGUAGE_STANDARD = "gnu++20";
				CLANG_ENABLE_MODULES = YES;
				CLANG_ENABLE_OBJC_ARC = YES;
				CLANG_ENABLE_OBJC_WEAK = YES;
				CLANG_WARN_BLOCK_CAPTURE_AUTORELEASING = YES;
				CLANG_WARN_BOOL_CONVERSION = YES;
				CLANG_WARN_COMMA = YES;
				CLANG_WARN_CONSTANT_CONVERSION = YES;
				CLANG_WARN_DEPRECATED_OBJC_IMPLEMENTATIONS = YES;
				CLANG_WARN_DIRECT_OBJC_ISA_USAGE = YES_ERROR;
				CLANG_WARN_DOCUMENTATION_COMMENTS = YES;
				CLANG_WARN_EMPTY_BODY = YES;
				CLANG_WARN_ENUM_CONVERSION = YES;
				CLANG_WARN_INFINITE_RECURSION = YES;
				CLANG_WARN_INT_CONVERSION = YES;
				CLANG_WARN_NON_LITERAL_NULL_CONVERSION = YES;
				CLANG_WARN_OBJC_IMPLICIT_RETAIN_SELF = YES;
				CLANG_WARN_OBJC_LITERAL_CONVERSION = YES;
				CLANG_WARN_OBJC_ROOT_CLASS = YES_ERROR;
				CLANG_WARN_QUOTED_INCLUDE_IN_FRAMEWORK_HEADER = YES;
				CLANG_WARN_RANGE_LOOP_ANALYSIS = YES;
				CLANG_WARN_STRICT_PROTOTYPES = YES;
				CLANG_WARN_SUSPICIOUS_MOVE = YES;
				CLANG_WARN_UNGUARDED_AVAILABILITY = YES_AGGRESSIVE;
				CLANG_WARN_UNREACHABLE_CODE = YES;
				CLANG_WARN__DUPLICATE_METHOD_MATCH = YES;
				COPY_PHASE_STRIP = NO;
				DEBUG_INFORMATION_FORMAT = "dwarf-with-dsym";
				ENABLE_NS_ASSERTIONS = NO;
				ENABLE_STRICT_OBJC_MSGSEND = YES;
				GCC_C_LANGUAGE_STANDARD = gnu11;
				GCC_NO_COMMON_BLOCKS = YES;
				GCC_WARN_64_TO_32_BIT_CONVERSION = YES;
				GCC_WARN_ABOUT_RETURN_TYPE = YES_ERROR;
				GCC_WARN_UNDECLARED_SELECTOR = YES;
				GCC_WARN_UNINITIALIZED_AUTOS = YES_AGGRESSIVE;
				GCC_WARN_UNUSED_FUNCTION = YES;
				GCC_WARN_UNUSED_VARIABLE = YES;
				IPHONEOS_DEPLOYMENT_TARGET = 16.4;
				MTL_ENABLE_DEBUG_INFO = NO;
				MTL_FAST_MATH = YES;
				SDKROOT = iphoneos;
				SWIFT_COMPILATION_MODE = wholemodule;
				SWIFT_OPTIMIZATION_LEVEL = "-O";
				VALIDATE_PRODUCT = YES;
			};
			name = Release;
		};
		C0E2208D2A49B46D00346E8C /* Debug */ = {
			isa = XCBuildConfiguration;
			buildSettings = {
				ASSETCATALOG_COMPILER_APPICON_NAME = AppIcon;
				ASSETCATALOG_COMPILER_GLOBAL_ACCENT_COLOR_NAME = AccentColor;
				CODE_SIGN_STYLE = Automatic;
				CURRENT_PROJECT_VERSION = 1;
				DEVELOPMENT_TEAM = Z225784MRD;
				GENERATE_INFOPLIST_FILE = YES;
				INFOPLIST_FILE = LionHeart_ArticleView/Info.plist;
				INFOPLIST_KEY_UIApplicationSupportsIndirectInputEvents = YES;
				INFOPLIST_KEY_UILaunchStoryboardName = LaunchScreen;
				INFOPLIST_KEY_UISupportedInterfaceOrientations_iPad = "UIInterfaceOrientationPortrait UIInterfaceOrientationPortraitUpsideDown UIInterfaceOrientationLandscapeLeft UIInterfaceOrientationLandscapeRight";
				INFOPLIST_KEY_UISupportedInterfaceOrientations_iPhone = "UIInterfaceOrientationPortrait UIInterfaceOrientationLandscapeLeft UIInterfaceOrientationLandscapeRight";
				LD_RUNPATH_SEARCH_PATHS = (
					"$(inherited)",
					"@executable_path/Frameworks",
				);
				MARKETING_VERSION = 1.0;
				PRODUCT_BUNDLE_IDENTIFIER = "uikit.LionHeart-ArticleView";
				PRODUCT_NAME = "$(TARGET_NAME)";
				SWIFT_EMIT_LOC_STRINGS = YES;
				SWIFT_VERSION = 5.0;
				TARGETED_DEVICE_FAMILY = "1,2";
			};
			name = Debug;
		};
		C0E2208E2A49B46D00346E8C /* Release */ = {
			isa = XCBuildConfiguration;
			buildSettings = {
				ASSETCATALOG_COMPILER_APPICON_NAME = AppIcon;
				ASSETCATALOG_COMPILER_GLOBAL_ACCENT_COLOR_NAME = AccentColor;
				CODE_SIGN_STYLE = Automatic;
				CURRENT_PROJECT_VERSION = 1;
				DEVELOPMENT_TEAM = Z225784MRD;
				GENERATE_INFOPLIST_FILE = YES;
				INFOPLIST_FILE = LionHeart_ArticleView/Info.plist;
				INFOPLIST_KEY_UIApplicationSupportsIndirectInputEvents = YES;
				INFOPLIST_KEY_UILaunchStoryboardName = LaunchScreen;
				INFOPLIST_KEY_UISupportedInterfaceOrientations_iPad = "UIInterfaceOrientationPortrait UIInterfaceOrientationPortraitUpsideDown UIInterfaceOrientationLandscapeLeft UIInterfaceOrientationLandscapeRight";
				INFOPLIST_KEY_UISupportedInterfaceOrientations_iPhone = "UIInterfaceOrientationPortrait UIInterfaceOrientationLandscapeLeft UIInterfaceOrientationLandscapeRight";
				LD_RUNPATH_SEARCH_PATHS = (
					"$(inherited)",
					"@executable_path/Frameworks",
				);
				MARKETING_VERSION = 1.0;
				PRODUCT_BUNDLE_IDENTIFIER = "uikit.LionHeart-ArticleView";
				PRODUCT_NAME = "$(TARGET_NAME)";
				SWIFT_EMIT_LOC_STRINGS = YES;
				SWIFT_VERSION = 5.0;
				TARGETED_DEVICE_FAMILY = "1,2";
			};
			name = Release;
		};
/* End XCBuildConfiguration section */

/* Begin XCConfigurationList section */
		C0E220732A49B46D00346E8C /* Build configuration list for PBXProject "LionHeart_ArticleView" */ = {
			isa = XCConfigurationList;
			buildConfigurations = (
				C0E2208A2A49B46D00346E8C /* Debug */,
				C0E2208B2A49B46D00346E8C /* Release */,
			);
			defaultConfigurationIsVisible = 0;
			defaultConfigurationName = Release;
		};
		C0E2208C2A49B46D00346E8C /* Build configuration list for PBXNativeTarget "LionHeart_ArticleView" */ = {
			isa = XCConfigurationList;
			buildConfigurations = (
				C0E2208D2A49B46D00346E8C /* Debug */,
				C0E2208E2A49B46D00346E8C /* Release */,
			);
			defaultConfigurationIsVisible = 0;
			defaultConfigurationName = Release;
		};
/* End XCConfigurationList section */

/* Begin XCRemoteSwiftPackageReference section */
		C0E2208F2A49B49900346E8C /* XCRemoteSwiftPackageReference "SnapKit" */ = {
			isa = XCRemoteSwiftPackageReference;
			repositoryURL = "https://github.com/SnapKit/SnapKit";
			requirement = {
				kind = upToNextMajorVersion;
				minimumVersion = 5.0.0;
			};
		};
/* End XCRemoteSwiftPackageReference section */

/* Begin XCSwiftPackageProductDependency section */
		C0E220902A49B49900346E8C /* SnapKit */ = {
			isa = XCSwiftPackageProductDependency;
			package = C0E2208F2A49B49900346E8C /* XCRemoteSwiftPackageReference "SnapKit" */;
			productName = SnapKit;
		};
/* End XCSwiftPackageProductDependency section */
	};
	rootObject = C0E220702A49B46D00346E8C /* Project object */;
}
